// !$*UTF8*$!
{
	archiveVersion = 1;
	classes = {
	};
	objectVersion = 46;
	objects = {

/* Begin PBXBuildFile section */
		116FD6F71E974BDA00178709 /* DataTableViewCell.swift in Sources */ = {isa = PBXBuildFile; fileRef = 116FD6F51E974BDA00178709 /* DataTableViewCell.swift */; };
		116FD6F81E974BDA00178709 /* DataTableViewCell.swift in Sources */ = {isa = PBXBuildFile; fileRef = 116FD6F51E974BDA00178709 /* DataTableViewCell.swift */; };
		116FD6F91E974BDA00178709 /* DataTableViewCell.swift in Sources */ = {isa = PBXBuildFile; fileRef = 116FD6F51E974BDA00178709 /* DataTableViewCell.swift */; };
		116FD6FA1E974BDA00178709 /* DataTableViewCell.xib in Resources */ = {isa = PBXBuildFile; fileRef = 116FD6F61E974BDA00178709 /* DataTableViewCell.xib */; };
		116FD6FB1E974BDA00178709 /* DataTableViewCell.xib in Resources */ = {isa = PBXBuildFile; fileRef = 116FD6F61E974BDA00178709 /* DataTableViewCell.xib */; };
		116FD6FC1E974BDA00178709 /* DataTableViewCell.xib in Resources */ = {isa = PBXBuildFile; fileRef = 116FD6F61E974BDA00178709 /* DataTableViewCell.xib */; };
		1173C92C1E06EEC400C5DA16 /* MenuViewController.swift in Sources */ = {isa = PBXBuildFile; fileRef = 1173C92B1E06EEC400C5DA16 /* MenuViewController.swift */; };
		1173C92D1E06EEC400C5DA16 /* MenuViewController.swift in Sources */ = {isa = PBXBuildFile; fileRef = 1173C92B1E06EEC400C5DA16 /* MenuViewController.swift */; };
		1173C92E1E06EEC400C5DA16 /* MenuViewController.swift in Sources */ = {isa = PBXBuildFile; fileRef = 1173C92B1E06EEC400C5DA16 /* MenuViewController.swift */; };
		1173C9301E0705FF00C5DA16 /* QuartzCore.framework in Frameworks */ = {isa = PBXBuildFile; fileRef = 1173C92F1E0705FF00C5DA16 /* QuartzCore.framework */; };
		1173C9361E07359D00C5DA16 /* LoginViewController.swift in Sources */ = {isa = PBXBuildFile; fileRef = 1173C9351E07359D00C5DA16 /* LoginViewController.swift */; };
		1173C9371E07359D00C5DA16 /* LoginViewController.swift in Sources */ = {isa = PBXBuildFile; fileRef = 1173C9351E07359D00C5DA16 /* LoginViewController.swift */; };
		1173C9381E07359D00C5DA16 /* LoginViewController.swift in Sources */ = {isa = PBXBuildFile; fileRef = 1173C9351E07359D00C5DA16 /* LoginViewController.swift */; };
		11E5B8A71E9692020021ABB5 /* AccountViewController.swift in Sources */ = {isa = PBXBuildFile; fileRef = 11E5B8A61E9692020021ABB5 /* AccountViewController.swift */; };
		11E5B8A81E9692020021ABB5 /* AccountViewController.swift in Sources */ = {isa = PBXBuildFile; fileRef = 11E5B8A61E9692020021ABB5 /* AccountViewController.swift */; };
		11E5B8A91E9692020021ABB5 /* AccountViewController.swift in Sources */ = {isa = PBXBuildFile; fileRef = 11E5B8A61E9692020021ABB5 /* AccountViewController.swift */; };
		11E5B8AB1E9699520021ABB5 /* CommonViewController.swift in Sources */ = {isa = PBXBuildFile; fileRef = 11E5B8AA1E9699520021ABB5 /* CommonViewController.swift */; };
		11E5B8AC1E9699520021ABB5 /* CommonViewController.swift in Sources */ = {isa = PBXBuildFile; fileRef = 11E5B8AA1E9699520021ABB5 /* CommonViewController.swift */; };
		11E5B8AD1E9699520021ABB5 /* CommonViewController.swift in Sources */ = {isa = PBXBuildFile; fileRef = 11E5B8AA1E9699520021ABB5 /* CommonViewController.swift */; };
		5874E4221DEE6AF000E2D7AD /* CountryListViewController.swift in Sources */ = {isa = PBXBuildFile; fileRef = 5874E4211DEE6AF000E2D7AD /* CountryListViewController.swift */; };
		5874E4231DEE6AF000E2D7AD /* CountryListViewController.swift in Sources */ = {isa = PBXBuildFile; fileRef = 5874E4211DEE6AF000E2D7AD /* CountryListViewController.swift */; };
		5874E4241DEE6AF000E2D7AD /* CountryListViewController.swift in Sources */ = {isa = PBXBuildFile; fileRef = 5874E4211DEE6AF000E2D7AD /* CountryListViewController.swift */; };
		5874E4261DEF2BE000E2D7AD /* AVFoundation.framework in Frameworks */ = {isa = PBXBuildFile; fileRef = 5874E4251DEF2BE000E2D7AD /* AVFoundation.framework */; };
		8B1A0BA729C354730012B2A8 /* Constants.swift in Sources */ = {isa = PBXBuildFile; fileRef = 8B1A0BA629C354730012B2A8 /* Constants.swift */; };
		8B1A0BA829C354730012B2A8 /* Constants.swift in Sources */ = {isa = PBXBuildFile; fileRef = 8B1A0BA629C354730012B2A8 /* Constants.swift */; };
		8B1A0BA929C354730012B2A8 /* Constants.swift in Sources */ = {isa = PBXBuildFile; fileRef = 8B1A0BA629C354730012B2A8 /* Constants.swift */; };
		8B1A0BAB29C354B80012B2A8 /* GoogleService-Info.plist in Resources */ = {isa = PBXBuildFile; fileRef = 8B1A0BAA29C354B80012B2A8 /* GoogleService-Info.plist */; };
		8B1A0BAC29C354B80012B2A8 /* GoogleService-Info.plist in Resources */ = {isa = PBXBuildFile; fileRef = 8B1A0BAA29C354B80012B2A8 /* GoogleService-Info.plist */; };
		8B1A0BAD29C354B80012B2A8 /* GoogleService-Info.plist in Resources */ = {isa = PBXBuildFile; fileRef = 8B1A0BAA29C354B80012B2A8 /* GoogleService-Info.plist */; };
		8B3FA04224A7C9E400DF7665 /* MainView.swift in Sources */ = {isa = PBXBuildFile; fileRef = 8B3FA04124A7C9E400DF7665 /* MainView.swift */; };
		8B3FA04F24A7CCBF00DF7665 /* SceneDelegate.swift in Sources */ = {isa = PBXBuildFile; fileRef = 8B3FA04E24A7CCBF00DF7665 /* SceneDelegate.swift */; };
		8B95FB0029C35040003CD2AB /* MapViewController.swift in Sources */ = {isa = PBXBuildFile; fileRef = 8B95FAFF29C35040003CD2AB /* MapViewController.swift */; };
		8B95FB0129C35040003CD2AB /* MapViewController.swift in Sources */ = {isa = PBXBuildFile; fileRef = 8B95FAFF29C35040003CD2AB /* MapViewController.swift */; };
		8B95FB0229C35040003CD2AB /* MapViewController.swift in Sources */ = {isa = PBXBuildFile; fileRef = 8B95FAFF29C35040003CD2AB /* MapViewController.swift */; };
		8B95FB0529C35087003CD2AB /* GlobeViewController.swift in Sources */ = {isa = PBXBuildFile; fileRef = 8B95FB0429C35087003CD2AB /* GlobeViewController.swift */; };
		8B95FB0629C35087003CD2AB /* GlobeViewController.swift in Sources */ = {isa = PBXBuildFile; fileRef = 8B95FB0429C35087003CD2AB /* GlobeViewController.swift */; };
		8B95FB0729C35087003CD2AB /* GlobeViewController.swift in Sources */ = {isa = PBXBuildFile; fileRef = 8B95FB0429C35087003CD2AB /* GlobeViewController.swift */; };
		8B95FB1229C35119003CD2AB /* DBLyrics+CoreDataProperties.swift in Sources */ = {isa = PBXBuildFile; fileRef = 8B95FB0929C35119003CD2AB /* DBLyrics+CoreDataProperties.swift */; };
		8B95FB1329C35119003CD2AB /* DBLyrics+CoreDataProperties.swift in Sources */ = {isa = PBXBuildFile; fileRef = 8B95FB0929C35119003CD2AB /* DBLyrics+CoreDataProperties.swift */; };
		8B95FB1429C35119003CD2AB /* DBLyrics+CoreDataProperties.swift in Sources */ = {isa = PBXBuildFile; fileRef = 8B95FB0929C35119003CD2AB /* DBLyrics+CoreDataProperties.swift */; };
		8B95FB1529C35119003CD2AB /* DBCountry+CoreDataClass.swift in Sources */ = {isa = PBXBuildFile; fileRef = 8B95FB0A29C35119003CD2AB /* DBCountry+CoreDataClass.swift */; };
		8B95FB1629C35119003CD2AB /* DBCountry+CoreDataClass.swift in Sources */ = {isa = PBXBuildFile; fileRef = 8B95FB0A29C35119003CD2AB /* DBCountry+CoreDataClass.swift */; };
		8B95FB1729C35119003CD2AB /* DBCountry+CoreDataClass.swift in Sources */ = {isa = PBXBuildFile; fileRef = 8B95FB0A29C35119003CD2AB /* DBCountry+CoreDataClass.swift */; };
		8B95FB1829C35119003CD2AB /* DBLyrics+CoreDataClass.swift in Sources */ = {isa = PBXBuildFile; fileRef = 8B95FB0B29C35119003CD2AB /* DBLyrics+CoreDataClass.swift */; };
		8B95FB1929C35119003CD2AB /* DBLyrics+CoreDataClass.swift in Sources */ = {isa = PBXBuildFile; fileRef = 8B95FB0B29C35119003CD2AB /* DBLyrics+CoreDataClass.swift */; };
		8B95FB1A29C35119003CD2AB /* DBLyrics+CoreDataClass.swift in Sources */ = {isa = PBXBuildFile; fileRef = 8B95FB0B29C35119003CD2AB /* DBLyrics+CoreDataClass.swift */; };
		8B95FB1B29C35119003CD2AB /* DBAnthem+CoreDataClass.swift in Sources */ = {isa = PBXBuildFile; fileRef = 8B95FB0C29C35119003CD2AB /* DBAnthem+CoreDataClass.swift */; };
		8B95FB1C29C35119003CD2AB /* DBAnthem+CoreDataClass.swift in Sources */ = {isa = PBXBuildFile; fileRef = 8B95FB0C29C35119003CD2AB /* DBAnthem+CoreDataClass.swift */; };
		8B95FB1D29C35119003CD2AB /* DBAnthem+CoreDataClass.swift in Sources */ = {isa = PBXBuildFile; fileRef = 8B95FB0C29C35119003CD2AB /* DBAnthem+CoreDataClass.swift */; };
		8B95FB1E29C35119003CD2AB /* Flag Ceremony.xcdatamodeld in Sources */ = {isa = PBXBuildFile; fileRef = 8B95FB0D29C35119003CD2AB /* Flag Ceremony.xcdatamodeld */; };
		8B95FB1F29C35119003CD2AB /* Flag Ceremony.xcdatamodeld in Sources */ = {isa = PBXBuildFile; fileRef = 8B95FB0D29C35119003CD2AB /* Flag Ceremony.xcdatamodeld */; };
		8B95FB2029C35119003CD2AB /* Flag Ceremony.xcdatamodeld in Sources */ = {isa = PBXBuildFile; fileRef = 8B95FB0D29C35119003CD2AB /* Flag Ceremony.xcdatamodeld */; };
		8B95FB2129C35119003CD2AB /* DBCountry+CoreDataProperties.swift in Sources */ = {isa = PBXBuildFile; fileRef = 8B95FB1029C35119003CD2AB /* DBCountry+CoreDataProperties.swift */; };
		8B95FB2229C35119003CD2AB /* DBCountry+CoreDataProperties.swift in Sources */ = {isa = PBXBuildFile; fileRef = 8B95FB1029C35119003CD2AB /* DBCountry+CoreDataProperties.swift */; };
		8B95FB2329C35119003CD2AB /* DBCountry+CoreDataProperties.swift in Sources */ = {isa = PBXBuildFile; fileRef = 8B95FB1029C35119003CD2AB /* DBCountry+CoreDataProperties.swift */; };
		8B95FB2429C35119003CD2AB /* DBAnthem+CoreDataProperties.swift in Sources */ = {isa = PBXBuildFile; fileRef = 8B95FB1129C35119003CD2AB /* DBAnthem+CoreDataProperties.swift */; };
		8B95FB2529C35119003CD2AB /* DBAnthem+CoreDataProperties.swift in Sources */ = {isa = PBXBuildFile; fileRef = 8B95FB1129C35119003CD2AB /* DBAnthem+CoreDataProperties.swift */; };
		8B95FB2629C35119003CD2AB /* DBAnthem+CoreDataProperties.swift in Sources */ = {isa = PBXBuildFile; fileRef = 8B95FB1129C35119003CD2AB /* DBAnthem+CoreDataProperties.swift */; };
		8BF8E27F29C5850800929089 /* anthems.dict in Resources */ = {isa = PBXBuildFile; fileRef = 8BF8E27E29C5850800929089 /* anthems.dict */; };
		8C2370431DDD56FB00F30712 /* FirebaseTests.swift in Sources */ = {isa = PBXBuildFile; fileRef = 8C2370421DDD56FB00F30712 /* FirebaseTests.swift */; };
		8C4E97291D88ED50005A685B /* AppDelegate.swift in Sources */ = {isa = PBXBuildFile; fileRef = 8C4E97281D88ED50005A685B /* AppDelegate.swift */; };
		8C4E972E1D88ED50005A685B /* Main.storyboard in Resources */ = {isa = PBXBuildFile; fileRef = 8C4E972C1D88ED50005A685B /* Main.storyboard */; };
		8C4E97301D88ED50005A685B /* Assets.xcassets in Resources */ = {isa = PBXBuildFile; fileRef = 8C4E972F1D88ED50005A685B /* Assets.xcassets */; };
		8C4E97331D88ED50005A685B /* LaunchScreen.storyboard in Resources */ = {isa = PBXBuildFile; fileRef = 8C4E97311D88ED50005A685B /* LaunchScreen.storyboard */; };
		8C4E973E1D88ED51005A685B /* Flag_CeremonyTests.swift in Sources */ = {isa = PBXBuildFile; fileRef = 8C4E973D1D88ED51005A685B /* Flag_CeremonyTests.swift */; };
		8C4E97491D88ED51005A685B /* Flag_CeremonyUITests.swift in Sources */ = {isa = PBXBuildFile; fileRef = 8C4E97481D88ED51005A685B /* Flag_CeremonyUITests.swift */; };
		8CBBE75A1DDB0FC200557DE5 /* AudioPlayerTableViewCell.swift in Sources */ = {isa = PBXBuildFile; fileRef = 8CBBE7581DDB0FC200557DE5 /* AudioPlayerTableViewCell.swift */; };
		8CBBE75B1DDB0FC200557DE5 /* AudioPlayerTableViewCell.swift in Sources */ = {isa = PBXBuildFile; fileRef = 8CBBE7581DDB0FC200557DE5 /* AudioPlayerTableViewCell.swift */; };
		8CBBE75C1DDB0FC200557DE5 /* AudioPlayerTableViewCell.swift in Sources */ = {isa = PBXBuildFile; fileRef = 8CBBE7581DDB0FC200557DE5 /* AudioPlayerTableViewCell.swift */; };
		8CBBE75D1DDB0FC200557DE5 /* AudioPlayerTableViewCell.xib in Resources */ = {isa = PBXBuildFile; fileRef = 8CBBE7591DDB0FC200557DE5 /* AudioPlayerTableViewCell.xib */; };
		8CBBE75E1DDB0FC200557DE5 /* AudioPlayerTableViewCell.xib in Resources */ = {isa = PBXBuildFile; fileRef = 8CBBE7591DDB0FC200557DE5 /* AudioPlayerTableViewCell.xib */; };
		8CBBE75F1DDB0FC200557DE5 /* AudioPlayerTableViewCell.xib in Resources */ = {isa = PBXBuildFile; fileRef = 8CBBE7591DDB0FC200557DE5 /* AudioPlayerTableViewCell.xib */; };
		8CC265791DDABD0C001CDCF0 /* CountryViewController.swift in Sources */ = {isa = PBXBuildFile; fileRef = 8CC265781DDABD0C001CDCF0 /* CountryViewController.swift */; };
		8CC2657A1DDABD0C001CDCF0 /* CountryViewController.swift in Sources */ = {isa = PBXBuildFile; fileRef = 8CC265781DDABD0C001CDCF0 /* CountryViewController.swift */; };
		8CC2657B1DDABD0C001CDCF0 /* CountryViewController.swift in Sources */ = {isa = PBXBuildFile; fileRef = 8CC265781DDABD0C001CDCF0 /* CountryViewController.swift */; };
		8CE297BE1DE5EF1000B47CAA /* SliderTableViewCell.swift in Sources */ = {isa = PBXBuildFile; fileRef = 8CE297BC1DE5EF1000B47CAA /* SliderTableViewCell.swift */; };
		8CE297BF1DE5EF1000B47CAA /* SliderTableViewCell.swift in Sources */ = {isa = PBXBuildFile; fileRef = 8CE297BC1DE5EF1000B47CAA /* SliderTableViewCell.swift */; };
		8CE297C01DE5EF1000B47CAA /* SliderTableViewCell.swift in Sources */ = {isa = PBXBuildFile; fileRef = 8CE297BC1DE5EF1000B47CAA /* SliderTableViewCell.swift */; };
		8CE297C11DE5EF1000B47CAA /* SliderTableViewCell.xib in Resources */ = {isa = PBXBuildFile; fileRef = 8CE297BD1DE5EF1000B47CAA /* SliderTableViewCell.xib */; };
		8CE297C21DE5EF1000B47CAA /* SliderTableViewCell.xib in Resources */ = {isa = PBXBuildFile; fileRef = 8CE297BD1DE5EF1000B47CAA /* SliderTableViewCell.xib */; };
		8CE297C31DE5EF1000B47CAA /* SliderTableViewCell.xib in Resources */ = {isa = PBXBuildFile; fileRef = 8CE297BD1DE5EF1000B47CAA /* SliderTableViewCell.xib */; };
		8CE297C61DE5F17B00B47CAA /* SliderCollectionViewCell.swift in Sources */ = {isa = PBXBuildFile; fileRef = 8CE297C41DE5F17B00B47CAA /* SliderCollectionViewCell.swift */; };
		8CE297C71DE5F17B00B47CAA /* SliderCollectionViewCell.swift in Sources */ = {isa = PBXBuildFile; fileRef = 8CE297C41DE5F17B00B47CAA /* SliderCollectionViewCell.swift */; };
		8CE297C81DE5F17B00B47CAA /* SliderCollectionViewCell.swift in Sources */ = {isa = PBXBuildFile; fileRef = 8CE297C41DE5F17B00B47CAA /* SliderCollectionViewCell.swift */; };
		8CE297C91DE5F17B00B47CAA /* SliderCollectionViewCell.xib in Resources */ = {isa = PBXBuildFile; fileRef = 8CE297C51DE5F17B00B47CAA /* SliderCollectionViewCell.xib */; };
		8CE297CA1DE5F17B00B47CAA /* SliderCollectionViewCell.xib in Resources */ = {isa = PBXBuildFile; fileRef = 8CE297C51DE5F17B00B47CAA /* SliderCollectionViewCell.xib */; };
		8CE297CB1DE5F17B00B47CAA /* SliderCollectionViewCell.xib in Resources */ = {isa = PBXBuildFile; fileRef = 8CE297C51DE5F17B00B47CAA /* SliderCollectionViewCell.xib */; };
		8CEFB6431DDBF57100F34B4D /* ChartsViewController.swift in Sources */ = {isa = PBXBuildFile; fileRef = 8CEFB6421DDBF57100F34B4D /* ChartsViewController.swift */; };
		8CEFB6441DDBF57100F34B4D /* ChartsViewController.swift in Sources */ = {isa = PBXBuildFile; fileRef = 8CEFB6421DDBF57100F34B4D /* ChartsViewController.swift */; };
		8CEFB6451DDBF57100F34B4D /* ChartsViewController.swift in Sources */ = {isa = PBXBuildFile; fileRef = 8CEFB6421DDBF57100F34B4D /* ChartsViewController.swift */; };
/* End PBXBuildFile section */

/* Begin PBXContainerItemProxy section */
		8C4E973A1D88ED51005A685B /* PBXContainerItemProxy */ = {
			isa = PBXContainerItemProxy;
			containerPortal = 8C4E971D1D88ED50005A685B /* Project object */;
			proxyType = 1;
			remoteGlobalIDString = 8C4E97241D88ED50005A685B;
			remoteInfo = "Flag Ceremony";
		};
		8C4E97451D88ED51005A685B /* PBXContainerItemProxy */ = {
			isa = PBXContainerItemProxy;
			containerPortal = 8C4E971D1D88ED50005A685B /* Project object */;
			proxyType = 1;
			remoteGlobalIDString = 8C4E97241D88ED50005A685B;
			remoteInfo = "Flag Ceremony";
		};
/* End PBXContainerItemProxy section */

/* Begin PBXFileReference section */
		116FD6F51E974BDA00178709 /* DataTableViewCell.swift */ = {isa = PBXFileReference; fileEncoding = 4; lastKnownFileType = sourcecode.swift; path = DataTableViewCell.swift; sourceTree = "<group>"; };
		116FD6F61E974BDA00178709 /* DataTableViewCell.xib */ = {isa = PBXFileReference; fileEncoding = 4; lastKnownFileType = file.xib; path = DataTableViewCell.xib; sourceTree = "<group>"; };
		1173C92B1E06EEC400C5DA16 /* MenuViewController.swift */ = {isa = PBXFileReference; fileEncoding = 4; lastKnownFileType = sourcecode.swift; path = MenuViewController.swift; sourceTree = "<group>"; };
		1173C92F1E0705FF00C5DA16 /* QuartzCore.framework */ = {isa = PBXFileReference; lastKnownFileType = wrapper.framework; name = QuartzCore.framework; path = System/Library/Frameworks/QuartzCore.framework; sourceTree = SDKROOT; };
		1173C9351E07359D00C5DA16 /* LoginViewController.swift */ = {isa = PBXFileReference; fileEncoding = 4; lastKnownFileType = sourcecode.swift; path = LoginViewController.swift; sourceTree = "<group>"; };
		119AF47B1EACE13E0061C48F /* Flag Ceremony-Bridging-Header.h */ = {isa = PBXFileReference; lastKnownFileType = sourcecode.c.h; path = "Flag Ceremony-Bridging-Header.h"; sourceTree = "<group>"; };
		119AF47C1EACE13E0061C48F /* Flag CeremonyTests-Bridging-Header.h */ = {isa = PBXFileReference; lastKnownFileType = sourcecode.c.h; path = "Flag CeremonyTests-Bridging-Header.h"; sourceTree = "<group>"; };
		119AF47D1EACE13F0061C48F /* Flag CeremonyUITests-Bridging-Header.h */ = {isa = PBXFileReference; lastKnownFileType = sourcecode.c.h; path = "Flag CeremonyUITests-Bridging-Header.h"; sourceTree = "<group>"; };
		11B0CD0E2091CB1F001B06A7 /* libxml2.tbd */ = {isa = PBXFileReference; lastKnownFileType = "sourcecode.text-based-dylib-definition"; name = libxml2.tbd; path = usr/lib/libxml2.tbd; sourceTree = SDKROOT; };
		11E5B8A61E9692020021ABB5 /* AccountViewController.swift */ = {isa = PBXFileReference; fileEncoding = 4; lastKnownFileType = sourcecode.swift; path = AccountViewController.swift; sourceTree = "<group>"; };
		11E5B8AA1E9699520021ABB5 /* CommonViewController.swift */ = {isa = PBXFileReference; fileEncoding = 4; lastKnownFileType = sourcecode.swift; path = CommonViewController.swift; sourceTree = "<group>"; };
		5874E4211DEE6AF000E2D7AD /* CountryListViewController.swift */ = {isa = PBXFileReference; fileEncoding = 4; lastKnownFileType = sourcecode.swift; path = CountryListViewController.swift; sourceTree = "<group>"; };
		5874E4251DEF2BE000E2D7AD /* AVFoundation.framework */ = {isa = PBXFileReference; lastKnownFileType = wrapper.framework; name = AVFoundation.framework; path = System/Library/Frameworks/AVFoundation.framework; sourceTree = SDKROOT; };
		8B1A0BA629C354730012B2A8 /* Constants.swift */ = {isa = PBXFileReference; fileEncoding = 4; lastKnownFileType = sourcecode.swift; name = Constants.swift; path = ../../Shared/Constants.swift; sourceTree = "<group>"; };
		8B1A0BAA29C354B80012B2A8 /* GoogleService-Info.plist */ = {isa = PBXFileReference; fileEncoding = 4; lastKnownFileType = text.plist.xml; name = "GoogleService-Info.plist"; path = "../../GoogleService-Info.plist"; sourceTree = "<group>"; };
		8B3FA04124A7C9E400DF7665 /* MainView.swift */ = {isa = PBXFileReference; lastKnownFileType = sourcecode.swift; path = MainView.swift; sourceTree = "<group>"; };
		8B3FA04E24A7CCBF00DF7665 /* SceneDelegate.swift */ = {isa = PBXFileReference; lastKnownFileType = sourcecode.swift; path = SceneDelegate.swift; sourceTree = "<group>"; };
		8B95FAFF29C35040003CD2AB /* MapViewController.swift */ = {isa = PBXFileReference; fileEncoding = 4; lastKnownFileType = sourcecode.swift; path = MapViewController.swift; sourceTree = "<group>"; };
		8B95FB0429C35087003CD2AB /* GlobeViewController.swift */ = {isa = PBXFileReference; fileEncoding = 4; lastKnownFileType = sourcecode.swift; path = GlobeViewController.swift; sourceTree = "<group>"; };
		8B95FB0929C35119003CD2AB /* DBLyrics+CoreDataProperties.swift */ = {isa = PBXFileReference; fileEncoding = 4; lastKnownFileType = sourcecode.swift; path = "DBLyrics+CoreDataProperties.swift"; sourceTree = "<group>"; };
		8B95FB0A29C35119003CD2AB /* DBCountry+CoreDataClass.swift */ = {isa = PBXFileReference; fileEncoding = 4; lastKnownFileType = sourcecode.swift; path = "DBCountry+CoreDataClass.swift"; sourceTree = "<group>"; };
		8B95FB0B29C35119003CD2AB /* DBLyrics+CoreDataClass.swift */ = {isa = PBXFileReference; fileEncoding = 4; lastKnownFileType = sourcecode.swift; path = "DBLyrics+CoreDataClass.swift"; sourceTree = "<group>"; };
		8B95FB0C29C35119003CD2AB /* DBAnthem+CoreDataClass.swift */ = {isa = PBXFileReference; fileEncoding = 4; lastKnownFileType = sourcecode.swift; path = "DBAnthem+CoreDataClass.swift"; sourceTree = "<group>"; };
		8B95FB0E29C35119003CD2AB /* 11-18-2019.xcdatamodel */ = {isa = PBXFileReference; lastKnownFileType = wrapper.xcdatamodel; path = "11-18-2019.xcdatamodel"; sourceTree = "<group>"; };
		8B95FB0F29C35119003CD2AB /* Flag Ceremony.xcdatamodel */ = {isa = PBXFileReference; lastKnownFileType = wrapper.xcdatamodel; path = "Flag Ceremony.xcdatamodel"; sourceTree = "<group>"; };
		8B95FB1029C35119003CD2AB /* DBCountry+CoreDataProperties.swift */ = {isa = PBXFileReference; fileEncoding = 4; lastKnownFileType = sourcecode.swift; path = "DBCountry+CoreDataProperties.swift"; sourceTree = "<group>"; };
		8B95FB1129C35119003CD2AB /* DBAnthem+CoreDataProperties.swift */ = {isa = PBXFileReference; fileEncoding = 4; lastKnownFileType = sourcecode.swift; path = "DBAnthem+CoreDataProperties.swift"; sourceTree = "<group>"; };
		8BF8E27E29C5850800929089 /* anthems.dict */ = {isa = PBXFileReference; fileEncoding = 4; lastKnownFileType = text.plist.xml; path = anthems.dict; sourceTree = "<group>"; };
		8C2370421DDD56FB00F30712 /* FirebaseTests.swift */ = {isa = PBXFileReference; fileEncoding = 4; lastKnownFileType = sourcecode.swift; path = FirebaseTests.swift; sourceTree = "<group>"; };
		8C4E97251D88ED50005A685B /* Flag Ceremony.app */ = {isa = PBXFileReference; explicitFileType = wrapper.application; includeInIndex = 0; path = "Flag Ceremony.app"; sourceTree = BUILT_PRODUCTS_DIR; };
		8C4E97281D88ED50005A685B /* AppDelegate.swift */ = {isa = PBXFileReference; lastKnownFileType = sourcecode.swift; path = AppDelegate.swift; sourceTree = "<group>"; };
		8C4E972D1D88ED50005A685B /* Base */ = {isa = PBXFileReference; lastKnownFileType = file.storyboard; name = Base; path = Base.lproj/Main.storyboard; sourceTree = "<group>"; };
		8C4E972F1D88ED50005A685B /* Assets.xcassets */ = {isa = PBXFileReference; lastKnownFileType = folder.assetcatalog; path = Assets.xcassets; sourceTree = "<group>"; };
		8C4E97321D88ED50005A685B /* Base */ = {isa = PBXFileReference; lastKnownFileType = file.storyboard; name = Base; path = Base.lproj/LaunchScreen.storyboard; sourceTree = "<group>"; };
		8C4E97341D88ED50005A685B /* Info.plist */ = {isa = PBXFileReference; lastKnownFileType = text.plist.xml; path = Info.plist; sourceTree = "<group>"; };
		8C4E97391D88ED51005A685B /* Flag CeremonyTests.xctest */ = {isa = PBXFileReference; explicitFileType = wrapper.cfbundle; includeInIndex = 0; path = "Flag CeremonyTests.xctest"; sourceTree = BUILT_PRODUCTS_DIR; };
		8C4E973D1D88ED51005A685B /* Flag_CeremonyTests.swift */ = {isa = PBXFileReference; lastKnownFileType = sourcecode.swift; path = Flag_CeremonyTests.swift; sourceTree = "<group>"; };
		8C4E973F1D88ED51005A685B /* Info.plist */ = {isa = PBXFileReference; lastKnownFileType = text.plist.xml; path = Info.plist; sourceTree = "<group>"; };
		8C4E97441D88ED51005A685B /* Flag CeremonyUITests.xctest */ = {isa = PBXFileReference; explicitFileType = wrapper.cfbundle; includeInIndex = 0; path = "Flag CeremonyUITests.xctest"; sourceTree = BUILT_PRODUCTS_DIR; };
		8C4E97481D88ED51005A685B /* Flag_CeremonyUITests.swift */ = {isa = PBXFileReference; lastKnownFileType = sourcecode.swift; path = Flag_CeremonyUITests.swift; sourceTree = "<group>"; };
		8C4E974A1D88ED51005A685B /* Info.plist */ = {isa = PBXFileReference; lastKnownFileType = text.plist.xml; path = Info.plist; sourceTree = "<group>"; };
		8CBBE7581DDB0FC200557DE5 /* AudioPlayerTableViewCell.swift */ = {isa = PBXFileReference; fileEncoding = 4; lastKnownFileType = sourcecode.swift; path = AudioPlayerTableViewCell.swift; sourceTree = "<group>"; };
		8CBBE7591DDB0FC200557DE5 /* AudioPlayerTableViewCell.xib */ = {isa = PBXFileReference; fileEncoding = 4; lastKnownFileType = file.xib; path = AudioPlayerTableViewCell.xib; sourceTree = "<group>"; };
		8CC265781DDABD0C001CDCF0 /* CountryViewController.swift */ = {isa = PBXFileReference; fileEncoding = 4; lastKnownFileType = sourcecode.swift; path = CountryViewController.swift; sourceTree = "<group>"; };
		8CE297BC1DE5EF1000B47CAA /* SliderTableViewCell.swift */ = {isa = PBXFileReference; fileEncoding = 4; lastKnownFileType = sourcecode.swift; path = SliderTableViewCell.swift; sourceTree = "<group>"; };
		8CE297BD1DE5EF1000B47CAA /* SliderTableViewCell.xib */ = {isa = PBXFileReference; fileEncoding = 4; lastKnownFileType = file.xib; path = SliderTableViewCell.xib; sourceTree = "<group>"; };
		8CE297C41DE5F17B00B47CAA /* SliderCollectionViewCell.swift */ = {isa = PBXFileReference; fileEncoding = 4; lastKnownFileType = sourcecode.swift; path = SliderCollectionViewCell.swift; sourceTree = "<group>"; };
		8CE297C51DE5F17B00B47CAA /* SliderCollectionViewCell.xib */ = {isa = PBXFileReference; fileEncoding = 4; lastKnownFileType = file.xib; path = SliderCollectionViewCell.xib; sourceTree = "<group>"; };
		8CEFB6421DDBF57100F34B4D /* ChartsViewController.swift */ = {isa = PBXFileReference; fileEncoding = 4; lastKnownFileType = sourcecode.swift; path = ChartsViewController.swift; sourceTree = "<group>"; };
		8CEFB64A1DDC73E700F34B4D /* Flag Ceremony.entitlements */ = {isa = PBXFileReference; lastKnownFileType = text.plist.entitlements; path = "Flag Ceremony.entitlements"; sourceTree = "<group>"; };
/* End PBXFileReference section */

/* Begin PBXFrameworksBuildPhase section */
		8C4E97221D88ED50005A685B /* Frameworks */ = {
			isa = PBXFrameworksBuildPhase;
			buildActionMask = 2147483647;
			files = (
				1173C9301E0705FF00C5DA16 /* QuartzCore.framework in Frameworks */,
				5874E4261DEF2BE000E2D7AD /* AVFoundation.framework in Frameworks */,
			);
			runOnlyForDeploymentPostprocessing = 0;
		};
		8C4E97361D88ED51005A685B /* Frameworks */ = {
			isa = PBXFrameworksBuildPhase;
			buildActionMask = 2147483647;
			files = (
			);
			runOnlyForDeploymentPostprocessing = 0;
		};
		8C4E97411D88ED51005A685B /* Frameworks */ = {
			isa = PBXFrameworksBuildPhase;
			buildActionMask = 2147483647;
			files = (
			);
			runOnlyForDeploymentPostprocessing = 0;
		};
/* End PBXFrameworksBuildPhase section */

/* Begin PBXGroup section */
		18D2A2613D7A69848D481217 /* Frameworks */ = {
			isa = PBXGroup;
			children = (
				11B0CD0E2091CB1F001B06A7 /* libxml2.tbd */,
				1173C92F1E0705FF00C5DA16 /* QuartzCore.framework */,
				5874E4251DEF2BE000E2D7AD /* AVFoundation.framework */,
			);
			name = Frameworks;
			sourceTree = "<group>";
		};
		8B3FA04324A7CB3800DF7665 /* Menu */ = {
			isa = PBXGroup;
			children = (
				1173C92B1E06EEC400C5DA16 /* MenuViewController.swift */,
			);
			path = Menu;
			sourceTree = "<group>";
		};
		8B3FA04624A7CB8200DF7665 /* Charts */ = {
			isa = PBXGroup;
			children = (
				8CEFB6421DDBF57100F34B4D /* ChartsViewController.swift */,
			);
			path = Charts;
			sourceTree = "<group>";
		};
		8B3FA04824A7CBA700DF7665 /* Account */ = {
			isa = PBXGroup;
			children = (
				11E5B8A61E9692020021ABB5 /* AccountViewController.swift */,
			);
			path = Account;
			sourceTree = "<group>";
		};
		8B3FA04924A7CBC000DF7665 /* Login */ = {
			isa = PBXGroup;
			children = (
				1173C9351E07359D00C5DA16 /* LoginViewController.swift */,
			);
			path = Login;
			sourceTree = "<group>";
		};
		8B3FA04C24A7CC0400DF7665 /* Countries */ = {
			isa = PBXGroup;
			children = (
				5874E4211DEE6AF000E2D7AD /* CountryListViewController.swift */,
			);
			path = Countries;
			sourceTree = "<group>";
		};
		8B3FA04D24A7CC2300DF7665 /* Country */ = {
			isa = PBXGroup;
			children = (
				8CC265781DDABD0C001CDCF0 /* CountryViewController.swift */,
			);
			path = Country;
			sourceTree = "<group>";
		};
		8B95FAFE29C34FF6003CD2AB /* Map */ = {
			isa = PBXGroup;
			children = (
				8B95FAFF29C35040003CD2AB /* MapViewController.swift */,
			);
			path = Map;
			sourceTree = "<group>";
		};
		8B95FB0329C3505D003CD2AB /* Globe */ = {
			isa = PBXGroup;
			children = (
				8B95FB0429C35087003CD2AB /* GlobeViewController.swift */,
			);
			path = Globe;
			sourceTree = "<group>";
		};
		8B95FB0829C350B2003CD2AB /* Model */ = {
			isa = PBXGroup;
			children = (
				8B95FB0C29C35119003CD2AB /* DBAnthem+CoreDataClass.swift */,
				8B95FB1129C35119003CD2AB /* DBAnthem+CoreDataProperties.swift */,
				8B95FB0A29C35119003CD2AB /* DBCountry+CoreDataClass.swift */,
				8B95FB1029C35119003CD2AB /* DBCountry+CoreDataProperties.swift */,
				8B95FB0B29C35119003CD2AB /* DBLyrics+CoreDataClass.swift */,
				8B95FB0929C35119003CD2AB /* DBLyrics+CoreDataProperties.swift */,
				8B95FB0D29C35119003CD2AB /* Flag Ceremony.xcdatamodeld */,
			);
			path = Model;
			sourceTree = "<group>";
		};
		8BF8E27D29C5842000929089 /* data */ = {
			isa = PBXGroup;
			children = (
				8BF8E27E29C5850800929089 /* anthems.dict */,
			);
			path = data;
			sourceTree = "<group>";
		};
		8C4E971C1D88ED50005A685B = {
			isa = PBXGroup;
			children = (
				8C4E97271D88ED50005A685B /* Flag Ceremony */,
				8C4E973C1D88ED51005A685B /* Flag CeremonyTests */,
				8C4E97471D88ED51005A685B /* Flag CeremonyUITests */,
				8C4E97261D88ED50005A685B /* Products */,
				18D2A2613D7A69848D481217 /* Frameworks */,
			);
			sourceTree = "<group>";
		};
		8C4E97261D88ED50005A685B /* Products */ = {
			isa = PBXGroup;
			children = (
				8C4E97251D88ED50005A685B /* Flag Ceremony.app */,
				8C4E97391D88ED51005A685B /* Flag CeremonyTests.xctest */,
				8C4E97441D88ED51005A685B /* Flag CeremonyUITests.xctest */,
			);
			name = Products;
			sourceTree = "<group>";
		};
		8C4E97271D88ED50005A685B /* Flag Ceremony */ = {
			isa = PBXGroup;
			children = (
				8C4E972F1D88ED50005A685B /* Assets.xcassets */,
				8B1A0BA629C354730012B2A8 /* Constants.swift */,
				8C4E97281D88ED50005A685B /* AppDelegate.swift */,
				11E5B8AA1E9699520021ABB5 /* CommonViewController.swift */,
				8CEFB64A1DDC73E700F34B4D /* Flag Ceremony.entitlements */,
				119AF47B1EACE13E0061C48F /* Flag Ceremony-Bridging-Header.h */,
				119AF47C1EACE13E0061C48F /* Flag CeremonyTests-Bridging-Header.h */,
				119AF47D1EACE13F0061C48F /* Flag CeremonyUITests-Bridging-Header.h */,
				8B1A0BAA29C354B80012B2A8 /* GoogleService-Info.plist */,
				8C4E97341D88ED50005A685B /* Info.plist */,
				8B3FA04124A7C9E400DF7665 /* MainView.swift */,
				8B3FA04E24A7CCBF00DF7665 /* SceneDelegate.swift */,
				8BF8E27D29C5842000929089 /* data */,
				8B3FA04324A7CB3800DF7665 /* Menu */,
				8B3FA04624A7CB8200DF7665 /* Charts */,
				8B3FA04824A7CBA700DF7665 /* Account */,
				8B3FA04C24A7CC0400DF7665 /* Countries */,
				8B3FA04D24A7CC2300DF7665 /* Country */,
				8B95FB0329C3505D003CD2AB /* Globe */,
				8B3FA04924A7CBC000DF7665 /* Login */,
				8B95FAFE29C34FF6003CD2AB /* Map */,
				8B95FB0829C350B2003CD2AB /* Model */,
				8C4E97591D891518005A685B /* View */,
			);
			path = "Flag Ceremony";
			sourceTree = "<group>";
		};
		8C4E973C1D88ED51005A685B /* Flag CeremonyTests */ = {
			isa = PBXGroup;
			children = (
				8C2370421DDD56FB00F30712 /* FirebaseTests.swift */,
				8C4E973D1D88ED51005A685B /* Flag_CeremonyTests.swift */,
				8C4E973F1D88ED51005A685B /* Info.plist */,
			);
			path = "Flag CeremonyTests";
			sourceTree = "<group>";
		};
		8C4E97471D88ED51005A685B /* Flag CeremonyUITests */ = {
			isa = PBXGroup;
			children = (
				8C4E97481D88ED51005A685B /* Flag_CeremonyUITests.swift */,
				8C4E974A1D88ED51005A685B /* Info.plist */,
			);
			path = "Flag CeremonyUITests";
			sourceTree = "<group>";
		};
		8C4E97591D891518005A685B /* View */ = {
			isa = PBXGroup;
			children = (
				8CBBE7581DDB0FC200557DE5 /* AudioPlayerTableViewCell.swift */,
				8CBBE7591DDB0FC200557DE5 /* AudioPlayerTableViewCell.xib */,
				116FD6F51E974BDA00178709 /* DataTableViewCell.swift */,
				116FD6F61E974BDA00178709 /* DataTableViewCell.xib */,
				8C4E97311D88ED50005A685B /* LaunchScreen.storyboard */,
				8C4E972C1D88ED50005A685B /* Main.storyboard */,
				8CE297C41DE5F17B00B47CAA /* SliderCollectionViewCell.swift */,
				8CE297C51DE5F17B00B47CAA /* SliderCollectionViewCell.xib */,
				8CE297BC1DE5EF1000B47CAA /* SliderTableViewCell.swift */,
				8CE297BD1DE5EF1000B47CAA /* SliderTableViewCell.xib */,
			);
			name = View;
			sourceTree = "<group>";
		};
/* End PBXGroup section */

/* Begin PBXNativeTarget section */
		8C4E97241D88ED50005A685B /* Flag Ceremony */ = {
			isa = PBXNativeTarget;
			buildConfigurationList = 8C4E974D1D88ED51005A685B /* Build configuration list for PBXNativeTarget "Flag Ceremony" */;
			buildPhases = (
				8C4E97211D88ED50005A685B /* Sources */,
				8C4E97221D88ED50005A685B /* Frameworks */,
				8C4E97231D88ED50005A685B /* Resources */,
			);
			buildRules = (
			);
			dependencies = (
			);
			name = "Flag Ceremony";
			productName = "Flag Ceremony";
			productReference = 8C4E97251D88ED50005A685B /* Flag Ceremony.app */;
			productType = "com.apple.product-type.application";
		};
		8C4E97381D88ED51005A685B /* Flag CeremonyTests */ = {
			isa = PBXNativeTarget;
			buildConfigurationList = 8C4E97501D88ED51005A685B /* Build configuration list for PBXNativeTarget "Flag CeremonyTests" */;
			buildPhases = (
				8C4E97351D88ED51005A685B /* Sources */,
				8C4E97361D88ED51005A685B /* Frameworks */,
				8C4E97371D88ED51005A685B /* Resources */,
			);
			buildRules = (
			);
			dependencies = (
				8C4E973B1D88ED51005A685B /* PBXTargetDependency */,
			);
			name = "Flag CeremonyTests";
			productName = "Flag CeremonyTests";
			productReference = 8C4E97391D88ED51005A685B /* Flag CeremonyTests.xctest */;
			productType = "com.apple.product-type.bundle.unit-test";
		};
		8C4E97431D88ED51005A685B /* Flag CeremonyUITests */ = {
			isa = PBXNativeTarget;
			buildConfigurationList = 8C4E97531D88ED51005A685B /* Build configuration list for PBXNativeTarget "Flag CeremonyUITests" */;
			buildPhases = (
				8C4E97401D88ED51005A685B /* Sources */,
				8C4E97411D88ED51005A685B /* Frameworks */,
				8C4E97421D88ED51005A685B /* Resources */,
			);
			buildRules = (
			);
			dependencies = (
				8C4E97461D88ED51005A685B /* PBXTargetDependency */,
			);
			name = "Flag CeremonyUITests";
			productName = "Flag CeremonyUITests";
			productReference = 8C4E97441D88ED51005A685B /* Flag CeremonyUITests.xctest */;
			productType = "com.apple.product-type.bundle.ui-testing";
		};
/* End PBXNativeTarget section */

/* Begin PBXProject section */
		8C4E971D1D88ED50005A685B /* Project object */ = {
			isa = PBXProject;
			attributes = {
				LastSwiftUpdateCheck = 0730;
				LastUpgradeCheck = 1100;
				ORGANIZATIONNAME = "Jovit Royeca";
				TargetAttributes = {
					8C4E97241D88ED50005A685B = {
						CreatedOnToolsVersion = 7.3;
						LastSwiftMigration = 0830;
						ProvisioningStyle = Automatic;
						SystemCapabilities = {
							com.apple.Keychain = {
								enabled = 1;
							};
						};
					};
					8C4E97381D88ED51005A685B = {
						CreatedOnToolsVersion = 7.3;
						LastSwiftMigration = 0830;
						ProvisioningStyle = Automatic;
						TestTargetID = 8C4E97241D88ED50005A685B;
					};
					8C4E97431D88ED51005A685B = {
						CreatedOnToolsVersion = 7.3;
						LastSwiftMigration = 0830;
						ProvisioningStyle = Automatic;
						TestTargetID = 8C4E97241D88ED50005A685B;
					};
				};
			};
			buildConfigurationList = 8C4E97201D88ED50005A685B /* Build configuration list for PBXProject "Flag Ceremony" */;
			compatibilityVersion = "Xcode 3.2";
			developmentRegion = en;
			hasScannedForEncodings = 0;
			knownRegions = (
				en,
				Base,
			);
			mainGroup = 8C4E971C1D88ED50005A685B;
			productRefGroup = 8C4E97261D88ED50005A685B /* Products */;
			projectDirPath = "";
			projectRoot = "";
			targets = (
				8C4E97241D88ED50005A685B /* Flag Ceremony */,
				8C4E97381D88ED51005A685B /* Flag CeremonyTests */,
				8C4E97431D88ED51005A685B /* Flag CeremonyUITests */,
			);
		};
/* End PBXProject section */

/* Begin PBXResourcesBuildPhase section */
		8C4E97231D88ED50005A685B /* Resources */ = {
			isa = PBXResourcesBuildPhase;
			buildActionMask = 2147483647;
			files = (
				8C4E97331D88ED50005A685B /* LaunchScreen.storyboard in Resources */,
				8B1A0BAB29C354B80012B2A8 /* GoogleService-Info.plist in Resources */,
				116FD6FA1E974BDA00178709 /* DataTableViewCell.xib in Resources */,
				8BF8E27F29C5850800929089 /* anthems.dict in Resources */,
				8C4E97301D88ED50005A685B /* Assets.xcassets in Resources */,
				8CBBE75D1DDB0FC200557DE5 /* AudioPlayerTableViewCell.xib in Resources */,
				8C4E972E1D88ED50005A685B /* Main.storyboard in Resources */,
				8CE297C11DE5EF1000B47CAA /* SliderTableViewCell.xib in Resources */,
				8CE297C91DE5F17B00B47CAA /* SliderCollectionViewCell.xib in Resources */,
			);
			runOnlyForDeploymentPostprocessing = 0;
		};
		8C4E97371D88ED51005A685B /* Resources */ = {
			isa = PBXResourcesBuildPhase;
			buildActionMask = 2147483647;
			files = (
				116FD6FB1E974BDA00178709 /* DataTableViewCell.xib in Resources */,
				8CBBE75E1DDB0FC200557DE5 /* AudioPlayerTableViewCell.xib in Resources */,
				8B1A0BAC29C354B80012B2A8 /* GoogleService-Info.plist in Resources */,
				8CE297C21DE5EF1000B47CAA /* SliderTableViewCell.xib in Resources */,
				8CE297CA1DE5F17B00B47CAA /* SliderCollectionViewCell.xib in Resources */,
			);
			runOnlyForDeploymentPostprocessing = 0;
		};
		8C4E97421D88ED51005A685B /* Resources */ = {
			isa = PBXResourcesBuildPhase;
			buildActionMask = 2147483647;
			files = (
				116FD6FC1E974BDA00178709 /* DataTableViewCell.xib in Resources */,
				8CBBE75F1DDB0FC200557DE5 /* AudioPlayerTableViewCell.xib in Resources */,
				8B1A0BAD29C354B80012B2A8 /* GoogleService-Info.plist in Resources */,
				8CE297C31DE5EF1000B47CAA /* SliderTableViewCell.xib in Resources */,
				8CE297CB1DE5F17B00B47CAA /* SliderCollectionViewCell.xib in Resources */,
			);
			runOnlyForDeploymentPostprocessing = 0;
		};
/* End PBXResourcesBuildPhase section */

/* Begin PBXSourcesBuildPhase section */
		8C4E97211D88ED50005A685B /* Sources */ = {
			isa = PBXSourcesBuildPhase;
			buildActionMask = 2147483647;
			files = (
				8CBBE75A1DDB0FC200557DE5 /* AudioPlayerTableViewCell.swift in Sources */,
				1173C9361E07359D00C5DA16 /* LoginViewController.swift in Sources */,
				8CE297C61DE5F17B00B47CAA /* SliderCollectionViewCell.swift in Sources */,
				11E5B8A71E9692020021ABB5 /* AccountViewController.swift in Sources */,
				8CEFB6431DDBF57100F34B4D /* ChartsViewController.swift in Sources */,
				8B95FB2129C35119003CD2AB /* DBCountry+CoreDataProperties.swift in Sources */,
				8B1A0BA729C354730012B2A8 /* Constants.swift in Sources */,
				5874E4221DEE6AF000E2D7AD /* CountryListViewController.swift in Sources */,
				8B95FB1529C35119003CD2AB /* DBCountry+CoreDataClass.swift in Sources */,
				8B95FB0029C35040003CD2AB /* MapViewController.swift in Sources */,
				8B95FB1829C35119003CD2AB /* DBLyrics+CoreDataClass.swift in Sources */,
				8B95FB1B29C35119003CD2AB /* DBAnthem+CoreDataClass.swift in Sources */,
				8CE297BE1DE5EF1000B47CAA /* SliderTableViewCell.swift in Sources */,
				8C4E97291D88ED50005A685B /* AppDelegate.swift in Sources */,
				1173C92C1E06EEC400C5DA16 /* MenuViewController.swift in Sources */,
				8B95FB1E29C35119003CD2AB /* Flag Ceremony.xcdatamodeld in Sources */,
				8B95FB2429C35119003CD2AB /* DBAnthem+CoreDataProperties.swift in Sources */,
				8B95FB0529C35087003CD2AB /* GlobeViewController.swift in Sources */,
				8B3FA04F24A7CCBF00DF7665 /* SceneDelegate.swift in Sources */,
				11E5B8AB1E9699520021ABB5 /* CommonViewController.swift in Sources */,
				116FD6F71E974BDA00178709 /* DataTableViewCell.swift in Sources */,
				8B95FB1229C35119003CD2AB /* DBLyrics+CoreDataProperties.swift in Sources */,
				8B3FA04224A7C9E400DF7665 /* MainView.swift in Sources */,
				8CC265791DDABD0C001CDCF0 /* CountryViewController.swift in Sources */,
			);
			runOnlyForDeploymentPostprocessing = 0;
		};
		8C4E97351D88ED51005A685B /* Sources */ = {
			isa = PBXSourcesBuildPhase;
			buildActionMask = 2147483647;
			files = (
				8B95FB0129C35040003CD2AB /* MapViewController.swift in Sources */,
				8B95FB0629C35087003CD2AB /* GlobeViewController.swift in Sources */,
				8CBBE75B1DDB0FC200557DE5 /* AudioPlayerTableViewCell.swift in Sources */,
				8B95FB1929C35119003CD2AB /* DBLyrics+CoreDataClass.swift in Sources */,
				1173C9371E07359D00C5DA16 /* LoginViewController.swift in Sources */,
				11E5B8A81E9692020021ABB5 /* AccountViewController.swift in Sources */,
				8B1A0BA829C354730012B2A8 /* Constants.swift in Sources */,
				8CE297C71DE5F17B00B47CAA /* SliderCollectionViewCell.swift in Sources */,
				8CEFB6441DDBF57100F34B4D /* ChartsViewController.swift in Sources */,
				5874E4231DEE6AF000E2D7AD /* CountryListViewController.swift in Sources */,
				8C2370431DDD56FB00F30712 /* FirebaseTests.swift in Sources */,
				8B95FB1329C35119003CD2AB /* DBLyrics+CoreDataProperties.swift in Sources */,
				8B95FB2529C35119003CD2AB /* DBAnthem+CoreDataProperties.swift in Sources */,
				8B95FB1629C35119003CD2AB /* DBCountry+CoreDataClass.swift in Sources */,
				8C4E973E1D88ED51005A685B /* Flag_CeremonyTests.swift in Sources */,
				8CE297BF1DE5EF1000B47CAA /* SliderTableViewCell.swift in Sources */,
				8B95FB1C29C35119003CD2AB /* DBAnthem+CoreDataClass.swift in Sources */,
				1173C92D1E06EEC400C5DA16 /* MenuViewController.swift in Sources */,
				8B95FB1F29C35119003CD2AB /* Flag Ceremony.xcdatamodeld in Sources */,
				11E5B8AC1E9699520021ABB5 /* CommonViewController.swift in Sources */,
				116FD6F81E974BDA00178709 /* DataTableViewCell.swift in Sources */,
				8B95FB2229C35119003CD2AB /* DBCountry+CoreDataProperties.swift in Sources */,
				8CC2657A1DDABD0C001CDCF0 /* CountryViewController.swift in Sources */,
			);
			runOnlyForDeploymentPostprocessing = 0;
		};
		8C4E97401D88ED51005A685B /* Sources */ = {
			isa = PBXSourcesBuildPhase;
			buildActionMask = 2147483647;
			files = (
				8B95FB0229C35040003CD2AB /* MapViewController.swift in Sources */,
				8B95FB0729C35087003CD2AB /* GlobeViewController.swift in Sources */,
				8CE297C81DE5F17B00B47CAA /* SliderCollectionViewCell.swift in Sources */,
				8B95FB1A29C35119003CD2AB /* DBLyrics+CoreDataClass.swift in Sources */,
				1173C9381E07359D00C5DA16 /* LoginViewController.swift in Sources */,
				8CBBE75C1DDB0FC200557DE5 /* AudioPlayerTableViewCell.swift in Sources */,
				8B1A0BA929C354730012B2A8 /* Constants.swift in Sources */,
				11E5B8A91E9692020021ABB5 /* AccountViewController.swift in Sources */,
				8CE297C01DE5EF1000B47CAA /* SliderTableViewCell.swift in Sources */,
				5874E4241DEE6AF000E2D7AD /* CountryListViewController.swift in Sources */,
				8CEFB6451DDBF57100F34B4D /* ChartsViewController.swift in Sources */,
				8B95FB1429C35119003CD2AB /* DBLyrics+CoreDataProperties.swift in Sources */,
				8B95FB2629C35119003CD2AB /* DBAnthem+CoreDataProperties.swift in Sources */,
				8B95FB1729C35119003CD2AB /* DBCountry+CoreDataClass.swift in Sources */,
				8C4E97491D88ED51005A685B /* Flag_CeremonyUITests.swift in Sources */,
				1173C92E1E06EEC400C5DA16 /* MenuViewController.swift in Sources */,
				8B95FB1D29C35119003CD2AB /* DBAnthem+CoreDataClass.swift in Sources */,
				11E5B8AD1E9699520021ABB5 /* CommonViewController.swift in Sources */,
				8B95FB2029C35119003CD2AB /* Flag Ceremony.xcdatamodeld in Sources */,
				116FD6F91E974BDA00178709 /* DataTableViewCell.swift in Sources */,
				8CC2657B1DDABD0C001CDCF0 /* CountryViewController.swift in Sources */,
				8B95FB2329C35119003CD2AB /* DBCountry+CoreDataProperties.swift in Sources */,
			);
			runOnlyForDeploymentPostprocessing = 0;
		};
/* End PBXSourcesBuildPhase section */

/* Begin PBXTargetDependency section */
		8C4E973B1D88ED51005A685B /* PBXTargetDependency */ = {
			isa = PBXTargetDependency;
			target = 8C4E97241D88ED50005A685B /* Flag Ceremony */;
			targetProxy = 8C4E973A1D88ED51005A685B /* PBXContainerItemProxy */;
		};
		8C4E97461D88ED51005A685B /* PBXTargetDependency */ = {
			isa = PBXTargetDependency;
			target = 8C4E97241D88ED50005A685B /* Flag Ceremony */;
			targetProxy = 8C4E97451D88ED51005A685B /* PBXContainerItemProxy */;
		};
/* End PBXTargetDependency section */

/* Begin PBXVariantGroup section */
		8C4E972C1D88ED50005A685B /* Main.storyboard */ = {
			isa = PBXVariantGroup;
			children = (
				8C4E972D1D88ED50005A685B /* Base */,
			);
			name = Main.storyboard;
			sourceTree = "<group>";
		};
		8C4E97311D88ED50005A685B /* LaunchScreen.storyboard */ = {
			isa = PBXVariantGroup;
			children = (
				8C4E97321D88ED50005A685B /* Base */,
			);
			name = LaunchScreen.storyboard;
			sourceTree = "<group>";
		};
/* End PBXVariantGroup section */

/* Begin XCBuildConfiguration section */
		8C4E974B1D88ED51005A685B /* Debug */ = {
			isa = XCBuildConfiguration;
			buildSettings = {
				ALWAYS_SEARCH_USER_PATHS = NO;
				CLANG_ANALYZER_LOCALIZABILITY_NONLOCALIZED = YES;
				CLANG_ANALYZER_NONNULL = YES;
				CLANG_CXX_LANGUAGE_STANDARD = "gnu++0x";
				CLANG_CXX_LIBRARY = "libc++";
				CLANG_ENABLE_MODULES = YES;
				CLANG_ENABLE_OBJC_ARC = YES;
				CLANG_WARN_BLOCK_CAPTURE_AUTORELEASING = YES;
				CLANG_WARN_BOOL_CONVERSION = YES;
				CLANG_WARN_COMMA = YES;
				CLANG_WARN_CONSTANT_CONVERSION = YES;
				CLANG_WARN_DEPRECATED_OBJC_IMPLEMENTATIONS = YES;
				CLANG_WARN_DIRECT_OBJC_ISA_USAGE = YES_ERROR;
				CLANG_WARN_EMPTY_BODY = YES;
				CLANG_WARN_ENUM_CONVERSION = YES;
				CLANG_WARN_INFINITE_RECURSION = YES;
				CLANG_WARN_INT_CONVERSION = YES;
				CLANG_WARN_NON_LITERAL_NULL_CONVERSION = YES;
				CLANG_WARN_OBJC_IMPLICIT_RETAIN_SELF = YES;
				CLANG_WARN_OBJC_LITERAL_CONVERSION = YES;
				CLANG_WARN_OBJC_ROOT_CLASS = YES_ERROR;
				CLANG_WARN_RANGE_LOOP_ANALYSIS = YES;
				CLANG_WARN_STRICT_PROTOTYPES = YES;
				CLANG_WARN_SUSPICIOUS_MOVE = YES;
				CLANG_WARN_UNREACHABLE_CODE = YES;
				CLANG_WARN__DUPLICATE_METHOD_MATCH = YES;
				CODE_SIGN_IDENTITY = "iPhone Developer";
				"CODE_SIGN_IDENTITY[sdk=iphoneos*]" = "iPhone Developer";
				COPY_PHASE_STRIP = NO;
				DEBUG_INFORMATION_FORMAT = dwarf;
				DEVELOPMENT_TEAM = 43CD66539H;
				ENABLE_STRICT_OBJC_MSGSEND = YES;
				ENABLE_TESTABILITY = YES;
				GCC_C_LANGUAGE_STANDARD = gnu99;
				GCC_DYNAMIC_NO_PIC = NO;
				GCC_NO_COMMON_BLOCKS = YES;
				GCC_OPTIMIZATION_LEVEL = 0;
				GCC_PREPROCESSOR_DEFINITIONS = (
					"DEBUG=1",
					"$(inherited)",
				);
				GCC_WARN_64_TO_32_BIT_CONVERSION = YES;
				GCC_WARN_ABOUT_RETURN_TYPE = YES_ERROR;
				GCC_WARN_UNDECLARED_SELECTOR = YES;
				GCC_WARN_UNINITIALIZED_AUTOS = YES_AGGRESSIVE;
				GCC_WARN_UNUSED_FUNCTION = YES;
				GCC_WARN_UNUSED_VARIABLE = YES;
				IPHONEOS_DEPLOYMENT_TARGET = 13.0;
				MTL_ENABLE_DEBUG_INFO = YES;
				ONLY_ACTIVE_ARCH = YES;
				SDKROOT = iphoneos;
				SWIFT_OPTIMIZATION_LEVEL = "-Onone";
				SWIFT_VERSION = 5.0;
				TARGETED_DEVICE_FAMILY = "1,2";
			};
			name = Debug;
		};
		8C4E974C1D88ED51005A685B /* Release */ = {
			isa = XCBuildConfiguration;
			buildSettings = {
				ALWAYS_SEARCH_USER_PATHS = NO;
				CLANG_ANALYZER_LOCALIZABILITY_NONLOCALIZED = YES;
				CLANG_ANALYZER_NONNULL = YES;
				CLANG_CXX_LANGUAGE_STANDARD = "gnu++0x";
				CLANG_CXX_LIBRARY = "libc++";
				CLANG_ENABLE_MODULES = YES;
				CLANG_ENABLE_OBJC_ARC = YES;
				CLANG_WARN_BLOCK_CAPTURE_AUTORELEASING = YES;
				CLANG_WARN_BOOL_CONVERSION = YES;
				CLANG_WARN_COMMA = YES;
				CLANG_WARN_CONSTANT_CONVERSION = YES;
				CLANG_WARN_DEPRECATED_OBJC_IMPLEMENTATIONS = YES;
				CLANG_WARN_DIRECT_OBJC_ISA_USAGE = YES_ERROR;
				CLANG_WARN_EMPTY_BODY = YES;
				CLANG_WARN_ENUM_CONVERSION = YES;
				CLANG_WARN_INFINITE_RECURSION = YES;
				CLANG_WARN_INT_CONVERSION = YES;
				CLANG_WARN_NON_LITERAL_NULL_CONVERSION = YES;
				CLANG_WARN_OBJC_IMPLICIT_RETAIN_SELF = YES;
				CLANG_WARN_OBJC_LITERAL_CONVERSION = YES;
				CLANG_WARN_OBJC_ROOT_CLASS = YES_ERROR;
				CLANG_WARN_RANGE_LOOP_ANALYSIS = YES;
				CLANG_WARN_STRICT_PROTOTYPES = YES;
				CLANG_WARN_SUSPICIOUS_MOVE = YES;
				CLANG_WARN_UNREACHABLE_CODE = YES;
				CLANG_WARN__DUPLICATE_METHOD_MATCH = YES;
				CODE_SIGN_IDENTITY = "iPhone Developer";
				"CODE_SIGN_IDENTITY[sdk=iphoneos*]" = "iPhone Distribution";
				COPY_PHASE_STRIP = NO;
				DEBUG_INFORMATION_FORMAT = "dwarf-with-dsym";
				DEVELOPMENT_TEAM = 43CD66539H;
				ENABLE_NS_ASSERTIONS = NO;
				ENABLE_STRICT_OBJC_MSGSEND = YES;
				GCC_C_LANGUAGE_STANDARD = gnu99;
				GCC_NO_COMMON_BLOCKS = YES;
				GCC_WARN_64_TO_32_BIT_CONVERSION = YES;
				GCC_WARN_ABOUT_RETURN_TYPE = YES_ERROR;
				GCC_WARN_UNDECLARED_SELECTOR = YES;
				GCC_WARN_UNINITIALIZED_AUTOS = YES_AGGRESSIVE;
				GCC_WARN_UNUSED_FUNCTION = YES;
				GCC_WARN_UNUSED_VARIABLE = YES;
				IPHONEOS_DEPLOYMENT_TARGET = 13.0;
				MTL_ENABLE_DEBUG_INFO = NO;
				SDKROOT = iphoneos;
				SWIFT_OPTIMIZATION_LEVEL = "-Owholemodule";
				SWIFT_VERSION = 5.0;
				TARGETED_DEVICE_FAMILY = "1,2";
				VALIDATE_PRODUCT = YES;
			};
			name = Release;
		};
		8C4E974E1D88ED51005A685B /* Debug */ = {
			isa = XCBuildConfiguration;
			buildSettings = {
				ASSETCATALOG_COMPILER_APPICON_NAME = AppIcon;
				CLANG_ENABLE_MODULES = YES;
				CODE_SIGN_ENTITLEMENTS = "Flag Ceremony/Flag Ceremony.entitlements";
				CODE_SIGN_IDENTITY = "iPhone Developer";
				"CODE_SIGN_IDENTITY[sdk=iphoneos*]" = "iPhone Developer";
				DEVELOPMENT_TEAM = "";
				INFOPLIST_FILE = "Flag Ceremony/Info.plist";
				IPHONEOS_DEPLOYMENT_TARGET = 13.0;
				LD_RUNPATH_SEARCH_PATHS = "$(inherited) @executable_path/Frameworks";
				PRODUCT_BUNDLE_IDENTIFIER = "com.jovitoroyeca.Flag-Ceremony";
				PRODUCT_NAME = "$(TARGET_NAME)";
				PROVISIONING_PROFILE = "";
				PROVISIONING_PROFILE_SPECIFIER = "";
				SWIFT_ACTIVE_COMPILATION_CONDITIONS = SHOW_COUNTRY_4_SCREENSHOT;
				SWIFT_OBJC_BRIDGING_HEADER = "Flag Ceremony/Flag Ceremony-Bridging-Header.h";
				SWIFT_OPTIMIZATION_LEVEL = "-Onone";
				SWIFT_VERSION = 5.0;
			};
			name = Debug;
		};
		8C4E974F1D88ED51005A685B /* Release */ = {
			isa = XCBuildConfiguration;
			buildSettings = {
				ASSETCATALOG_COMPILER_APPICON_NAME = AppIcon;
				CLANG_ENABLE_MODULES = YES;
				CODE_SIGN_ENTITLEMENTS = "Flag Ceremony/Flag Ceremony.entitlements";
				CODE_SIGN_IDENTITY = "iPhone Developer";
				"CODE_SIGN_IDENTITY[sdk=iphoneos*]" = "iPhone Developer";
				DEVELOPMENT_TEAM = "";
				INFOPLIST_FILE = "Flag Ceremony/Info.plist";
				IPHONEOS_DEPLOYMENT_TARGET = 13.0;
				LD_RUNPATH_SEARCH_PATHS = "$(inherited) @executable_path/Frameworks";
				PRODUCT_BUNDLE_IDENTIFIER = "com.jovitoroyeca.Flag-Ceremony";
				PRODUCT_NAME = "$(TARGET_NAME)";
				PROVISIONING_PROFILE = "";
				PROVISIONING_PROFILE_SPECIFIER = "";
				SWIFT_ACTIVE_COMPILATION_CONDITIONS = "";
				SWIFT_OBJC_BRIDGING_HEADER = "Flag Ceremony/Flag Ceremony-Bridging-Header.h";
				SWIFT_VERSION = 5.0;
			};
			name = Release;
		};
		8C4E97511D88ED51005A685B /* Debug */ = {
			isa = XCBuildConfiguration;
			buildSettings = {
				BUNDLE_LOADER = "$(TEST_HOST)";
				CLANG_ENABLE_MODULES = YES;
				"CODE_SIGN_IDENTITY[sdk=iphoneos*]" = "iPhone Developer";
				DEVELOPMENT_TEAM = "";
				INFOPLIST_FILE = "Flag CeremonyTests/Info.plist";
				LD_RUNPATH_SEARCH_PATHS = "$(inherited) @executable_path/Frameworks @loader_path/Frameworks";
				PRODUCT_BUNDLE_IDENTIFIER = "com.jovitoroyeca.Flag-CeremonyTests";
				PRODUCT_NAME = "$(TARGET_NAME)";
				SWIFT_OBJC_BRIDGING_HEADER = "Flag Ceremony/Flag CeremonyTests-Bridging-Header.h";
				SWIFT_OPTIMIZATION_LEVEL = "-Onone";
				SWIFT_VERSION = 5.0;
				TEST_HOST = "$(BUILT_PRODUCTS_DIR)/Flag Ceremony.app/Flag Ceremony";
			};
			name = Debug;
		};
		8C4E97521D88ED51005A685B /* Release */ = {
			isa = XCBuildConfiguration;
			buildSettings = {
				BUNDLE_LOADER = "$(TEST_HOST)";
				CLANG_ENABLE_MODULES = YES;
				"CODE_SIGN_IDENTITY[sdk=iphoneos*]" = "iPhone Developer";
				DEVELOPMENT_TEAM = "";
				INFOPLIST_FILE = "Flag CeremonyTests/Info.plist";
				LD_RUNPATH_SEARCH_PATHS = "$(inherited) @executable_path/Frameworks @loader_path/Frameworks";
				PRODUCT_BUNDLE_IDENTIFIER = "com.jovitoroyeca.Flag-CeremonyTests";
				PRODUCT_NAME = "$(TARGET_NAME)";
				SWIFT_OBJC_BRIDGING_HEADER = "Flag Ceremony/Flag CeremonyTests-Bridging-Header.h";
				SWIFT_VERSION = 5.0;
				TEST_HOST = "$(BUILT_PRODUCTS_DIR)/Flag Ceremony.app/Flag Ceremony";
			};
			name = Release;
		};
		8C4E97541D88ED51005A685B /* Debug */ = {
			isa = XCBuildConfiguration;
			buildSettings = {
				CLANG_ENABLE_MODULES = YES;
				"CODE_SIGN_IDENTITY[sdk=iphoneos*]" = "iPhone Developer";
				DEVELOPMENT_TEAM = "";
				INFOPLIST_FILE = "Flag CeremonyUITests/Info.plist";
				LD_RUNPATH_SEARCH_PATHS = "$(inherited) @executable_path/Frameworks @loader_path/Frameworks";
				PRODUCT_BUNDLE_IDENTIFIER = "com.jovitoroyeca.Flag-CeremonyUITests";
				PRODUCT_NAME = "$(TARGET_NAME)";
				SWIFT_OBJC_BRIDGING_HEADER = "Flag Ceremony/Flag CeremonyUITests-Bridging-Header.h";
				SWIFT_OPTIMIZATION_LEVEL = "-Onone";
				SWIFT_VERSION = 5.0;
				TEST_TARGET_NAME = "Flag Ceremony";
			};
			name = Debug;
		};
		8C4E97551D88ED51005A685B /* Release */ = {
			isa = XCBuildConfiguration;
			buildSettings = {
				CLANG_ENABLE_MODULES = YES;
				"CODE_SIGN_IDENTITY[sdk=iphoneos*]" = "iPhone Developer";
				DEVELOPMENT_TEAM = "";
				INFOPLIST_FILE = "Flag CeremonyUITests/Info.plist";
				LD_RUNPATH_SEARCH_PATHS = "$(inherited) @executable_path/Frameworks @loader_path/Frameworks";
				PRODUCT_BUNDLE_IDENTIFIER = "com.jovitoroyeca.Flag-CeremonyUITests";
				PRODUCT_NAME = "$(TARGET_NAME)";
				SWIFT_OBJC_BRIDGING_HEADER = "Flag Ceremony/Flag CeremonyUITests-Bridging-Header.h";
				SWIFT_VERSION = 5.0;
				TEST_TARGET_NAME = "Flag Ceremony";
			};
			name = Release;
		};
/* End XCBuildConfiguration section */

/* Begin XCConfigurationList section */
		8C4E97201D88ED50005A685B /* Build configuration list for PBXProject "Flag Ceremony" */ = {
			isa = XCConfigurationList;
			buildConfigurations = (
				8C4E974B1D88ED51005A685B /* Debug */,
				8C4E974C1D88ED51005A685B /* Release */,
			);
			defaultConfigurationIsVisible = 0;
			defaultConfigurationName = Release;
		};
		8C4E974D1D88ED51005A685B /* Build configuration list for PBXNativeTarget "Flag Ceremony" */ = {
			isa = XCConfigurationList;
			buildConfigurations = (
				8C4E974E1D88ED51005A685B /* Debug */,
				8C4E974F1D88ED51005A685B /* Release */,
			);
			defaultConfigurationIsVisible = 0;
			defaultConfigurationName = Release;
		};
		8C4E97501D88ED51005A685B /* Build configuration list for PBXNativeTarget "Flag CeremonyTests" */ = {
			isa = XCConfigurationList;
			buildConfigurations = (
				8C4E97511D88ED51005A685B /* Debug */,
				8C4E97521D88ED51005A685B /* Release */,
			);
			defaultConfigurationIsVisible = 0;
			defaultConfigurationName = Release;
		};
		8C4E97531D88ED51005A685B /* Build configuration list for PBXNativeTarget "Flag CeremonyUITests" */ = {
			isa = XCConfigurationList;
			buildConfigurations = (
				8C4E97541D88ED51005A685B /* Debug */,
				8C4E97551D88ED51005A685B /* Release */,
			);
			defaultConfigurationIsVisible = 0;
			defaultConfigurationName = Release;
		};
/* End XCConfigurationList section */

/* Begin XCVersionGroup section */
		8B95FB0D29C35119003CD2AB /* Flag Ceremony.xcdatamodeld */ = {
			isa = XCVersionGroup;
			children = (
				8B95FB0E29C35119003CD2AB /* 11-18-2019.xcdatamodel */,
				8B95FB0F29C35119003CD2AB /* Flag Ceremony.xcdatamodel */,
			);
			currentVersion = 8B95FB0E29C35119003CD2AB /* 11-18-2019.xcdatamodel */;
			path = "Flag Ceremony.xcdatamodeld";
			sourceTree = "<group>";
			versionGroupType = wrapper.xcdatamodel;
		};
/* End XCVersionGroup section */
	};
	rootObject = 8C4E971D1D88ED50005A685B /* Project object */;
}
