PODS:
  - AFNetworking (2.4.1):
    - AFNetworking/NSURLConnection (= 2.4.1)
    - AFNetworking/NSURLSession (= 2.4.1)
    - AFNetworking/Reachability (= 2.4.1)
    - AFNetworking/Security (= 2.4.1)
    - AFNetworking/Serialization (= 2.4.1)
    - AFNetworking/UIKit (= 2.4.1)
  - AFNetworking/NSURLConnection (2.4.1):
    - AFNetworking/Reachability
    - AFNetworking/Security
    - AFNetworking/Serialization
  - AFNetworking/NSURLSession (2.4.1):
    - AFNetworking/Reachability
    - AFNetworking/Security
    - AFNetworking/Serialization
  - AFNetworking/Reachability (2.4.1)
  - AFNetworking/Security (2.4.1)
  - AFNetworking/Serialization (2.4.1)
  - AFNetworking/UIKit (2.4.1):
    - AFNetworking/NSURLConnection
    - AFNetworking/NSURLSession
  - Appirater (2.1.2)
  - Bolts (1.8.4):
    - Bolts/AppLinks (= 1.8.4)
    - Bolts/Tasks (= 1.8.4)
  - Bolts/AppLinks (1.8.4):
    - Bolts/Tasks
  - Bolts/Tasks (1.8.4)
  - boost/graph-includes (1.51.0)
  - boost/math-includes (1.51.0)
  - boost/pointer_cast-includes (1.51.0)
  - boost/shared_ptr-includes (1.51.0)
  - boost/string_algorithms-includes (1.51.0)
  - clipper (6.1.3a)
  - Cosmos (8.0.2)
  - Crashlytics (3.8.4):
    - Fabric (~> 1.6.3)
  - eigen (3.2.10)
  - Fabric (1.6.11)
  - FacebookCore (0.2.0):
    - Bolts (~> 1.8)
    - FBSDKCoreKit (~> 4.15)
  - FacebookLogin (0.2.0):
    - Bolts (~> 1.8)
    - FacebookCore (~> 0.2)
    - FBSDKCoreKit (~> 4.15)
    - FBSDKLoginKit (~> 4.15)
  - FacebookShare (0.2.0):
    - Bolts (~> 1.8)
    - FacebookCore (~> 0.2)
    - FBSDKCoreKit (~> 4.15)
    - FBSDKShareKit (~> 4.15)
  - FBSDKCoreKit (4.21.0):
    - Bolts (~> 1.7)
  - FBSDKLoginKit (4.21.0):
    - FBSDKCoreKit
  - FBSDKShareKit (4.21.0):
    - FBSDKCoreKit
  - Firebase/Auth (3.15.0):
    - Firebase/Core
    - FirebaseAuth (= 3.1.1)
  - Firebase/Core (3.15.0):
    - FirebaseAnalytics (= 3.7.0)
    - FirebaseCore (= 3.5.2)
  - Firebase/Database (3.15.0):
    - Firebase/Core
    - FirebaseDatabase (= 3.1.2)
  - FirebaseAnalytics (3.7.0):
    - FirebaseCore (~> 3.5)
    - FirebaseInstanceID (~> 1.0)
    - GoogleToolboxForMac/NSData+zlib (~> 2.1)
  - FirebaseAuth (3.1.1):
    - FirebaseAnalytics (~> 3.7)
    - GoogleToolboxForMac/NSDictionary+URLArguments (~> 2.1)
    - GTMSessionFetcher/Core (~> 1.1)
  - FirebaseCore (3.5.2):
    - GoogleToolboxForMac/NSData+zlib (~> 2.1)
  - FirebaseDatabase (3.1.2):
    - FirebaseAnalytics (~> 3.7)
  - FirebaseInstanceID (1.0.9)
  - FMDB (2.6.2):
    - FMDB/standard (= 2.6.2)
  - FMDB/standard (2.6.2)
  - GoogleSignIn (4.0.2):
    - GoogleToolboxForMac/NSDictionary+URLArguments (~> 2.1)
    - GoogleToolboxForMac/NSString+URLArguments (~> 2.1)
    - GTMOAuth2 (~> 1.0)
    - GTMSessionFetcher/Core (~> 1.1)
  - GoogleToolboxForMac/DebugUtils (2.1.1):
    - GoogleToolboxForMac/Defines (= 2.1.1)
  - GoogleToolboxForMac/Defines (2.1.1)
  - GoogleToolboxForMac/NSData+zlib (2.1.1):
    - GoogleToolboxForMac/Defines (= 2.1.1)
  - GoogleToolboxForMac/NSDictionary+URLArguments (2.1.1):
    - GoogleToolboxForMac/DebugUtils (= 2.1.1)
    - GoogleToolboxForMac/Defines (= 2.1.1)
    - GoogleToolboxForMac/NSString+URLArguments (= 2.1.1)
  - GoogleToolboxForMac/NSString+URLArguments (2.1.1)
  - GTMOAuth2 (1.1.4):
    - GTMSessionFetcher (~> 1.1)
  - GTMSessionFetcher (1.1.9):
    - GTMSessionFetcher/Full (= 1.1.9)
  - GTMSessionFetcher/Core (1.1.9)
  - GTMSessionFetcher/Full (1.1.9):
    - GTMSessionFetcher/Core (= 1.1.9)
  - hpple (0.2.0)
  - InAppSettingsKit (2.8.1)
  - JJJUtils (0.3.2):
    - JJJUtils/OSX (= 0.3.2)
  - libjson (7.6.1)
  - MBProgressHUD (1.0.0)
  - MMDrawerController (0.6.0):
    - MMDrawerController/Core (= 0.6.0)
    - MMDrawerController/MMDrawerBarButtonItem (= 0.6.0)
    - MMDrawerController/MMDrawerVisualStates (= 0.6.0)
    - MMDrawerController/Subclass (= 0.6.0)
  - MMDrawerController+Storyboard (0.0.2):
    - MMDrawerController
  - MMDrawerController/Core (0.6.0)
  - MMDrawerController/MMDrawerBarButtonItem (0.6.0):
    - MMDrawerController/Core
  - MMDrawerController/MMDrawerVisualStates (0.6.0):
    - MMDrawerController/Core
  - MMDrawerController/Subclass (0.6.0):
    - MMDrawerController/Core
  - Networking (3.0.3)
  - proj4 (4.8.0)
  - ReachabilitySwift (3)
  - SimulatorStatusMagic (1.9.4)
  - SMCalloutView (2.1.5)
  - tinyxml (2.1.0)
  - TwitterCore (2.8.0):
    - Fabric
  - TwitterKit (2.8.1):
    - TwitterCore (>= 2.8)
  - WhirlyGlobe (2.4):
    - WhirlyGlobe/MaplyComponent (= 2.4)
  - WhirlyGlobe/aaplus (2.4)
  - WhirlyGlobe/glues-wg (2.4)
  - WhirlyGlobe/kissxml (2.4)
  - WhirlyGlobe/Lib (2.4):
    - clipper (~> 6.1.3a)
    - libjson (~> 7.6.0)
    - proj4 (~> 4.8.0)
    - tinyxml (~> 2.1.0)
    - WhirlyGlobe/glues-wg
    - WhirlyGlobe/Lib-Headers
    - WhirlyGlobe/octencoding
    - WhirlyGlobe/shapefile
  - WhirlyGlobe/Lib-Headers (2.4):
    - boost/graph-includes (<= 1.51.0)
    - boost/math-includes (<= 1.51.0)
    - boost/pointer_cast-includes (<= 1.51.0)
    - boost/shared_ptr-includes (<= 1.51.0)
    - boost/string_algorithms-includes (<= 1.51.0)
    - eigen (~> 3.2.4)
  - WhirlyGlobe/MaplyComponent (2.4):
    - AFNetworking (~> 2.4.0)
    - FMDB
    - SMCalloutView
    - WhirlyGlobe/aaplus
    - WhirlyGlobe/kissxml
    - WhirlyGlobe/Lib
    - WhirlyGlobe/MaplyComponent-Headers
  - WhirlyGlobe/MaplyComponent-Headers (2.4):
    - WhirlyGlobe/Lib-Headers
  - WhirlyGlobe/octencoding (2.4)
  - WhirlyGlobe/shapefile (2.4)
  - WhirlyGlobeResources (2.3)

DEPENDENCIES:
  - Appirater
  - Cosmos
  - Crashlytics
  - Fabric
  - FacebookCore
  - FacebookLogin
  - FacebookShare
  - Firebase/Auth
  - Firebase/Core
  - Firebase/Database
  - GoogleSignIn
  - hpple
  - InAppSettingsKit
  - JJJUtils
  - MBProgressHUD
  - MMDrawerController
  - MMDrawerController+Storyboard
  - Networking
  - ReachabilitySwift
  - SimulatorStatusMagic
  - TwitterCore
  - TwitterKit
  - WhirlyGlobe
  - WhirlyGlobeResources

SPEC CHECKSUMS:
  AFNetworking: 41d45d2c14219af0fa5addf3cfd433a002c13c9f
  Appirater: f1c9e53e8b612193e6256144f6a0fd2e31f4340d
  Bolts: 8a7995239dbe724f9cba2248b766d48b7ebdd322
  boost: 6c5c8d8daef26ac83c1e1c00ad14de62b80161d7
  clipper: b009ea56c501e756299e6999e2c73eef6e1ed218
  Cosmos: 007c0b8e33a85e5363911bdd933571bbe221f7ef
  Crashlytics: 79e236942ca1e7fc641df1feb9a275360a78ab6a
  eigen: e2d5ffb7be5a884d4608ebe35a97b6f65e13ed8b
  Fabric: 5911403591946b8228ab1c51d98f1d7137e863c6
  FacebookCore: 2cb3f0fbff218e9d3119cec84bae983b232412de
  FacebookLogin: c9d606504735780a9e3002465a615512e0a691a5
  FacebookShare: 8e9ee8ea06505e6a1d3d719b0cc63e840fb8aaeb
  FBSDKCoreKit: 8a372ab194b5c7c26355c1920ef52dbeb44bc222
  FBSDKLoginKit: a1a5f4b4ac445823a020fbeeaf5f03714a67ff9c
  FBSDKShareKit: 649a7acfd01a3e056a33994c1bfbb997814cc8a2
  Firebase: 2b1cdfba1cda8589f32904a697cc753322bff9d8
  FirebaseAnalytics: 0d1b7d81d5021155be37702a94ba1ec16d45365d
  FirebaseAuth: cc8a1824170adbd351edb7f994490a3fb5c18be6
  FirebaseCore: a024587e43778508700af8c6b1209f7c4516ba02
  FirebaseDatabase: 05c96d7b43a7368dc91c07791adb49683e1738d1
  FirebaseInstanceID: 2d0518b1378fe9d685ef40cbdd63d2fdc1125339
  FMDB: 854a0341b4726e53276f2a8996f06f1b80f9259a
  GoogleSignIn: d7ad83f13480e1f30453471d00d19b5293ac46af
  GoogleToolboxForMac: 8e329f1b599f2512c6b10676d45736bcc2cbbeb0
  GTMOAuth2: 7fc9c10f5c745f4d9850419ea88889fe3baa6b7d
  GTMSessionFetcher: 5c046c76a1f859bc9c187e918f18e4fc7bb57b5e
  hpple: 3b765f96fc2cd56ad1a49aef6f7be5cb2aa64b57
  InAppSettingsKit: 94d2fba3ccd700fc4e32c6d09fabcc0af2426744
  JJJUtils: 5abcb911388dc05e24cecdde9d4a3e18f1b1510e
  libjson: 1a065ca64704a5d1b51c3754268998942d57ac6f
  MBProgressHUD: 4890f671c94e8a0f3cf959aa731e9de2f036d71a
  MMDrawerController: e3a54a5570388463ad3b36975251575b50c4e1a0
  MMDrawerController+Storyboard: c98f86c0f32cdef1d466d19a7da3ad2fc6c6ac00
  Networking: e2c42013296d093e4249f8247acb08e36958a11a
  proj4: 234525105d05a33b2ae9a90a6fe3935f7a246f7e
  ReachabilitySwift: f5b9bb30a0777fac8f09ce8b067e32faeb29bb64
  SimulatorStatusMagic: db93f00d164d854cd5ed7b5c75f48fba3b698c20
  SMCalloutView: 5c0ee363dc8e7204b2fda17dfad38c93e9e23481
  tinyxml: 41d718babd106ac5d39d4e98b43c835d3b9080d8
  TwitterCore: e959987be23c767004d29eb7fab8d85d8585a2e5
  TwitterKit: 3b6044a7320340326a4098f3e37aa1dbaeb94942
  WhirlyGlobe: 2849f458220be42d92d814ba04377586cadbf7f1
  WhirlyGlobeResources: d7b3e929e828f958a8477ff6797f962fdb165472

PODFILE CHECKSUM: 484f87ff86ff7f88a18e420993e642079c7ca5db

COCOAPODS: 1.2.0
