PODS:
  - AppAuth (1.4.0):
    - AppAuth/Core (= 1.4.0)
    - AppAuth/ExternalUserAgent (= 1.4.0)
  - AppAuth/Core (1.4.0)
  - AppAuth/ExternalUserAgent (1.4.0)
  - Appirater (2.3.1)
  - DATASource (7.4.0)
  - DATAStack (8.0.2)
  - eigen (3.2.10)
  - FacebookCore (0.9.0):
    - FBSDKCoreKit (~> 5.0)
  - FacebookLogin (0.9.0):
    - FacebookCore (~> 0.9.0)
    - FBSDKCoreKit (~> 5.0)
    - FBSDKLoginKit (~> 5.0)
  - FBSDKCoreKit (5.15.1):
    - FBSDKCoreKit/Basics (= 5.15.1)
    - FBSDKCoreKit/Core (= 5.15.1)
  - FBSDKCoreKit/Basics (5.15.1)
  - FBSDKCoreKit/Core (5.15.1):
    - FBSDKCoreKit/Basics
  - FBSDKLoginKit (5.15.1):
    - FBSDKLoginKit/Login (= 5.15.1)
  - FBSDKLoginKit/Login (5.15.1):
    - FBSDKCoreKit (~> 5.0)
  - Firebase/Auth (6.27.0):
    - Firebase/CoreOnly
    - FirebaseAuth (~> 6.6.0)
  - Firebase/Core (6.27.0):
    - Firebase/CoreOnly
    - FirebaseAnalytics (= 6.6.1)
  - Firebase/CoreOnly (6.27.0):
    - FirebaseCore (= 6.8.0)
  - Firebase/Database (6.27.0):
    - Firebase/CoreOnly
    - FirebaseDatabase (~> 6.3.0)
  - FirebaseAnalytics (6.6.1):
    - FirebaseCore (~> 6.8)
    - FirebaseInstallations (~> 1.4)
    - GoogleAppMeasurement (= 6.6.1)
    - GoogleUtilities/AppDelegateSwizzler (~> 6.0)
    - GoogleUtilities/MethodSwizzler (~> 6.0)
    - GoogleUtilities/Network (~> 6.0)
    - "GoogleUtilities/NSData+zlib (~> 6.0)"
    - nanopb (~> 1.30905.0)
  - FirebaseAuth (6.6.0):
    - FirebaseCore (~> 6.8)
    - GoogleUtilities/AppDelegateSwizzler (~> 6.5)
    - GoogleUtilities/Environment (~> 6.5)
    - GTMSessionFetcher/Core (~> 1.1)
  - FirebaseCore (6.8.0):
    - FirebaseCoreDiagnostics (~> 1.3)
    - GoogleUtilities/Environment (~> 6.5)
    - GoogleUtilities/Logger (~> 6.5)
  - FirebaseCoreDiagnostics (1.4.0):
    - GoogleDataTransportCCTSupport (~> 3.1)
    - GoogleUtilities/Environment (~> 6.5)
    - GoogleUtilities/Logger (~> 6.5)
    - nanopb (~> 1.30905.0)
  - FirebaseDatabase (6.3.0):
    - FirebaseCore (~> 6.8)
    - leveldb-library (~> 1.22)
  - FirebaseInstallations (1.4.0):
    - FirebaseCore (~> 6.8)
    - GoogleUtilities/Environment (~> 6.6)
    - GoogleUtilities/UserDefaults (~> 6.6)
    - PromisesObjC (~> 1.2)
  - FMDB (2.7.5):
    - FMDB/standard (= 2.7.5)
  - FMDB/standard (2.7.5)
  - GoogleAppMeasurement (6.6.1):
    - GoogleUtilities/AppDelegateSwizzler (~> 6.0)
    - GoogleUtilities/MethodSwizzler (~> 6.0)
    - GoogleUtilities/Network (~> 6.0)
    - "GoogleUtilities/NSData+zlib (~> 6.0)"
    - nanopb (~> 1.30905.0)
  - GoogleDataTransport (6.2.1)
  - GoogleDataTransportCCTSupport (3.2.0):
    - GoogleDataTransport (~> 6.1)
    - nanopb (~> 1.30905.0)
  - GoogleSignIn (5.0.2):
    - AppAuth (~> 1.2)
    - GTMAppAuth (~> 1.0)
    - GTMSessionFetcher/Core (~> 1.1)
  - GoogleUtilities/AppDelegateSwizzler (6.6.0):
    - GoogleUtilities/Environment
    - GoogleUtilities/Logger
    - GoogleUtilities/Network
  - GoogleUtilities/Environment (6.6.0):
    - PromisesObjC (~> 1.2)
  - GoogleUtilities/Logger (6.6.0):
    - GoogleUtilities/Environment
  - GoogleUtilities/MethodSwizzler (6.6.0):
    - GoogleUtilities/Logger
  - GoogleUtilities/Network (6.6.0):
    - GoogleUtilities/Logger
    - "GoogleUtilities/NSData+zlib"
    - GoogleUtilities/Reachability
  - "GoogleUtilities/NSData+zlib (6.6.0)"
  - GoogleUtilities/Reachability (6.6.0):
    - GoogleUtilities/Logger
  - GoogleUtilities/UserDefaults (6.6.0):
    - GoogleUtilities/Logger
  - GTMAppAuth (1.0.0):
    - AppAuth/Core (~> 1.0)
    - GTMSessionFetcher (~> 1.1)
  - GTMSessionFetcher (1.4.0):
    - GTMSessionFetcher/Full (= 1.4.0)
  - GTMSessionFetcher/Core (1.4.0)
  - GTMSessionFetcher/Full (1.4.0):
    - GTMSessionFetcher/Core (= 1.4.0)
  - hpple (0.2.0)
  - KissXML (5.3.1):
    - KissXML/All (= 5.3.1)
  - KissXML/Additions (5.3.1):
    - KissXML/Core
  - KissXML/All (5.3.1):
    - KissXML/Additions
    - KissXML/Core
  - KissXML/Core (5.3.1)
  - leveldb-library (1.22)
  - libjson (7.6.1)
  - MBProgressHUD (1.2.0)
  - MMDrawerController (0.6.0):
    - MMDrawerController/Core (= 0.6.0)
    - MMDrawerController/MMDrawerBarButtonItem (= 0.6.0)
    - MMDrawerController/MMDrawerVisualStates (= 0.6.0)
    - MMDrawerController/Subclass (= 0.6.0)
  - "MMDrawerController+Storyboard (0.0.2)":
    - MMDrawerController
  - MMDrawerController/Core (0.6.0)
  - MMDrawerController/MMDrawerBarButtonItem (0.6.0):
    - MMDrawerController/Core
  - MMDrawerController/MMDrawerVisualStates (0.6.0):
    - MMDrawerController/Core
  - MMDrawerController/Subclass (0.6.0):
    - MMDrawerController/Core
  - nanopb (1.30905.0):
    - nanopb/decode (= 1.30905.0)
    - nanopb/encode (= 1.30905.0)
  - nanopb/decode (1.30905.0)
  - nanopb/encode (1.30905.0)
  - proj4 (4.8.0)
  - PromiseKit (6.13.1):
    - PromiseKit/CorePromise (= 6.13.1)
    - PromiseKit/Foundation (= 6.13.1)
    - PromiseKit/UIKit (= 6.13.1)
  - PromiseKit/CorePromise (6.13.1)
  - PromiseKit/Foundation (6.13.1):
    - PromiseKit/CorePromise
  - PromiseKit/UIKit (6.13.1):
    - PromiseKit/CorePromise
  - PromisesObjC (1.2.9)
  - SDWebImage (5.8.1):
    - SDWebImage/Core (= 5.8.1)
  - SDWebImage/Core (5.8.1)
  - SimulatorStatusMagic (2.4.1)
  - SMCalloutView (2.1.5)
  - Sync (6.0.3)
  - WhirlyGlobe (2.6.5):
    - WhirlyGlobe/MaplyComponent (= 2.6.5)
  - WhirlyGlobe/glues (2.6.5)
  - WhirlyGlobe/locallibs (2.6.5)
  - WhirlyGlobe/MaplyComponent (2.6.5):
    - eigen
    - FMDB
    - KissXML
    - libjson
    - proj4
    - SMCalloutView
    - WhirlyGlobe/glues
    - WhirlyGlobe/locallibs
  - WhirlyGlobeResources (2.3)

DEPENDENCIES:
  - Appirater
  - DATASource
  - DATAStack
  - FacebookCore
  - FacebookLogin
  - Firebase/Auth
  - Firebase/Core
  - Firebase/Database
  - GoogleSignIn
  - hpple
  - MBProgressHUD
  - MMDrawerController
  - "MMDrawerController+Storyboard"
  - PromiseKit
  - SDWebImage
  - SimulatorStatusMagic
  - Sync
  - WhirlyGlobe (from `https://github.com/mousebird/WhirlyGlobe`)
  - WhirlyGlobeResources

SPEC REPOS:
  https://github.com/CocoaPods/Specs.git:
    - AppAuth
    - Appirater
    - DATASource
    - DATAStack
    - eigen
    - FacebookCore
    - FacebookLogin
    - FBSDKCoreKit
    - FBSDKLoginKit
    - Firebase
    - FirebaseAnalytics
    - FirebaseAuth
    - FirebaseCore
    - FirebaseCoreDiagnostics
    - FirebaseDatabase
    - FirebaseInstallations
    - FMDB
    - GoogleAppMeasurement
    - GoogleDataTransport
    - GoogleDataTransportCCTSupport
    - GoogleSignIn
    - GoogleUtilities
    - GTMAppAuth
    - GTMSessionFetcher
    - hpple
    - KissXML
    - leveldb-library
    - libjson
    - MBProgressHUD
    - MMDrawerController
    - "MMDrawerController+Storyboard"
    - nanopb
    - proj4
    - PromiseKit
    - PromisesObjC
    - SDWebImage
    - SimulatorStatusMagic
    - SMCalloutView
    - Sync
    - WhirlyGlobeResources

EXTERNAL SOURCES:
  WhirlyGlobe:
    :git: https://github.com/mousebird/WhirlyGlobe

CHECKOUT OPTIONS:
  WhirlyGlobe:
    :commit: ffd8cca6c83806a42248f1da47a54e68f9409ae8
    :git: https://github.com/mousebird/WhirlyGlobe

SPEC CHECKSUMS:
  AppAuth: 31bcec809a638d7bd2f86ea8a52bd45f6e81e7c7
  Appirater: 44a4651f7912a17dc906b655f0c215d5bb768b84
  DATASource: 0247c087cbed41b27b91f52e89fe1f8aa6ac3d35
  DATAStack: 9c415f6e7733eafb9cf5c076613bfb5958c407cb
  eigen: e2d5ffb7be5a884d4608ebe35a97b6f65e13ed8b
  FacebookCore: ba86524b66cfa86d0f8e65d08faa8504a9f732dd
  FacebookLogin: 6cee9fd6e1fe976fe8f7eec199e27b28b14f5d63
  FBSDKCoreKit: 1d5acf7c9d7a2f92bb1a242dc60cae5b7adb91df
  FBSDKLoginKit: f1ea8026a58b52d30c9f2e6a58ca7d813619fb83
  Firebase: fc4cbf6f1592636431821ef9a3c557e4dfd9f268
  FirebaseAnalytics: 0ea640473474f036cabbc2576e20c2d63671c92f
  FirebaseAuth: b85c064e0ac60f82486728d50a4803f235687302
  FirebaseCore: feda061cb1ee6d8ad4824f4a4a8ffbcfe284f595
  FirebaseCoreDiagnostics: 4505e4d4009b1d93f605088ee7d7764d5f0d1c84
  FirebaseDatabase: 3d02ffa794ec174853c086cf87cf2dc79bd6da49
  FirebaseInstallations: 293f567159b6d66d1c990f13bb868066096c94ec
  FMDB: 2ce00b547f966261cd18927a3ddb07cb6f3db82a
  GoogleAppMeasurement: 2fd5c5a56c069db635c8e7b92d4809a9591d0a69
  GoogleDataTransport: 9a8a16f79feffc7f42096743de2a7c4815e84020
  GoogleDataTransportCCTSupport: 489c1265d2c85b68187a83a911913d190012158d
  GoogleSignIn: 7137d297ddc022a7e0aa4619c86d72c909fa7213
  GoogleUtilities: 39530bc0ad980530298e9c4af8549e991fd033b1
  GTMAppAuth: 4deac854479704f348309e7b66189e604cf5e01e
  GTMSessionFetcher: 6f5c8abbab8a9bce4bb3f057e317728ec6182b10
  hpple: 3b765f96fc2cd56ad1a49aef6f7be5cb2aa64b57
  KissXML: 5c8e0f2e8b9f071d3e1ae123dec3eb5da615c10c
  leveldb-library: 55d93ee664b4007aac644a782d11da33fba316f7
  libjson: 1a065ca64704a5d1b51c3754268998942d57ac6f
  MBProgressHUD: 3ee5efcc380f6a79a7cc9b363dd669c5e1ae7406
  MMDrawerController: e3a54a5570388463ad3b36975251575b50c4e1a0
  "MMDrawerController+Storyboard": c98f86c0f32cdef1d466d19a7da3ad2fc6c6ac00
  nanopb: c43f40fadfe79e8b8db116583945847910cbabc9
  proj4: 234525105d05a33b2ae9a90a6fe3935f7a246f7e
  PromiseKit: 28fda91c973cc377875d8c0ea4f973013c05b6db
  PromisesObjC: b48e0338dbbac2207e611750777895f7a5811b75
  SDWebImage: e3eae2eda88578db0685a0c88597fdadd9433f05
  SimulatorStatusMagic: 28d4a9d1a500ac7cea0b2b5a43c1c6ddb40ba56c
  SMCalloutView: 5c0ee363dc8e7204b2fda17dfad38c93e9e23481
  Sync: 40735880f9c7dfb222fa48078bea320a90276d62
  WhirlyGlobe: 4045ad4b71d6491cf2e287b5ac5904972d760139
  WhirlyGlobeResources: d7b3e929e828f958a8477ff6797f962fdb165472

PODFILE CHECKSUM: 1e43b705b6f305f0cb2b47b0fd00ad7ed1ce8b87

COCOAPODS: 1.9.3
