// !$*UTF8*$!
{
	archiveVersion = 1;
	classes = {
	};
	objectVersion = 55;
	objects = {

/* Begin PBXBuildFile section */
		8B20965A2842797D00B62A45 /* Tests_iOS.swift in Sources */ = {isa = PBXBuildFile; fileRef = 8B2096592842797D00B62A45 /* Tests_iOS.swift */; };
		8B20965C2842797D00B62A45 /* Tests_iOSLaunchTests.swift in Sources */ = {isa = PBXBuildFile; fileRef = 8B20965B2842797D00B62A45 /* Tests_iOSLaunchTests.swift */; };
		8B2096662842797D00B62A45 /* Tests_macOS.swift in Sources */ = {isa = PBXBuildFile; fileRef = 8B2096652842797D00B62A45 /* Tests_macOS.swift */; };
		8B2096682842797D00B62A45 /* Tests_macOSLaunchTests.swift in Sources */ = {isa = PBXBuildFile; fileRef = 8B2096672842797D00B62A45 /* Tests_macOSLaunchTests.swift */; };
		8B2096692842797D00B62A45 /* Flag_Ceremony.xcdatamodeld in Sources */ = {isa = PBXBuildFile; fileRef = 8B20963E2842797B00B62A45 /* Flag_Ceremony.xcdatamodeld */; };
		8B20966A2842797D00B62A45 /* Flag_Ceremony.xcdatamodeld in Sources */ = {isa = PBXBuildFile; fileRef = 8B20963E2842797B00B62A45 /* Flag_Ceremony.xcdatamodeld */; };
		8B20966B2842797D00B62A45 /* Flag_CeremonyApp.swift in Sources */ = {isa = PBXBuildFile; fileRef = 8B2096402842797B00B62A45 /* Flag_CeremonyApp.swift */; };
		8B20966C2842797D00B62A45 /* Flag_CeremonyApp.swift in Sources */ = {isa = PBXBuildFile; fileRef = 8B2096402842797B00B62A45 /* Flag_CeremonyApp.swift */; };
		8B20966D2842797D00B62A45 /* ContentView.swift in Sources */ = {isa = PBXBuildFile; fileRef = 8B2096412842797B00B62A45 /* ContentView.swift */; };
		8B20966E2842797D00B62A45 /* ContentView.swift in Sources */ = {isa = PBXBuildFile; fileRef = 8B2096412842797B00B62A45 /* ContentView.swift */; };
		8B20966F2842797D00B62A45 /* Persistence.swift in Sources */ = {isa = PBXBuildFile; fileRef = 8B2096422842797B00B62A45 /* Persistence.swift */; };
		8B2096702842797D00B62A45 /* Persistence.swift in Sources */ = {isa = PBXBuildFile; fileRef = 8B2096422842797B00B62A45 /* Persistence.swift */; };
		8B2096712842797D00B62A45 /* Assets.xcassets in Resources */ = {isa = PBXBuildFile; fileRef = 8B2096432842797D00B62A45 /* Assets.xcassets */; };
		8B2096722842797D00B62A45 /* Assets.xcassets in Resources */ = {isa = PBXBuildFile; fileRef = 8B2096432842797D00B62A45 /* Assets.xcassets */; };
		8B20968328427AD200B62A45 /* SDWebImageSwiftUI in Frameworks */ = {isa = PBXBuildFile; productRef = 8B20968228427AD200B62A45 /* SDWebImageSwiftUI */; };
		8B20969B2843FF7B00B62A45 /* TabNavigationView.swift in Sources */ = {isa = PBXBuildFile; fileRef = 8B20969A2843FF7B00B62A45 /* TabNavigationView.swift */; };
		8B20969C2843FF7B00B62A45 /* TabNavigationView.swift in Sources */ = {isa = PBXBuildFile; fileRef = 8B20969A2843FF7B00B62A45 /* TabNavigationView.swift */; };
		8B2096A3284400C200B62A45 /* GlobeView.swift in Sources */ = {isa = PBXBuildFile; fileRef = 8B20969E284400C200B62A45 /* GlobeView.swift */; };
		8B2096A4284400C200B62A45 /* GlobeView.swift in Sources */ = {isa = PBXBuildFile; fileRef = 8B20969E284400C200B62A45 /* GlobeView.swift */; };
		8B2096A9284400C200B62A45 /* MapView.swift in Sources */ = {isa = PBXBuildFile; fileRef = 8B2096A2284400C200B62A45 /* MapView.swift */; };
		8B2096AA284400C200B62A45 /* MapView.swift in Sources */ = {isa = PBXBuildFile; fileRef = 8B2096A2284400C200B62A45 /* MapView.swift */; };
		8B209E6D284404A100B62A45 /* flag-ceremony-export.json in Resources */ = {isa = PBXBuildFile; fileRef = 8B2098FC2844049F00B62A45 /* flag-ceremony-export.json */; };
		8B209E6E284404A100B62A45 /* flag-ceremony-export.json in Resources */ = {isa = PBXBuildFile; fileRef = 8B2098FC2844049F00B62A45 /* flag-ceremony-export.json */; };
		8B209E6F284404A100B62A45 /* geography-class_medres.mbtiles in Resources */ = {isa = PBXBuildFile; fileRef = 8B2098FD2844049F00B62A45 /* geography-class_medres.mbtiles */; };
		8B209E70284404A100B62A45 /* geography-class_medres.mbtiles in Resources */ = {isa = PBXBuildFile; fileRef = 8B2098FD2844049F00B62A45 /* geography-class_medres.mbtiles */; };
		8B209E71284404A100B62A45 /* anthems.dict in Resources */ = {isa = PBXBuildFile; fileRef = 8B2098FE2844049F00B62A45 /* anthems.dict */; };
		8B209E72284404A100B62A45 /* anthems.dict in Resources */ = {isa = PBXBuildFile; fileRef = 8B2098FE2844049F00B62A45 /* anthems.dict */; };
		8B556AEE29C0EC7E00101D46 /* WhirlyGlobe.framework in Frameworks */ = {isa = PBXBuildFile; fileRef = 8B20968F28427E9400B62A45 /* WhirlyGlobe.framework */; };
		8B556AEF29C11AFD00101D46 /* geography-class_medres.mbtiles in Resources */ = {isa = PBXBuildFile; fileRef = 8B2098FD2844049F00B62A45 /* geography-class_medres.mbtiles */; };
		8B556AF029C11AFE00101D46 /* geography-class_medres.mbtiles in Resources */ = {isa = PBXBuildFile; fileRef = 8B2098FD2844049F00B62A45 /* geography-class_medres.mbtiles */; };
/* End PBXBuildFile section */

/* Begin PBXContainerItemProxy section */
		8B2096562842797D00B62A45 /* PBXContainerItemProxy */ = {
			isa = PBXContainerItemProxy;
			containerPortal = 8B2096392842797B00B62A45 /* Project object */;
			proxyType = 1;
			remoteGlobalIDString = 8B2096472842797D00B62A45;
			remoteInfo = "Flag Ceremony (iOS)";
		};
		8B2096622842797D00B62A45 /* PBXContainerItemProxy */ = {
			isa = PBXContainerItemProxy;
			containerPortal = 8B2096392842797B00B62A45 /* Project object */;
			proxyType = 1;
			remoteGlobalIDString = 8B20964D2842797D00B62A45;
			remoteInfo = "Flag Ceremony (macOS)";
		};
		8B20968E28427E9400B62A45 /* PBXContainerItemProxy */ = {
			isa = PBXContainerItemProxy;
			containerPortal = 8B20968928427E9300B62A45 /* WhirlyGlobeMaplyComponent.xcodeproj */;
			proxyType = 2;
			remoteGlobalIDString = 2BE536FF1D2499E500B60FAD;
			remoteInfo = WhirlyGlobe;
		};
		8B20969028427E9400B62A45 /* PBXContainerItemProxy */ = {
			isa = PBXContainerItemProxy;
			containerPortal = 8B20968928427E9300B62A45 /* WhirlyGlobeMaplyComponent.xcodeproj */;
			proxyType = 2;
			remoteGlobalIDString = 2BE537091D2499E500B60FAD;
			remoteInfo = WhirlyGlobeMaplyComponentTests;
		};
/* End PBXContainerItemProxy section */

/* Begin PBXFileReference section */
		8B20963F2842797B00B62A45 /* Shared.xcdatamodel */ = {isa = PBXFileReference; lastKnownFileType = wrapper.xcdatamodel; path = Shared.xcdatamodel; sourceTree = "<group>"; };
		8B2096402842797B00B62A45 /* Flag_CeremonyApp.swift */ = {isa = PBXFileReference; lastKnownFileType = sourcecode.swift; path = Flag_CeremonyApp.swift; sourceTree = "<group>"; };
		8B2096412842797B00B62A45 /* ContentView.swift */ = {isa = PBXFileReference; lastKnownFileType = sourcecode.swift; path = ContentView.swift; sourceTree = "<group>"; };
		8B2096422842797B00B62A45 /* Persistence.swift */ = {isa = PBXFileReference; lastKnownFileType = sourcecode.swift; path = Persistence.swift; sourceTree = "<group>"; };
		8B2096432842797D00B62A45 /* Assets.xcassets */ = {isa = PBXFileReference; lastKnownFileType = folder.assetcatalog; path = Assets.xcassets; sourceTree = "<group>"; };
		8B2096482842797D00B62A45 /* Flag Ceremony.app */ = {isa = PBXFileReference; explicitFileType = wrapper.application; includeInIndex = 0; path = "Flag Ceremony.app"; sourceTree = BUILT_PRODUCTS_DIR; };
		8B20964E2842797D00B62A45 /* Flag Ceremony.app */ = {isa = PBXFileReference; explicitFileType = wrapper.application; includeInIndex = 0; path = "Flag Ceremony.app"; sourceTree = BUILT_PRODUCTS_DIR; };
		8B2096502842797D00B62A45 /* macOS.entitlements */ = {isa = PBXFileReference; lastKnownFileType = text.plist.entitlements; path = macOS.entitlements; sourceTree = "<group>"; };
		8B2096552842797D00B62A45 /* Tests iOS.xctest */ = {isa = PBXFileReference; explicitFileType = wrapper.cfbundle; includeInIndex = 0; path = "Tests iOS.xctest"; sourceTree = BUILT_PRODUCTS_DIR; };
		8B2096592842797D00B62A45 /* Tests_iOS.swift */ = {isa = PBXFileReference; lastKnownFileType = sourcecode.swift; path = Tests_iOS.swift; sourceTree = "<group>"; };
		8B20965B2842797D00B62A45 /* Tests_iOSLaunchTests.swift */ = {isa = PBXFileReference; lastKnownFileType = sourcecode.swift; path = Tests_iOSLaunchTests.swift; sourceTree = "<group>"; };
		8B2096612842797D00B62A45 /* Tests macOS.xctest */ = {isa = PBXFileReference; explicitFileType = wrapper.cfbundle; includeInIndex = 0; path = "Tests macOS.xctest"; sourceTree = BUILT_PRODUCTS_DIR; };
		8B2096652842797D00B62A45 /* Tests_macOS.swift */ = {isa = PBXFileReference; lastKnownFileType = sourcecode.swift; path = Tests_macOS.swift; sourceTree = "<group>"; };
		8B2096672842797D00B62A45 /* Tests_macOSLaunchTests.swift */ = {isa = PBXFileReference; lastKnownFileType = sourcecode.swift; path = Tests_macOSLaunchTests.swift; sourceTree = "<group>"; };
		8B20968928427E9300B62A45 /* WhirlyGlobeMaplyComponent.xcodeproj */ = {isa = PBXFileReference; lastKnownFileType = "wrapper.pb-project"; name = WhirlyGlobeMaplyComponent.xcodeproj; path = "libs/WhirlyGlobeMaply/ios/library/WhirlyGlobe-MaplyComponent/WhirlyGlobeMaplyComponent.xcodeproj"; sourceTree = "<group>"; };
		8B20969A2843FF7B00B62A45 /* TabNavigationView.swift */ = {isa = PBXFileReference; lastKnownFileType = sourcecode.swift; path = TabNavigationView.swift; sourceTree = "<group>"; };
		8B20969E284400C200B62A45 /* GlobeView.swift */ = {isa = PBXFileReference; fileEncoding = 4; lastKnownFileType = sourcecode.swift; path = GlobeView.swift; sourceTree = "<group>"; };
		8B2096A2284400C200B62A45 /* MapView.swift */ = {isa = PBXFileReference; fileEncoding = 4; lastKnownFileType = sourcecode.swift; path = MapView.swift; sourceTree = "<group>"; };
		8B2098FC2844049F00B62A45 /* flag-ceremony-export.json */ = {isa = PBXFileReference; fileEncoding = 4; lastKnownFileType = text.json; path = "flag-ceremony-export.json"; sourceTree = "<group>"; };
		8B2098FD2844049F00B62A45 /* geography-class_medres.mbtiles */ = {isa = PBXFileReference; lastKnownFileType = file; path = "geography-class_medres.mbtiles"; sourceTree = "<group>"; };
		8B2098FE2844049F00B62A45 /* anthems.dict */ = {isa = PBXFileReference; fileEncoding = 4; lastKnownFileType = text.plist.xml; path = anthems.dict; sourceTree = "<group>"; };
		8B36954D2844425100D1F544 /* Flag-Ceremony--iOS--Info.plist */ = {isa = PBXFileReference; lastKnownFileType = text.plist; path = "Flag-Ceremony--iOS--Info.plist"; sourceTree = "<group>"; };
/* End PBXFileReference section */

/* Begin PBXFrameworksBuildPhase section */
		8B2096452842797D00B62A45 /* Frameworks */ = {
			isa = PBXFrameworksBuildPhase;
			buildActionMask = 2147483647;
			files = (
				8B556AEE29C0EC7E00101D46 /* WhirlyGlobe.framework in Frameworks */,
				8B20968328427AD200B62A45 /* SDWebImageSwiftUI in Frameworks */,
			);
			runOnlyForDeploymentPostprocessing = 0;
		};
		8B20964B2842797D00B62A45 /* Frameworks */ = {
			isa = PBXFrameworksBuildPhase;
			buildActionMask = 2147483647;
			files = (
			);
			runOnlyForDeploymentPostprocessing = 0;
		};
		8B2096522842797D00B62A45 /* Frameworks */ = {
			isa = PBXFrameworksBuildPhase;
			buildActionMask = 2147483647;
			files = (
			);
			runOnlyForDeploymentPostprocessing = 0;
		};
		8B20965E2842797D00B62A45 /* Frameworks */ = {
			isa = PBXFrameworksBuildPhase;
			buildActionMask = 2147483647;
			files = (
			);
			runOnlyForDeploymentPostprocessing = 0;
		};
/* End PBXFrameworksBuildPhase section */

/* Begin PBXGroup section */
		8B2096382842797B00B62A45 = {
			isa = PBXGroup;
			children = (
				8B36954D2844425100D1F544 /* Flag-Ceremony--iOS--Info.plist */,
				8B20963D2842797B00B62A45 /* Shared */,
				8B20964F2842797D00B62A45 /* macOS */,
				8B2096582842797D00B62A45 /* Tests iOS */,
				8B2096642842797D00B62A45 /* Tests macOS */,
				8B2096492842797D00B62A45 /* Products */,
				8B20968828427E9300B62A45 /* Frameworks */,
			);
			sourceTree = "<group>";
		};
		8B20963D2842797B00B62A45 /* Shared */ = {
			isa = PBXGroup;
			children = (
				8B2096AB2844049D00B62A45 /* data */,
				8B20969D284400C200B62A45 /* Globe */,
				8B2096A0284400C200B62A45 /* Map */,
				8B2096972843FF4800B62A45 /* Navigation */,
				8B2096402842797B00B62A45 /* Flag_CeremonyApp.swift */,
				8B2096422842797B00B62A45 /* Persistence.swift */,
				8B2096432842797D00B62A45 /* Assets.xcassets */,
				8B20963E2842797B00B62A45 /* Flag_Ceremony.xcdatamodeld */,
			);
			path = Shared;
			sourceTree = "<group>";
		};
		8B2096492842797D00B62A45 /* Products */ = {
			isa = PBXGroup;
			children = (
				8B2096482842797D00B62A45 /* Flag Ceremony.app */,
				8B20964E2842797D00B62A45 /* Flag Ceremony.app */,
				8B2096552842797D00B62A45 /* Tests iOS.xctest */,
				8B2096612842797D00B62A45 /* Tests macOS.xctest */,
			);
			name = Products;
			sourceTree = "<group>";
		};
		8B20964F2842797D00B62A45 /* macOS */ = {
			isa = PBXGroup;
			children = (
				8B2096502842797D00B62A45 /* macOS.entitlements */,
			);
			path = macOS;
			sourceTree = "<group>";
		};
		8B2096582842797D00B62A45 /* Tests iOS */ = {
			isa = PBXGroup;
			children = (
				8B2096592842797D00B62A45 /* Tests_iOS.swift */,
				8B20965B2842797D00B62A45 /* Tests_iOSLaunchTests.swift */,
			);
			path = "Tests iOS";
			sourceTree = "<group>";
		};
		8B2096642842797D00B62A45 /* Tests macOS */ = {
			isa = PBXGroup;
			children = (
				8B2096652842797D00B62A45 /* Tests_macOS.swift */,
				8B2096672842797D00B62A45 /* Tests_macOSLaunchTests.swift */,
			);
			path = "Tests macOS";
			sourceTree = "<group>";
		};
		8B20968828427E9300B62A45 /* Frameworks */ = {
			isa = PBXGroup;
			children = (
				8B20968928427E9300B62A45 /* WhirlyGlobeMaplyComponent.xcodeproj */,
			);
			name = Frameworks;
			sourceTree = "<group>";
		};
		8B20968A28427E9300B62A45 /* Products */ = {
			isa = PBXGroup;
			children = (
				8B20968F28427E9400B62A45 /* WhirlyGlobe.framework */,
				8B20969128427E9400B62A45 /* WhirlyGlobeMaplyComponentTests.xctest */,
			);
			name = Products;
			sourceTree = "<group>";
		};
		8B2096972843FF4800B62A45 /* Navigation */ = {
			isa = PBXGroup;
			children = (
				8B2096412842797B00B62A45 /* ContentView.swift */,
				8B20969A2843FF7B00B62A45 /* TabNavigationView.swift */,
			);
			path = Navigation;
			sourceTree = "<group>";
		};
		8B20969D284400C200B62A45 /* Globe */ = {
			isa = PBXGroup;
			children = (
				8B20969E284400C200B62A45 /* GlobeView.swift */,
			);
			path = Globe;
			sourceTree = "<group>";
		};
		8B2096A0284400C200B62A45 /* Map */ = {
			isa = PBXGroup;
			children = (
				8B2096A2284400C200B62A45 /* MapView.swift */,
			);
			path = Map;
			sourceTree = "<group>";
		};
		8B2096AB2844049D00B62A45 /* data */ = {
			isa = PBXGroup;
			children = (
				8B2098FC2844049F00B62A45 /* flag-ceremony-export.json */,
				8B2098FD2844049F00B62A45 /* geography-class_medres.mbtiles */,
				8B2098FE2844049F00B62A45 /* anthems.dict */,
			);
			path = data;
			sourceTree = "<group>";
		};
/* End PBXGroup section */

/* Begin PBXNativeTarget section */
		8B2096472842797D00B62A45 /* Flag Ceremony (iOS) */ = {
			isa = PBXNativeTarget;
			buildConfigurationList = 8B2096752842797D00B62A45 /* Build configuration list for PBXNativeTarget "Flag Ceremony (iOS)" */;
			buildPhases = (
				8B2096442842797D00B62A45 /* Sources */,
				8B2096452842797D00B62A45 /* Frameworks */,
				8B2096462842797D00B62A45 /* Resources */,
			);
			buildRules = (
			);
			dependencies = (
			);
			name = "Flag Ceremony (iOS)";
			packageProductDependencies = (
				8B20968228427AD200B62A45 /* SDWebImageSwiftUI */,
			);
			productName = "Flag Ceremony (iOS)";
			productReference = 8B2096482842797D00B62A45 /* Flag Ceremony.app */;
			productType = "com.apple.product-type.application";
		};
		8B20964D2842797D00B62A45 /* Flag Ceremony (macOS) */ = {
			isa = PBXNativeTarget;
			buildConfigurationList = 8B2096782842797D00B62A45 /* Build configuration list for PBXNativeTarget "Flag Ceremony (macOS)" */;
			buildPhases = (
				8B20964A2842797D00B62A45 /* Sources */,
				8B20964B2842797D00B62A45 /* Frameworks */,
				8B20964C2842797D00B62A45 /* Resources */,
			);
			buildRules = (
			);
			dependencies = (
			);
			name = "Flag Ceremony (macOS)";
			productName = "Flag Ceremony (macOS)";
			productReference = 8B20964E2842797D00B62A45 /* Flag Ceremony.app */;
			productType = "com.apple.product-type.application";
		};
		8B2096542842797D00B62A45 /* Tests iOS */ = {
			isa = PBXNativeTarget;
			buildConfigurationList = 8B20967B2842797D00B62A45 /* Build configuration list for PBXNativeTarget "Tests iOS" */;
			buildPhases = (
				8B2096512842797D00B62A45 /* Sources */,
				8B2096522842797D00B62A45 /* Frameworks */,
				8B2096532842797D00B62A45 /* Resources */,
			);
			buildRules = (
			);
			dependencies = (
				8B2096572842797D00B62A45 /* PBXTargetDependency */,
			);
			name = "Tests iOS";
			productName = "Tests iOS";
			productReference = 8B2096552842797D00B62A45 /* Tests iOS.xctest */;
			productType = "com.apple.product-type.bundle.ui-testing";
		};
		8B2096602842797D00B62A45 /* Tests macOS */ = {
			isa = PBXNativeTarget;
			buildConfigurationList = 8B20967E2842797D00B62A45 /* Build configuration list for PBXNativeTarget "Tests macOS" */;
			buildPhases = (
				8B20965D2842797D00B62A45 /* Sources */,
				8B20965E2842797D00B62A45 /* Frameworks */,
				8B20965F2842797D00B62A45 /* Resources */,
			);
			buildRules = (
			);
			dependencies = (
				8B2096632842797D00B62A45 /* PBXTargetDependency */,
			);
			name = "Tests macOS";
			productName = "Tests macOS";
			productReference = 8B2096612842797D00B62A45 /* Tests macOS.xctest */;
			productType = "com.apple.product-type.bundle.ui-testing";
		};
/* End PBXNativeTarget section */

/* Begin PBXProject section */
		8B2096392842797B00B62A45 /* Project object */ = {
			isa = PBXProject;
			attributes = {
				BuildIndependentTargetsInParallel = 1;
				LastSwiftUpdateCheck = 1340;
				LastUpgradeCheck = 1340;
				TargetAttributes = {
					8B2096472842797D00B62A45 = {
						CreatedOnToolsVersion = 13.4;
					};
					8B20964D2842797D00B62A45 = {
						CreatedOnToolsVersion = 13.4;
					};
					8B2096542842797D00B62A45 = {
						CreatedOnToolsVersion = 13.4;
						TestTargetID = 8B2096472842797D00B62A45;
					};
					8B2096602842797D00B62A45 = {
						CreatedOnToolsVersion = 13.4;
						TestTargetID = 8B20964D2842797D00B62A45;
					};
				};
			};
			buildConfigurationList = 8B20963C2842797B00B62A45 /* Build configuration list for PBXProject "Flag Ceremony" */;
			compatibilityVersion = "Xcode 13.0";
			developmentRegion = en;
			hasScannedForEncodings = 0;
			knownRegions = (
				en,
				Base,
			);
			mainGroup = 8B2096382842797B00B62A45;
			packageReferences = (
				8B20968128427AD200B62A45 /* XCRemoteSwiftPackageReference "SDWebImageSwiftUI" */,
			);
			productRefGroup = 8B2096492842797D00B62A45 /* Products */;
			projectDirPath = "";
			projectReferences = (
				{
					ProductGroup = 8B20968A28427E9300B62A45 /* Products */;
					ProjectRef = 8B20968928427E9300B62A45 /* WhirlyGlobeMaplyComponent.xcodeproj */;
				},
			);
			projectRoot = "";
			targets = (
				8B2096472842797D00B62A45 /* Flag Ceremony (iOS) */,
				8B20964D2842797D00B62A45 /* Flag Ceremony (macOS) */,
				8B2096542842797D00B62A45 /* Tests iOS */,
				8B2096602842797D00B62A45 /* Tests macOS */,
			);
		};
/* End PBXProject section */

/* Begin PBXReferenceProxy section */
		8B20968F28427E9400B62A45 /* WhirlyGlobe.framework */ = {
			isa = PBXReferenceProxy;
			fileType = wrapper.framework;
			path = WhirlyGlobe.framework;
			remoteRef = 8B20968E28427E9400B62A45 /* PBXContainerItemProxy */;
			sourceTree = BUILT_PRODUCTS_DIR;
		};
		8B20969128427E9400B62A45 /* WhirlyGlobeMaplyComponentTests.xctest */ = {
			isa = PBXReferenceProxy;
			fileType = wrapper.cfbundle;
			path = WhirlyGlobeMaplyComponentTests.xctest;
			remoteRef = 8B20969028427E9400B62A45 /* PBXContainerItemProxy */;
			sourceTree = BUILT_PRODUCTS_DIR;
		};
/* End PBXReferenceProxy section */

/* Begin PBXResourcesBuildPhase section */
		8B2096462842797D00B62A45 /* Resources */ = {
			isa = PBXResourcesBuildPhase;
			buildActionMask = 2147483647;
			files = (
				8B209E71284404A100B62A45 /* anthems.dict in Resources */,
				8B209E6D284404A100B62A45 /* flag-ceremony-export.json in Resources */,
				8B209E6F284404A100B62A45 /* geography-class_medres.mbtiles in Resources */,
				8B2096712842797D00B62A45 /* Assets.xcassets in Resources */,
			);
			runOnlyForDeploymentPostprocessing = 0;
		};
		8B20964C2842797D00B62A45 /* Resources */ = {
			isa = PBXResourcesBuildPhase;
			buildActionMask = 2147483647;
			files = (
				8B209E72284404A100B62A45 /* anthems.dict in Resources */,
				8B209E6E284404A100B62A45 /* flag-ceremony-export.json in Resources */,
				8B209E70284404A100B62A45 /* geography-class_medres.mbtiles in Resources */,
				8B2096722842797D00B62A45 /* Assets.xcassets in Resources */,
			);
			runOnlyForDeploymentPostprocessing = 0;
		};
		8B2096532842797D00B62A45 /* Resources */ = {
			isa = PBXResourcesBuildPhase;
			buildActionMask = 2147483647;
			files = (
				8B556AEF29C11AFD00101D46 /* geography-class_medres.mbtiles in Resources */,
			);
			runOnlyForDeploymentPostprocessing = 0;
		};
		8B20965F2842797D00B62A45 /* Resources */ = {
			isa = PBXResourcesBuildPhase;
			buildActionMask = 2147483647;
			files = (
				8B556AF029C11AFE00101D46 /* geography-class_medres.mbtiles in Resources */,
			);
			runOnlyForDeploymentPostprocessing = 0;
		};
/* End PBXResourcesBuildPhase section */

/* Begin PBXSourcesBuildPhase section */
		8B2096442842797D00B62A45 /* Sources */ = {
			isa = PBXSourcesBuildPhase;
			buildActionMask = 2147483647;
			files = (
				8B2096A3284400C200B62A45 /* GlobeView.swift in Sources */,
				8B20969B2843FF7B00B62A45 /* TabNavigationView.swift in Sources */,
				8B2096692842797D00B62A45 /* Flag_Ceremony.xcdatamodeld in Sources */,
				8B20966F2842797D00B62A45 /* Persistence.swift in Sources */,
				8B20966B2842797D00B62A45 /* Flag_CeremonyApp.swift in Sources */,
				8B20966D2842797D00B62A45 /* ContentView.swift in Sources */,
				8B2096A9284400C200B62A45 /* MapView.swift in Sources */,
			);
			runOnlyForDeploymentPostprocessing = 0;
		};
		8B20964A2842797D00B62A45 /* Sources */ = {
			isa = PBXSourcesBuildPhase;
			buildActionMask = 2147483647;
			files = (
				8B2096A4284400C200B62A45 /* GlobeView.swift in Sources */,
				8B20969C2843FF7B00B62A45 /* TabNavigationView.swift in Sources */,
				8B20966A2842797D00B62A45 /* Flag_Ceremony.xcdatamodeld in Sources */,
				8B2096702842797D00B62A45 /* Persistence.swift in Sources */,
				8B20966C2842797D00B62A45 /* Flag_CeremonyApp.swift in Sources */,
				8B20966E2842797D00B62A45 /* ContentView.swift in Sources */,
				8B2096AA284400C200B62A45 /* MapView.swift in Sources */,
			);
			runOnlyForDeploymentPostprocessing = 0;
		};
		8B2096512842797D00B62A45 /* Sources */ = {
			isa = PBXSourcesBuildPhase;
			buildActionMask = 2147483647;
			files = (
				8B20965C2842797D00B62A45 /* Tests_iOSLaunchTests.swift in Sources */,
				8B20965A2842797D00B62A45 /* Tests_iOS.swift in Sources */,
			);
			runOnlyForDeploymentPostprocessing = 0;
		};
		8B20965D2842797D00B62A45 /* Sources */ = {
			isa = PBXSourcesBuildPhase;
			buildActionMask = 2147483647;
			files = (
				8B2096682842797D00B62A45 /* Tests_macOSLaunchTests.swift in Sources */,
				8B2096662842797D00B62A45 /* Tests_macOS.swift in Sources */,
			);
			runOnlyForDeploymentPostprocessing = 0;
		};
/* End PBXSourcesBuildPhase section */

/* Begin PBXTargetDependency section */
		8B2096572842797D00B62A45 /* PBXTargetDependency */ = {
			isa = PBXTargetDependency;
			target = 8B2096472842797D00B62A45 /* Flag Ceremony (iOS) */;
			targetProxy = 8B2096562842797D00B62A45 /* PBXContainerItemProxy */;
		};
		8B2096632842797D00B62A45 /* PBXTargetDependency */ = {
			isa = PBXTargetDependency;
			target = 8B20964D2842797D00B62A45 /* Flag Ceremony (macOS) */;
			targetProxy = 8B2096622842797D00B62A45 /* PBXContainerItemProxy */;
		};
/* End PBXTargetDependency section */

/* Begin XCBuildConfiguration section */
		8B2096732842797D00B62A45 /* Debug */ = {
			isa = XCBuildConfiguration;
			buildSettings = {
				ALWAYS_SEARCH_USER_PATHS = NO;
				CLANG_ANALYZER_NONNULL = YES;
				CLANG_ANALYZER_NUMBER_OBJECT_CONVERSION = YES_AGGRESSIVE;
				CLANG_CXX_LANGUAGE_STANDARD = "gnu++17";
				CLANG_ENABLE_MODULES = YES;
				CLANG_ENABLE_OBJC_ARC = YES;
				CLANG_ENABLE_OBJC_WEAK = YES;
				CLANG_WARN_BLOCK_CAPTURE_AUTORELEASING = YES;
				CLANG_WARN_BOOL_CONVERSION = YES;
				CLANG_WARN_COMMA = YES;
				CLANG_WARN_CONSTANT_CONVERSION = YES;
				CLANG_WARN_DEPRECATED_OBJC_IMPLEMENTATIONS = YES;
				CLANG_WARN_DIRECT_OBJC_ISA_USAGE = YES_ERROR;
				CLANG_WARN_DOCUMENTATION_COMMENTS = YES;
				CLANG_WARN_EMPTY_BODY = YES;
				CLANG_WARN_ENUM_CONVERSION = YES;
				CLANG_WARN_INFINITE_RECURSION = YES;
				CLANG_WARN_INT_CONVERSION = YES;
				CLANG_WARN_NON_LITERAL_NULL_CONVERSION = YES;
				CLANG_WARN_OBJC_IMPLICIT_RETAIN_SELF = YES;
				CLANG_WARN_OBJC_LITERAL_CONVERSION = YES;
				CLANG_WARN_OBJC_ROOT_CLASS = YES_ERROR;
				CLANG_WARN_QUOTED_INCLUDE_IN_FRAMEWORK_HEADER = YES;
				CLANG_WARN_RANGE_LOOP_ANALYSIS = YES;
				CLANG_WARN_STRICT_PROTOTYPES = YES;
				CLANG_WARN_SUSPICIOUS_MOVE = YES;
				CLANG_WARN_UNGUARDED_AVAILABILITY = YES_AGGRESSIVE;
				CLANG_WARN_UNREACHABLE_CODE = YES;
				CLANG_WARN__DUPLICATE_METHOD_MATCH = YES;
				COPY_PHASE_STRIP = NO;
				DEBUG_INFORMATION_FORMAT = dwarf;
				ENABLE_STRICT_OBJC_MSGSEND = YES;
				ENABLE_TESTABILITY = YES;
				GCC_C_LANGUAGE_STANDARD = gnu11;
				GCC_DYNAMIC_NO_PIC = NO;
				GCC_NO_COMMON_BLOCKS = YES;
				GCC_OPTIMIZATION_LEVEL = 0;
				GCC_PREPROCESSOR_DEFINITIONS = (
					"DEBUG=1",
					"$(inherited)",
				);
				GCC_WARN_64_TO_32_BIT_CONVERSION = YES;
				GCC_WARN_ABOUT_RETURN_TYPE = YES_ERROR;
				GCC_WARN_UNDECLARED_SELECTOR = YES;
				GCC_WARN_UNINITIALIZED_AUTOS = YES_AGGRESSIVE;
				GCC_WARN_UNUSED_FUNCTION = YES;
				GCC_WARN_UNUSED_VARIABLE = YES;
				MTL_ENABLE_DEBUG_INFO = INCLUDE_SOURCE;
				MTL_FAST_MATH = YES;
				ONLY_ACTIVE_ARCH = YES;
				SWIFT_ACTIVE_COMPILATION_CONDITIONS = DEBUG;
				SWIFT_OPTIMIZATION_LEVEL = "-Onone";
			};
			name = Debug;
		};
		8B2096742842797D00B62A45 /* Release */ = {
			isa = XCBuildConfiguration;
			buildSettings = {
				ALWAYS_SEARCH_USER_PATHS = NO;
				CLANG_ANALYZER_NONNULL = YES;
				CLANG_ANALYZER_NUMBER_OBJECT_CONVERSION = YES_AGGRESSIVE;
				CLANG_CXX_LANGUAGE_STANDARD = "gnu++17";
				CLANG_ENABLE_MODULES = YES;
				CLANG_ENABLE_OBJC_ARC = YES;
				CLANG_ENABLE_OBJC_WEAK = YES;
				CLANG_WARN_BLOCK_CAPTURE_AUTORELEASING = YES;
				CLANG_WARN_BOOL_CONVERSION = YES;
				CLANG_WARN_COMMA = YES;
				CLANG_WARN_CONSTANT_CONVERSION = YES;
				CLANG_WARN_DEPRECATED_OBJC_IMPLEMENTATIONS = YES;
				CLANG_WARN_DIRECT_OBJC_ISA_USAGE = YES_ERROR;
				CLANG_WARN_DOCUMENTATION_COMMENTS = YES;
				CLANG_WARN_EMPTY_BODY = YES;
				CLANG_WARN_ENUM_CONVERSION = YES;
				CLANG_WARN_INFINITE_RECURSION = YES;
				CLANG_WARN_INT_CONVERSION = YES;
				CLANG_WARN_NON_LITERAL_NULL_CONVERSION = YES;
				CLANG_WARN_OBJC_IMPLICIT_RETAIN_SELF = YES;
				CLANG_WARN_OBJC_LITERAL_CONVERSION = YES;
				CLANG_WARN_OBJC_ROOT_CLASS = YES_ERROR;
				CLANG_WARN_QUOTED_INCLUDE_IN_FRAMEWORK_HEADER = YES;
				CLANG_WARN_RANGE_LOOP_ANALYSIS = YES;
				CLANG_WARN_STRICT_PROTOTYPES = YES;
				CLANG_WARN_SUSPICIOUS_MOVE = YES;
				CLANG_WARN_UNGUARDED_AVAILABILITY = YES_AGGRESSIVE;
				CLANG_WARN_UNREACHABLE_CODE = YES;
				CLANG_WARN__DUPLICATE_METHOD_MATCH = YES;
				COPY_PHASE_STRIP = NO;
				DEBUG_INFORMATION_FORMAT = "dwarf-with-dsym";
				ENABLE_NS_ASSERTIONS = NO;
				ENABLE_STRICT_OBJC_MSGSEND = YES;
				GCC_C_LANGUAGE_STANDARD = gnu11;
				GCC_NO_COMMON_BLOCKS = YES;
				GCC_WARN_64_TO_32_BIT_CONVERSION = YES;
				GCC_WARN_ABOUT_RETURN_TYPE = YES_ERROR;
				GCC_WARN_UNDECLARED_SELECTOR = YES;
				GCC_WARN_UNINITIALIZED_AUTOS = YES_AGGRESSIVE;
				GCC_WARN_UNUSED_FUNCTION = YES;
				GCC_WARN_UNUSED_VARIABLE = YES;
				MTL_ENABLE_DEBUG_INFO = NO;
				MTL_FAST_MATH = YES;
				SWIFT_COMPILATION_MODE = wholemodule;
				SWIFT_OPTIMIZATION_LEVEL = "-O";
			};
			name = Release;
		};
		8B2096762842797D00B62A45 /* Debug */ = {
			isa = XCBuildConfiguration;
			buildSettings = {
				ASSETCATALOG_COMPILER_APPICON_NAME = AppIcon;
				ASSETCATALOG_COMPILER_GLOBAL_ACCENT_COLOR_NAME = AccentColor;
				CODE_SIGN_STYLE = Automatic;
				CURRENT_PROJECT_VERSION = 1;
				ENABLE_PREVIEWS = YES;
				GENERATE_INFOPLIST_FILE = YES;
				HEADER_SEARCH_PATHS = "\"$(SRCROOT)/libs/WhirlyGlobeMaply/ios/library/WhirlyGlobe-MaplyComponent/include/\"";
				INFOPLIST_FILE = "Flag-Ceremony--iOS--Info.plist";
				INFOPLIST_KEY_UIApplicationSceneManifest_Generation = YES;
				INFOPLIST_KEY_UIApplicationSupportsIndirectInputEvents = YES;
				INFOPLIST_KEY_UILaunchScreen_Generation = YES;
				INFOPLIST_KEY_UISupportedInterfaceOrientations_iPad = "UIInterfaceOrientationPortrait UIInterfaceOrientationPortraitUpsideDown UIInterfaceOrientationLandscapeLeft UIInterfaceOrientationLandscapeRight";
				INFOPLIST_KEY_UISupportedInterfaceOrientations_iPhone = "UIInterfaceOrientationPortrait UIInterfaceOrientationLandscapeLeft UIInterfaceOrientationLandscapeRight";
				IPHONEOS_DEPLOYMENT_TARGET = 15.5;
				LD_RUNPATH_SEARCH_PATHS = (
					"$(inherited)",
					"@executable_path/Frameworks",
				);
				MARKETING_VERSION = 1.0;
				PRODUCT_BUNDLE_IDENTIFIER = "com.jovitoroyeca..Flag-Ceremony";
				PRODUCT_NAME = "Flag Ceremony";
				SDKROOT = iphoneos;
				SWIFT_EMIT_LOC_STRINGS = YES;
				SWIFT_OBJC_BRIDGING_HEADER = "libs/WhirlyGlobeMaply/ios/library/WhirlyGlobe-MaplyComponent/include/MaplyBridge.h";
				SWIFT_VERSION = 5.0;
				TARGETED_DEVICE_FAMILY = "1,2";
			};
			name = Debug;
		};
		8B2096772842797D00B62A45 /* Release */ = {
			isa = XCBuildConfiguration;
			buildSettings = {
				ASSETCATALOG_COMPILER_APPICON_NAME = AppIcon;
				ASSETCATALOG_COMPILER_GLOBAL_ACCENT_COLOR_NAME = AccentColor;
				CODE_SIGN_STYLE = Automatic;
				CURRENT_PROJECT_VERSION = 1;
				ENABLE_PREVIEWS = YES;
				GENERATE_INFOPLIST_FILE = YES;
				HEADER_SEARCH_PATHS = "\"$(SRCROOT)/libs/WhirlyGlobeMaply/ios/library/WhirlyGlobe-MaplyComponent/include/\"";
				INFOPLIST_FILE = "Flag-Ceremony--iOS--Info.plist";
				INFOPLIST_KEY_UIApplicationSceneManifest_Generation = YES;
				INFOPLIST_KEY_UIApplicationSupportsIndirectInputEvents = YES;
				INFOPLIST_KEY_UILaunchScreen_Generation = YES;
				INFOPLIST_KEY_UISupportedInterfaceOrientations_iPad = "UIInterfaceOrientationPortrait UIInterfaceOrientationPortraitUpsideDown UIInterfaceOrientationLandscapeLeft UIInterfaceOrientationLandscapeRight";
				INFOPLIST_KEY_UISupportedInterfaceOrientations_iPhone = "UIInterfaceOrientationPortrait UIInterfaceOrientationLandscapeLeft UIInterfaceOrientationLandscapeRight";
				IPHONEOS_DEPLOYMENT_TARGET = 15.5;
				LD_RUNPATH_SEARCH_PATHS = (
					"$(inherited)",
					"@executable_path/Frameworks",
				);
				MARKETING_VERSION = 1.0;
				PRODUCT_BUNDLE_IDENTIFIER = "com.jovitoroyeca..Flag-Ceremony";
				PRODUCT_NAME = "Flag Ceremony";
				SDKROOT = iphoneos;
				SWIFT_EMIT_LOC_STRINGS = YES;
				SWIFT_OBJC_BRIDGING_HEADER = "libs/WhirlyGlobeMaply/ios/library/WhirlyGlobe-MaplyComponent/include/MaplyBridge.h";
				SWIFT_VERSION = 5.0;
				TARGETED_DEVICE_FAMILY = "1,2";
				VALIDATE_PRODUCT = YES;
			};
			name = Release;
		};
		8B2096792842797D00B62A45 /* Debug */ = {
			isa = XCBuildConfiguration;
			buildSettings = {
				ASSETCATALOG_COMPILER_APPICON_NAME = AppIcon;
				ASSETCATALOG_COMPILER_GLOBAL_ACCENT_COLOR_NAME = AccentColor;
				CODE_SIGN_ENTITLEMENTS = macOS/macOS.entitlements;
				CODE_SIGN_IDENTITY = "-";
				CODE_SIGN_STYLE = Automatic;
				COMBINE_HIDPI_IMAGES = YES;
				CURRENT_PROJECT_VERSION = 1;
				ENABLE_PREVIEWS = YES;
				GENERATE_INFOPLIST_FILE = YES;
				INFOPLIST_KEY_NSHumanReadableCopyright = "";
				LD_RUNPATH_SEARCH_PATHS = (
					"$(inherited)",
					"@executable_path/../Frameworks",
				);
				MACOSX_DEPLOYMENT_TARGET = 12.3;
				MARKETING_VERSION = 1.0;
				PRODUCT_BUNDLE_IDENTIFIER = "com.jovitoroyeca..Flag-Ceremony";
				PRODUCT_NAME = "Flag Ceremony";
				SDKROOT = macosx;
				SWIFT_EMIT_LOC_STRINGS = YES;
				SWIFT_VERSION = 5.0;
			};
			name = Debug;
		};
		8B20967A2842797D00B62A45 /* Release */ = {
			isa = XCBuildConfiguration;
			buildSettings = {
				ASSETCATALOG_COMPILER_APPICON_NAME = AppIcon;
				ASSETCATALOG_COMPILER_GLOBAL_ACCENT_COLOR_NAME = AccentColor;
				CODE_SIGN_ENTITLEMENTS = macOS/macOS.entitlements;
				CODE_SIGN_IDENTITY = "-";
				CODE_SIGN_STYLE = Automatic;
				COMBINE_HIDPI_IMAGES = YES;
				CURRENT_PROJECT_VERSION = 1;
				ENABLE_PREVIEWS = YES;
				GENERATE_INFOPLIST_FILE = YES;
				INFOPLIST_KEY_NSHumanReadableCopyright = "";
				LD_RUNPATH_SEARCH_PATHS = (
					"$(inherited)",
					"@executable_path/../Frameworks",
				);
				MACOSX_DEPLOYMENT_TARGET = 12.3;
				MARKETING_VERSION = 1.0;
				PRODUCT_BUNDLE_IDENTIFIER = "com.jovitoroyeca..Flag-Ceremony";
				PRODUCT_NAME = "Flag Ceremony";
				SDKROOT = macosx;
				SWIFT_EMIT_LOC_STRINGS = YES;
				SWIFT_VERSION = 5.0;
			};
			name = Release;
		};
		8B20967C2842797D00B62A45 /* Debug */ = {
			isa = XCBuildConfiguration;
			buildSettings = {
				ALWAYS_EMBED_SWIFT_STANDARD_LIBRARIES = YES;
				CODE_SIGN_STYLE = Automatic;
				CURRENT_PROJECT_VERSION = 1;
				GENERATE_INFOPLIST_FILE = YES;
				IPHONEOS_DEPLOYMENT_TARGET = 15.5;
				MARKETING_VERSION = 1.0;
				PRODUCT_BUNDLE_IDENTIFIER = "com.jovitoroyeca..Tests-iOS";
				PRODUCT_NAME = "$(TARGET_NAME)";
				SDKROOT = iphoneos;
				SWIFT_EMIT_LOC_STRINGS = NO;
				SWIFT_VERSION = 5.0;
				TARGETED_DEVICE_FAMILY = "1,2";
				TEST_TARGET_NAME = "Flag Ceremony (iOS)";
			};
			name = Debug;
		};
		8B20967D2842797D00B62A45 /* Release */ = {
			isa = XCBuildConfiguration;
			buildSettings = {
				ALWAYS_EMBED_SWIFT_STANDARD_LIBRARIES = YES;
				CODE_SIGN_STYLE = Automatic;
				CURRENT_PROJECT_VERSION = 1;
				GENERATE_INFOPLIST_FILE = YES;
				IPHONEOS_DEPLOYMENT_TARGET = 15.5;
				MARKETING_VERSION = 1.0;
				PRODUCT_BUNDLE_IDENTIFIER = "com.jovitoroyeca..Tests-iOS";
				PRODUCT_NAME = "$(TARGET_NAME)";
				SDKROOT = iphoneos;
				SWIFT_EMIT_LOC_STRINGS = NO;
				SWIFT_VERSION = 5.0;
				TARGETED_DEVICE_FAMILY = "1,2";
				TEST_TARGET_NAME = "Flag Ceremony (iOS)";
				VALIDATE_PRODUCT = YES;
			};
			name = Release;
		};
		8B20967F2842797D00B62A45 /* Debug */ = {
			isa = XCBuildConfiguration;
			buildSettings = {
				ALWAYS_EMBED_SWIFT_STANDARD_LIBRARIES = YES;
				CODE_SIGN_STYLE = Automatic;
				CURRENT_PROJECT_VERSION = 1;
				GENERATE_INFOPLIST_FILE = YES;
				MACOSX_DEPLOYMENT_TARGET = 12.3;
				MARKETING_VERSION = 1.0;
				PRODUCT_BUNDLE_IDENTIFIER = "com.jovitoroyeca..Tests-macOS";
				PRODUCT_NAME = "$(TARGET_NAME)";
				SDKROOT = macosx;
				SWIFT_EMIT_LOC_STRINGS = NO;
				SWIFT_VERSION = 5.0;
				TEST_TARGET_NAME = "Flag Ceremony (macOS)";
			};
			name = Debug;
		};
		8B2096802842797D00B62A45 /* Release */ = {
			isa = XCBuildConfiguration;
			buildSettings = {
				ALWAYS_EMBED_SWIFT_STANDARD_LIBRARIES = YES;
				CODE_SIGN_STYLE = Automatic;
				CURRENT_PROJECT_VERSION = 1;
				GENERATE_INFOPLIST_FILE = YES;
				MACOSX_DEPLOYMENT_TARGET = 12.3;
				MARKETING_VERSION = 1.0;
				PRODUCT_BUNDLE_IDENTIFIER = "com.jovitoroyeca..Tests-macOS";
				PRODUCT_NAME = "$(TARGET_NAME)";
				SDKROOT = macosx;
				SWIFT_EMIT_LOC_STRINGS = NO;
				SWIFT_VERSION = 5.0;
				TEST_TARGET_NAME = "Flag Ceremony (macOS)";
			};
			name = Release;
		};
/* End XCBuildConfiguration section */

/* Begin XCConfigurationList section */
		8B20963C2842797B00B62A45 /* Build configuration list for PBXProject "Flag Ceremony" */ = {
			isa = XCConfigurationList;
			buildConfigurations = (
				8B2096732842797D00B62A45 /* Debug */,
				8B2096742842797D00B62A45 /* Release */,
			);
			defaultConfigurationIsVisible = 0;
			defaultConfigurationName = Release;
		};
		8B2096752842797D00B62A45 /* Build configuration list for PBXNativeTarget "Flag Ceremony (iOS)" */ = {
			isa = XCConfigurationList;
			buildConfigurations = (
				8B2096762842797D00B62A45 /* Debug */,
				8B2096772842797D00B62A45 /* Release */,
			);
			defaultConfigurationIsVisible = 0;
			defaultConfigurationName = Release;
		};
		8B2096782842797D00B62A45 /* Build configuration list for PBXNativeTarget "Flag Ceremony (macOS)" */ = {
			isa = XCConfigurationList;
			buildConfigurations = (
				8B2096792842797D00B62A45 /* Debug */,
				8B20967A2842797D00B62A45 /* Release */,
			);
			defaultConfigurationIsVisible = 0;
			defaultConfigurationName = Release;
		};
		8B20967B2842797D00B62A45 /* Build configuration list for PBXNativeTarget "Tests iOS" */ = {
			isa = XCConfigurationList;
			buildConfigurations = (
				8B20967C2842797D00B62A45 /* Debug */,
				8B20967D2842797D00B62A45 /* Release */,
			);
			defaultConfigurationIsVisible = 0;
			defaultConfigurationName = Release;
		};
		8B20967E2842797D00B62A45 /* Build configuration list for PBXNativeTarget "Tests macOS" */ = {
			isa = XCConfigurationList;
			buildConfigurations = (
				8B20967F2842797D00B62A45 /* Debug */,
				8B2096802842797D00B62A45 /* Release */,
			);
			defaultConfigurationIsVisible = 0;
			defaultConfigurationName = Release;
		};
/* End XCConfigurationList section */

/* Begin XCRemoteSwiftPackageReference section */
		8B20968128427AD200B62A45 /* XCRemoteSwiftPackageReference "SDWebImageSwiftUI" */ = {
			isa = XCRemoteSwiftPackageReference;
			repositoryURL = "https://github.com/SDWebImage/SDWebImageSwiftUI.git";
			requirement = {
				branch = master;
				kind = branch;
			};
		};
/* End XCRemoteSwiftPackageReference section */

/* Begin XCSwiftPackageProductDependency section */
		8B20968228427AD200B62A45 /* SDWebImageSwiftUI */ = {
			isa = XCSwiftPackageProductDependency;
			package = 8B20968128427AD200B62A45 /* XCRemoteSwiftPackageReference "SDWebImageSwiftUI" */;
			productName = SDWebImageSwiftUI;
		};
/* End XCSwiftPackageProductDependency section */

/* Begin XCVersionGroup section */
		8B20963E2842797B00B62A45 /* Flag_Ceremony.xcdatamodeld */ = {
			isa = XCVersionGroup;
			children = (
				8B20963F2842797B00B62A45 /* Shared.xcdatamodel */,
			);
			currentVersion = 8B20963F2842797B00B62A45 /* Shared.xcdatamodel */;
			path = Flag_Ceremony.xcdatamodeld;
			sourceTree = "<group>";
			versionGroupType = wrapper.xcdatamodel;
		};
/* End XCVersionGroup section */
	};
	rootObject = 8B2096392842797B00B62A45 /* Project object */;
}
