// !$*UTF8*$!
{
	archiveVersion = 1;
	classes = {
	};
	objectVersion = 46;
	objects = {

/* Begin PBXBuildFile section */
		8C02966C1D8A46FD00BE8C02 /* MapViewController.swift in Sources */ = {isa = PBXBuildFile; fileRef = 8C02966B1D8A46FD00BE8C02 /* MapViewController.swift */; };
		8C02966D1D8A46FD00BE8C02 /* MapViewController.swift in Sources */ = {isa = PBXBuildFile; fileRef = 8C02966B1D8A46FD00BE8C02 /* MapViewController.swift */; };
		8C02966E1D8A46FD00BE8C02 /* MapViewController.swift in Sources */ = {isa = PBXBuildFile; fileRef = 8C02966B1D8A46FD00BE8C02 /* MapViewController.swift */; };
		8C0296701D8A471000BE8C02 /* GlobeViewController.swift in Sources */ = {isa = PBXBuildFile; fileRef = 8C02966F1D8A471000BE8C02 /* GlobeViewController.swift */; };
		8C0296711D8A471000BE8C02 /* GlobeViewController.swift in Sources */ = {isa = PBXBuildFile; fileRef = 8C02966F1D8A471000BE8C02 /* GlobeViewController.swift */; };
		8C0296721D8A471000BE8C02 /* GlobeViewController.swift in Sources */ = {isa = PBXBuildFile; fileRef = 8C02966F1D8A471000BE8C02 /* GlobeViewController.swift */; };
		8C0296781D8A7B2400BE8C02 /* DismissableViewController.swift in Sources */ = {isa = PBXBuildFile; fileRef = 8C0296771D8A7B2400BE8C02 /* DismissableViewController.swift */; };
		8C0296791D8A7B2400BE8C02 /* DismissableViewController.swift in Sources */ = {isa = PBXBuildFile; fileRef = 8C0296771D8A7B2400BE8C02 /* DismissableViewController.swift */; };
		8C02967A1D8A7B2400BE8C02 /* DismissableViewController.swift in Sources */ = {isa = PBXBuildFile; fileRef = 8C0296771D8A7B2400BE8C02 /* DismissableViewController.swift */; };
		8C4E97291D88ED50005A685B /* AppDelegate.swift in Sources */ = {isa = PBXBuildFile; fileRef = 8C4E97281D88ED50005A685B /* AppDelegate.swift */; };
		8C4E972E1D88ED50005A685B /* Main.storyboard in Resources */ = {isa = PBXBuildFile; fileRef = 8C4E972C1D88ED50005A685B /* Main.storyboard */; };
		8C4E97301D88ED50005A685B /* Assets.xcassets in Resources */ = {isa = PBXBuildFile; fileRef = 8C4E972F1D88ED50005A685B /* Assets.xcassets */; };
		8C4E97331D88ED50005A685B /* LaunchScreen.storyboard in Resources */ = {isa = PBXBuildFile; fileRef = 8C4E97311D88ED50005A685B /* LaunchScreen.storyboard */; };
		8C4E973E1D88ED51005A685B /* Flag_CeremonyTests.swift in Sources */ = {isa = PBXBuildFile; fileRef = 8C4E973D1D88ED51005A685B /* Flag_CeremonyTests.swift */; };
		8C4E97491D88ED51005A685B /* Flag_CeremonyUITests.swift in Sources */ = {isa = PBXBuildFile; fileRef = 8C4E97481D88ED51005A685B /* Flag_CeremonyUITests.swift */; };
		8C4E97571D890900005A685B /* data in Resources */ = {isa = PBXBuildFile; fileRef = 8C4E97561D890900005A685B /* data */; };
		8CBB26A31DD983BD00660EB9 /* NetworkingManager.swift in Sources */ = {isa = PBXBuildFile; fileRef = 8CBB26A21DD983BD00660EB9 /* NetworkingManager.swift */; };
		8CBB26A41DD983BD00660EB9 /* NetworkingManager.swift in Sources */ = {isa = PBXBuildFile; fileRef = 8CBB26A21DD983BD00660EB9 /* NetworkingManager.swift */; };
		8CBB26A51DD983BD00660EB9 /* NetworkingManager.swift in Sources */ = {isa = PBXBuildFile; fileRef = 8CBB26A21DD983BD00660EB9 /* NetworkingManager.swift */; };
		8CBB26A71DD983D400660EB9 /* API.swift in Sources */ = {isa = PBXBuildFile; fileRef = 8CBB26A61DD983D400660EB9 /* API.swift */; };
		8CBB26A81DD983D400660EB9 /* API.swift in Sources */ = {isa = PBXBuildFile; fileRef = 8CBB26A61DD983D400660EB9 /* API.swift */; };
		8CBB26A91DD983D400660EB9 /* API.swift in Sources */ = {isa = PBXBuildFile; fileRef = 8CBB26A61DD983D400660EB9 /* API.swift */; };
		8CBB26AB1DD986BD00660EB9 /* Constants.swift in Sources */ = {isa = PBXBuildFile; fileRef = 8CBB26AA1DD986BD00660EB9 /* Constants.swift */; };
		8CBB26AC1DD986BD00660EB9 /* Constants.swift in Sources */ = {isa = PBXBuildFile; fileRef = 8CBB26AA1DD986BD00660EB9 /* Constants.swift */; };
		8CBB26AD1DD986BD00660EB9 /* Constants.swift in Sources */ = {isa = PBXBuildFile; fileRef = 8CBB26AA1DD986BD00660EB9 /* Constants.swift */; };
		8CBB26B01DD9883300660EB9 /* Flag Ceremony.xcdatamodeld in Sources */ = {isa = PBXBuildFile; fileRef = 8CBB26AE1DD9883300660EB9 /* Flag Ceremony.xcdatamodeld */; };
		8CBB26B11DD9883300660EB9 /* Flag Ceremony.xcdatamodeld in Sources */ = {isa = PBXBuildFile; fileRef = 8CBB26AE1DD9883300660EB9 /* Flag Ceremony.xcdatamodeld */; };
		8CBB26B21DD9883300660EB9 /* Flag Ceremony.xcdatamodeld in Sources */ = {isa = PBXBuildFile; fileRef = 8CBB26AE1DD9883300660EB9 /* Flag Ceremony.xcdatamodeld */; };
		8CC265791DDABD0C001CDCF0 /* CountryViewController.swift in Sources */ = {isa = PBXBuildFile; fileRef = 8CC265781DDABD0C001CDCF0 /* CountryViewController.swift */; };
		8CC2657A1DDABD0C001CDCF0 /* CountryViewController.swift in Sources */ = {isa = PBXBuildFile; fileRef = 8CC265781DDABD0C001CDCF0 /* CountryViewController.swift */; };
		8CC2657B1DDABD0C001CDCF0 /* CountryViewController.swift in Sources */ = {isa = PBXBuildFile; fileRef = 8CC265781DDABD0C001CDCF0 /* CountryViewController.swift */; };
		8CD36E841DD9A9C600C13E2A /* Capital+CoreDataClass.swift in Sources */ = {isa = PBXBuildFile; fileRef = 8CD36E7C1DD9A9C600C13E2A /* Capital+CoreDataClass.swift */; };
		8CD36E851DD9A9C600C13E2A /* Capital+CoreDataClass.swift in Sources */ = {isa = PBXBuildFile; fileRef = 8CD36E7C1DD9A9C600C13E2A /* Capital+CoreDataClass.swift */; };
		8CD36E861DD9A9C600C13E2A /* Capital+CoreDataClass.swift in Sources */ = {isa = PBXBuildFile; fileRef = 8CD36E7C1DD9A9C600C13E2A /* Capital+CoreDataClass.swift */; };
		8CD36E871DD9A9C600C13E2A /* Capital+CoreDataProperties.swift in Sources */ = {isa = PBXBuildFile; fileRef = 8CD36E7D1DD9A9C600C13E2A /* Capital+CoreDataProperties.swift */; };
		8CD36E881DD9A9C600C13E2A /* Capital+CoreDataProperties.swift in Sources */ = {isa = PBXBuildFile; fileRef = 8CD36E7D1DD9A9C600C13E2A /* Capital+CoreDataProperties.swift */; };
		8CD36E891DD9A9C600C13E2A /* Capital+CoreDataProperties.swift in Sources */ = {isa = PBXBuildFile; fileRef = 8CD36E7D1DD9A9C600C13E2A /* Capital+CoreDataProperties.swift */; };
		8CD36E8A1DD9A9C600C13E2A /* Country+CoreDataClass.swift in Sources */ = {isa = PBXBuildFile; fileRef = 8CD36E7E1DD9A9C600C13E2A /* Country+CoreDataClass.swift */; };
		8CD36E8B1DD9A9C600C13E2A /* Country+CoreDataClass.swift in Sources */ = {isa = PBXBuildFile; fileRef = 8CD36E7E1DD9A9C600C13E2A /* Country+CoreDataClass.swift */; };
		8CD36E8C1DD9A9C600C13E2A /* Country+CoreDataClass.swift in Sources */ = {isa = PBXBuildFile; fileRef = 8CD36E7E1DD9A9C600C13E2A /* Country+CoreDataClass.swift */; };
		8CD36E8D1DD9A9C600C13E2A /* Country+CoreDataProperties.swift in Sources */ = {isa = PBXBuildFile; fileRef = 8CD36E7F1DD9A9C600C13E2A /* Country+CoreDataProperties.swift */; };
		8CD36E8E1DD9A9C600C13E2A /* Country+CoreDataProperties.swift in Sources */ = {isa = PBXBuildFile; fileRef = 8CD36E7F1DD9A9C600C13E2A /* Country+CoreDataProperties.swift */; };
		8CD36E8F1DD9A9C600C13E2A /* Country+CoreDataProperties.swift in Sources */ = {isa = PBXBuildFile; fileRef = 8CD36E7F1DD9A9C600C13E2A /* Country+CoreDataProperties.swift */; };
		C0CCDEDE33B73B2FA7EBDA5D /* Pods_Flag_CeremonyTests.framework in Frameworks */ = {isa = PBXBuildFile; fileRef = 9FE45D831215CED85056C3D9 /* Pods_Flag_CeremonyTests.framework */; };
		E5F34C9FC682CD3EE02A504A /* Pods_Flag_CeremonyUITests.framework in Frameworks */ = {isa = PBXBuildFile; fileRef = F5148D537963A660A444EBED /* Pods_Flag_CeremonyUITests.framework */; };
		F0B760F70B39745DFF111613 /* Pods_Flag_Ceremony.framework in Frameworks */ = {isa = PBXBuildFile; fileRef = 9868A8B48C6062188ED92EAB /* Pods_Flag_Ceremony.framework */; };
/* End PBXBuildFile section */

/* Begin PBXContainerItemProxy section */
		8C4E973A1D88ED51005A685B /* PBXContainerItemProxy */ = {
			isa = PBXContainerItemProxy;
			containerPortal = 8C4E971D1D88ED50005A685B /* Project object */;
			proxyType = 1;
			remoteGlobalIDString = 8C4E97241D88ED50005A685B;
			remoteInfo = "Flag Ceremony";
		};
		8C4E97451D88ED51005A685B /* PBXContainerItemProxy */ = {
			isa = PBXContainerItemProxy;
			containerPortal = 8C4E971D1D88ED50005A685B /* Project object */;
			proxyType = 1;
			remoteGlobalIDString = 8C4E97241D88ED50005A685B;
			remoteInfo = "Flag Ceremony";
		};
/* End PBXContainerItemProxy section */

/* Begin PBXFileReference section */
		7CFE490719178C95D5EC68B8 /* Pods-Flag CeremonyTests.debug.xcconfig */ = {isa = PBXFileReference; includeInIndex = 1; lastKnownFileType = text.xcconfig; name = "Pods-Flag CeremonyTests.debug.xcconfig"; path = "Pods/Target Support Files/Pods-Flag CeremonyTests/Pods-Flag CeremonyTests.debug.xcconfig"; sourceTree = "<group>"; };
		8C02966B1D8A46FD00BE8C02 /* MapViewController.swift */ = {isa = PBXFileReference; fileEncoding = 4; lastKnownFileType = sourcecode.swift; path = MapViewController.swift; sourceTree = "<group>"; };
		8C02966F1D8A471000BE8C02 /* GlobeViewController.swift */ = {isa = PBXFileReference; fileEncoding = 4; lastKnownFileType = sourcecode.swift; path = GlobeViewController.swift; sourceTree = "<group>"; };
		8C0296771D8A7B2400BE8C02 /* DismissableViewController.swift */ = {isa = PBXFileReference; fileEncoding = 4; lastKnownFileType = sourcecode.swift; path = DismissableViewController.swift; sourceTree = "<group>"; };
		8C4E97251D88ED50005A685B /* Flag Ceremony.app */ = {isa = PBXFileReference; explicitFileType = wrapper.application; includeInIndex = 0; path = "Flag Ceremony.app"; sourceTree = BUILT_PRODUCTS_DIR; };
		8C4E97281D88ED50005A685B /* AppDelegate.swift */ = {isa = PBXFileReference; lastKnownFileType = sourcecode.swift; path = AppDelegate.swift; sourceTree = "<group>"; };
		8C4E972D1D88ED50005A685B /* Base */ = {isa = PBXFileReference; lastKnownFileType = file.storyboard; name = Base; path = Base.lproj/Main.storyboard; sourceTree = "<group>"; };
		8C4E972F1D88ED50005A685B /* Assets.xcassets */ = {isa = PBXFileReference; lastKnownFileType = folder.assetcatalog; path = Assets.xcassets; sourceTree = "<group>"; };
		8C4E97321D88ED50005A685B /* Base */ = {isa = PBXFileReference; lastKnownFileType = file.storyboard; name = Base; path = Base.lproj/LaunchScreen.storyboard; sourceTree = "<group>"; };
		8C4E97341D88ED50005A685B /* Info.plist */ = {isa = PBXFileReference; lastKnownFileType = text.plist.xml; path = Info.plist; sourceTree = "<group>"; };
		8C4E97391D88ED51005A685B /* Flag CeremonyTests.xctest */ = {isa = PBXFileReference; explicitFileType = wrapper.cfbundle; includeInIndex = 0; path = "Flag CeremonyTests.xctest"; sourceTree = BUILT_PRODUCTS_DIR; };
		8C4E973D1D88ED51005A685B /* Flag_CeremonyTests.swift */ = {isa = PBXFileReference; lastKnownFileType = sourcecode.swift; path = Flag_CeremonyTests.swift; sourceTree = "<group>"; };
		8C4E973F1D88ED51005A685B /* Info.plist */ = {isa = PBXFileReference; lastKnownFileType = text.plist.xml; path = Info.plist; sourceTree = "<group>"; };
		8C4E97441D88ED51005A685B /* Flag CeremonyUITests.xctest */ = {isa = PBXFileReference; explicitFileType = wrapper.cfbundle; includeInIndex = 0; path = "Flag CeremonyUITests.xctest"; sourceTree = BUILT_PRODUCTS_DIR; };
		8C4E97481D88ED51005A685B /* Flag_CeremonyUITests.swift */ = {isa = PBXFileReference; lastKnownFileType = sourcecode.swift; path = Flag_CeremonyUITests.swift; sourceTree = "<group>"; };
		8C4E974A1D88ED51005A685B /* Info.plist */ = {isa = PBXFileReference; lastKnownFileType = text.plist.xml; path = Info.plist; sourceTree = "<group>"; };
		8C4E97561D890900005A685B /* data */ = {isa = PBXFileReference; lastKnownFileType = folder; path = data; sourceTree = "<group>"; };
		8CBB26A21DD983BD00660EB9 /* NetworkingManager.swift */ = {isa = PBXFileReference; fileEncoding = 4; lastKnownFileType = sourcecode.swift; path = NetworkingManager.swift; sourceTree = "<group>"; };
		8CBB26A61DD983D400660EB9 /* API.swift */ = {isa = PBXFileReference; fileEncoding = 4; lastKnownFileType = sourcecode.swift; path = API.swift; sourceTree = "<group>"; };
		8CBB26AA1DD986BD00660EB9 /* Constants.swift */ = {isa = PBXFileReference; fileEncoding = 4; lastKnownFileType = sourcecode.swift; path = Constants.swift; sourceTree = "<group>"; };
		8CBB26AF1DD9883300660EB9 /* Flag Ceremony.xcdatamodel */ = {isa = PBXFileReference; lastKnownFileType = wrapper.xcdatamodel; path = "Flag Ceremony.xcdatamodel"; sourceTree = "<group>"; };
		8CC265781DDABD0C001CDCF0 /* CountryViewController.swift */ = {isa = PBXFileReference; fileEncoding = 4; lastKnownFileType = sourcecode.swift; path = CountryViewController.swift; sourceTree = "<group>"; };
		8CD36E7C1DD9A9C600C13E2A /* Capital+CoreDataClass.swift */ = {isa = PBXFileReference; fileEncoding = 4; lastKnownFileType = sourcecode.swift; path = "Capital+CoreDataClass.swift"; sourceTree = "<group>"; };
		8CD36E7D1DD9A9C600C13E2A /* Capital+CoreDataProperties.swift */ = {isa = PBXFileReference; fileEncoding = 4; lastKnownFileType = sourcecode.swift; path = "Capital+CoreDataProperties.swift"; sourceTree = "<group>"; };
		8CD36E7E1DD9A9C600C13E2A /* Country+CoreDataClass.swift */ = {isa = PBXFileReference; fileEncoding = 4; lastKnownFileType = sourcecode.swift; path = "Country+CoreDataClass.swift"; sourceTree = "<group>"; };
		8CD36E7F1DD9A9C600C13E2A /* Country+CoreDataProperties.swift */ = {isa = PBXFileReference; fileEncoding = 4; lastKnownFileType = sourcecode.swift; path = "Country+CoreDataProperties.swift"; sourceTree = "<group>"; };
		90657E9BAA631738CD2F2B77 /* Pods-Flag Ceremony.release.xcconfig */ = {isa = PBXFileReference; includeInIndex = 1; lastKnownFileType = text.xcconfig; name = "Pods-Flag Ceremony.release.xcconfig"; path = "Pods/Target Support Files/Pods-Flag Ceremony/Pods-Flag Ceremony.release.xcconfig"; sourceTree = "<group>"; };
		9868A8B48C6062188ED92EAB /* Pods_Flag_Ceremony.framework */ = {isa = PBXFileReference; explicitFileType = wrapper.framework; includeInIndex = 0; path = Pods_Flag_Ceremony.framework; sourceTree = BUILT_PRODUCTS_DIR; };
		9FE45D831215CED85056C3D9 /* Pods_Flag_CeremonyTests.framework */ = {isa = PBXFileReference; explicitFileType = wrapper.framework; includeInIndex = 0; path = Pods_Flag_CeremonyTests.framework; sourceTree = BUILT_PRODUCTS_DIR; };
		B16DD7DD6F86D87482AFA18A /* Pods-Flag CeremonyUITests.debug.xcconfig */ = {isa = PBXFileReference; includeInIndex = 1; lastKnownFileType = text.xcconfig; name = "Pods-Flag CeremonyUITests.debug.xcconfig"; path = "Pods/Target Support Files/Pods-Flag CeremonyUITests/Pods-Flag CeremonyUITests.debug.xcconfig"; sourceTree = "<group>"; };
		C455875A4C4252BB458AD7FA /* Pods-Flag Ceremony.debug.xcconfig */ = {isa = PBXFileReference; includeInIndex = 1; lastKnownFileType = text.xcconfig; name = "Pods-Flag Ceremony.debug.xcconfig"; path = "Pods/Target Support Files/Pods-Flag Ceremony/Pods-Flag Ceremony.debug.xcconfig"; sourceTree = "<group>"; };
		D779216E07AF4AA639CBFC53 /* Pods-Flag CeremonyTests.release.xcconfig */ = {isa = PBXFileReference; includeInIndex = 1; lastKnownFileType = text.xcconfig; name = "Pods-Flag CeremonyTests.release.xcconfig"; path = "Pods/Target Support Files/Pods-Flag CeremonyTests/Pods-Flag CeremonyTests.release.xcconfig"; sourceTree = "<group>"; };
		E07FC3105D9115FB8D08231C /* Pods-Flag CeremonyUITests.release.xcconfig */ = {isa = PBXFileReference; includeInIndex = 1; lastKnownFileType = text.xcconfig; name = "Pods-Flag CeremonyUITests.release.xcconfig"; path = "Pods/Target Support Files/Pods-Flag CeremonyUITests/Pods-Flag CeremonyUITests.release.xcconfig"; sourceTree = "<group>"; };
		F5148D537963A660A444EBED /* Pods_Flag_CeremonyUITests.framework */ = {isa = PBXFileReference; explicitFileType = wrapper.framework; includeInIndex = 0; path = Pods_Flag_CeremonyUITests.framework; sourceTree = BUILT_PRODUCTS_DIR; };
/* End PBXFileReference section */

/* Begin PBXFrameworksBuildPhase section */
		8C4E97221D88ED50005A685B /* Frameworks */ = {
			isa = PBXFrameworksBuildPhase;
			buildActionMask = 2147483647;
			files = (
				F0B760F70B39745DFF111613 /* Pods_Flag_Ceremony.framework in Frameworks */,
			);
			runOnlyForDeploymentPostprocessing = 0;
		};
		8C4E97361D88ED51005A685B /* Frameworks */ = {
			isa = PBXFrameworksBuildPhase;
			buildActionMask = 2147483647;
			files = (
				C0CCDEDE33B73B2FA7EBDA5D /* Pods_Flag_CeremonyTests.framework in Frameworks */,
			);
			runOnlyForDeploymentPostprocessing = 0;
		};
		8C4E97411D88ED51005A685B /* Frameworks */ = {
			isa = PBXFrameworksBuildPhase;
			buildActionMask = 2147483647;
			files = (
				E5F34C9FC682CD3EE02A504A /* Pods_Flag_CeremonyUITests.framework in Frameworks */,
			);
			runOnlyForDeploymentPostprocessing = 0;
		};
/* End PBXFrameworksBuildPhase section */

/* Begin PBXGroup section */
		18D2A2613D7A69848D481217 /* Frameworks */ = {
			isa = PBXGroup;
			children = (
				9868A8B48C6062188ED92EAB /* Pods_Flag_Ceremony.framework */,
				9FE45D831215CED85056C3D9 /* Pods_Flag_CeremonyTests.framework */,
				F5148D537963A660A444EBED /* Pods_Flag_CeremonyUITests.framework */,
			);
			name = Frameworks;
			sourceTree = "<group>";
		};
		8C4E971C1D88ED50005A685B = {
			isa = PBXGroup;
			children = (
				8C4E97271D88ED50005A685B /* Flag Ceremony */,
				8C4E973C1D88ED51005A685B /* Flag CeremonyTests */,
				8C4E97471D88ED51005A685B /* Flag CeremonyUITests */,
				8C4E97261D88ED50005A685B /* Products */,
				EDDCDD2215FEB9321392805C /* Pods */,
				18D2A2613D7A69848D481217 /* Frameworks */,
			);
			sourceTree = "<group>";
		};
		8C4E97261D88ED50005A685B /* Products */ = {
			isa = PBXGroup;
			children = (
				8C4E97251D88ED50005A685B /* Flag Ceremony.app */,
				8C4E97391D88ED51005A685B /* Flag CeremonyTests.xctest */,
				8C4E97441D88ED51005A685B /* Flag CeremonyUITests.xctest */,
			);
			name = Products;
			sourceTree = "<group>";
		};
		8C4E97271D88ED50005A685B /* Flag Ceremony */ = {
			isa = PBXGroup;
			children = (
				8C4E97281D88ED50005A685B /* AppDelegate.swift */,
				8C4E972F1D88ED50005A685B /* Assets.xcassets */,
				8CBB26AA1DD986BD00660EB9 /* Constants.swift */,
				8C4E975A1D89151D005A685B /* Controller */,
				8C4E97561D890900005A685B /* data */,
				8C4E97341D88ED50005A685B /* Info.plist */,
				8C4E97581D891511005A685B /* Model */,
				8C4E975B1D891525005A685B /* Utilities */,
				8C4E97591D891518005A685B /* View */,
			);
			path = "Flag Ceremony";
			sourceTree = "<group>";
		};
		8C4E973C1D88ED51005A685B /* Flag CeremonyTests */ = {
			isa = PBXGroup;
			children = (
				8C4E973D1D88ED51005A685B /* Flag_CeremonyTests.swift */,
				8C4E973F1D88ED51005A685B /* Info.plist */,
			);
			path = "Flag CeremonyTests";
			sourceTree = "<group>";
		};
		8C4E97471D88ED51005A685B /* Flag CeremonyUITests */ = {
			isa = PBXGroup;
			children = (
				8C4E97481D88ED51005A685B /* Flag_CeremonyUITests.swift */,
				8C4E974A1D88ED51005A685B /* Info.plist */,
			);
			path = "Flag CeremonyUITests";
			sourceTree = "<group>";
		};
		8C4E97581D891511005A685B /* Model */ = {
			isa = PBXGroup;
			children = (
				8CD36E7C1DD9A9C600C13E2A /* Capital+CoreDataClass.swift */,
				8CD36E7D1DD9A9C600C13E2A /* Capital+CoreDataProperties.swift */,
				8CD36E7E1DD9A9C600C13E2A /* Country+CoreDataClass.swift */,
				8CD36E7F1DD9A9C600C13E2A /* Country+CoreDataProperties.swift */,
				8CBB26AE1DD9883300660EB9 /* Flag Ceremony.xcdatamodeld */,
			);
			name = Model;
			sourceTree = "<group>";
		};
		8C4E97591D891518005A685B /* View */ = {
			isa = PBXGroup;
			children = (
				8C4E972C1D88ED50005A685B /* Main.storyboard */,
				8C4E97311D88ED50005A685B /* LaunchScreen.storyboard */,
			);
			name = View;
			sourceTree = "<group>";
		};
		8C4E975A1D89151D005A685B /* Controller */ = {
			isa = PBXGroup;
			children = (
				8CC265781DDABD0C001CDCF0 /* CountryViewController.swift */,
				8C0296771D8A7B2400BE8C02 /* DismissableViewController.swift */,
				8C02966F1D8A471000BE8C02 /* GlobeViewController.swift */,
				8C02966B1D8A46FD00BE8C02 /* MapViewController.swift */,
			);
			name = Controller;
			sourceTree = "<group>";
		};
		8C4E975B1D891525005A685B /* Utilities */ = {
			isa = PBXGroup;
			children = (
				8CBB26A61DD983D400660EB9 /* API.swift */,
				8CBB26A21DD983BD00660EB9 /* NetworkingManager.swift */,
			);
			name = Utilities;
			sourceTree = "<group>";
		};
		EDDCDD2215FEB9321392805C /* Pods */ = {
			isa = PBXGroup;
			children = (
				C455875A4C4252BB458AD7FA /* Pods-Flag Ceremony.debug.xcconfig */,
				90657E9BAA631738CD2F2B77 /* Pods-Flag Ceremony.release.xcconfig */,
				7CFE490719178C95D5EC68B8 /* Pods-Flag CeremonyTests.debug.xcconfig */,
				D779216E07AF4AA639CBFC53 /* Pods-Flag CeremonyTests.release.xcconfig */,
				B16DD7DD6F86D87482AFA18A /* Pods-Flag CeremonyUITests.debug.xcconfig */,
				E07FC3105D9115FB8D08231C /* Pods-Flag CeremonyUITests.release.xcconfig */,
			);
			name = Pods;
			sourceTree = "<group>";
		};
/* End PBXGroup section */

/* Begin PBXNativeTarget section */
		8C4E97241D88ED50005A685B /* Flag Ceremony */ = {
			isa = PBXNativeTarget;
			buildConfigurationList = 8C4E974D1D88ED51005A685B /* Build configuration list for PBXNativeTarget "Flag Ceremony" */;
			buildPhases = (
				FCB0B3CCF34651E7510A995F /* [CP] Check Pods Manifest.lock */,
				8C4E97211D88ED50005A685B /* Sources */,
				8C4E97221D88ED50005A685B /* Frameworks */,
				8C4E97231D88ED50005A685B /* Resources */,
				5D9B6BD7ECB191C0B9742C46 /* [CP] Embed Pods Frameworks */,
				D939999DF932E73ECB7D9041 /* [CP] Copy Pods Resources */,
				8C9D21311DD9789A007ECD1A /* Crashlytics */,
			);
			buildRules = (
			);
			dependencies = (
			);
			name = "Flag Ceremony";
			productName = "Flag Ceremony";
			productReference = 8C4E97251D88ED50005A685B /* Flag Ceremony.app */;
			productType = "com.apple.product-type.application";
		};
		8C4E97381D88ED51005A685B /* Flag CeremonyTests */ = {
			isa = PBXNativeTarget;
			buildConfigurationList = 8C4E97501D88ED51005A685B /* Build configuration list for PBXNativeTarget "Flag CeremonyTests" */;
			buildPhases = (
				0D316FF8221044AE4DD28763 /* [CP] Check Pods Manifest.lock */,
				8C4E97351D88ED51005A685B /* Sources */,
				8C4E97361D88ED51005A685B /* Frameworks */,
				8C4E97371D88ED51005A685B /* Resources */,
				8A914A6D7FD5B541FD6AC7D5 /* [CP] Embed Pods Frameworks */,
				A6EB35C66274591E70B4A341 /* [CP] Copy Pods Resources */,
			);
			buildRules = (
			);
			dependencies = (
				8C4E973B1D88ED51005A685B /* PBXTargetDependency */,
			);
			name = "Flag CeremonyTests";
			productName = "Flag CeremonyTests";
			productReference = 8C4E97391D88ED51005A685B /* Flag CeremonyTests.xctest */;
			productType = "com.apple.product-type.bundle.unit-test";
		};
		8C4E97431D88ED51005A685B /* Flag CeremonyUITests */ = {
			isa = PBXNativeTarget;
			buildConfigurationList = 8C4E97531D88ED51005A685B /* Build configuration list for PBXNativeTarget "Flag CeremonyUITests" */;
			buildPhases = (
				6C9322AD422675194AECB4D3 /* [CP] Check Pods Manifest.lock */,
				8C4E97401D88ED51005A685B /* Sources */,
				8C4E97411D88ED51005A685B /* Frameworks */,
				8C4E97421D88ED51005A685B /* Resources */,
				277F47F927DB0D47D949B72C /* [CP] Embed Pods Frameworks */,
				4102DAF38E20482E831E192A /* [CP] Copy Pods Resources */,
			);
			buildRules = (
			);
			dependencies = (
				8C4E97461D88ED51005A685B /* PBXTargetDependency */,
			);
			name = "Flag CeremonyUITests";
			productName = "Flag CeremonyUITests";
			productReference = 8C4E97441D88ED51005A685B /* Flag CeremonyUITests.xctest */;
			productType = "com.apple.product-type.bundle.ui-testing";
		};
/* End PBXNativeTarget section */

/* Begin PBXProject section */
		8C4E971D1D88ED50005A685B /* Project object */ = {
			isa = PBXProject;
			attributes = {
				LastSwiftUpdateCheck = 0730;
				LastUpgradeCheck = 0730;
				ORGANIZATIONNAME = "Jovit Royeca";
				TargetAttributes = {
					8C4E97241D88ED50005A685B = {
						CreatedOnToolsVersion = 7.3;
						DevelopmentTeam = 43CD66539H;
						LastSwiftMigration = 0810;
					};
					8C4E97381D88ED51005A685B = {
						CreatedOnToolsVersion = 7.3;
						DevelopmentTeam = 43CD66539H;
						LastSwiftMigration = 0810;
						TestTargetID = 8C4E97241D88ED50005A685B;
					};
					8C4E97431D88ED51005A685B = {
						CreatedOnToolsVersion = 7.3;
						DevelopmentTeam = 43CD66539H;
						LastSwiftMigration = 0810;
						TestTargetID = 8C4E97241D88ED50005A685B;
					};
				};
			};
			buildConfigurationList = 8C4E97201D88ED50005A685B /* Build configuration list for PBXProject "Flag Ceremony" */;
			compatibilityVersion = "Xcode 3.2";
			developmentRegion = English;
			hasScannedForEncodings = 0;
			knownRegions = (
				en,
				Base,
			);
			mainGroup = 8C4E971C1D88ED50005A685B;
			productRefGroup = 8C4E97261D88ED50005A685B /* Products */;
			projectDirPath = "";
			projectRoot = "";
			targets = (
				8C4E97241D88ED50005A685B /* Flag Ceremony */,
				8C4E97381D88ED51005A685B /* Flag CeremonyTests */,
				8C4E97431D88ED51005A685B /* Flag CeremonyUITests */,
			);
		};
/* End PBXProject section */

/* Begin PBXResourcesBuildPhase section */
		8C4E97231D88ED50005A685B /* Resources */ = {
			isa = PBXResourcesBuildPhase;
			buildActionMask = 2147483647;
			files = (
				8C4E97331D88ED50005A685B /* LaunchScreen.storyboard in Resources */,
				8C4E97301D88ED50005A685B /* Assets.xcassets in Resources */,
				8C4E97571D890900005A685B /* data in Resources */,
				8C4E972E1D88ED50005A685B /* Main.storyboard in Resources */,
			);
			runOnlyForDeploymentPostprocessing = 0;
		};
		8C4E97371D88ED51005A685B /* Resources */ = {
			isa = PBXResourcesBuildPhase;
			buildActionMask = 2147483647;
			files = (
			);
			runOnlyForDeploymentPostprocessing = 0;
		};
		8C4E97421D88ED51005A685B /* Resources */ = {
			isa = PBXResourcesBuildPhase;
			buildActionMask = 2147483647;
			files = (
			);
			runOnlyForDeploymentPostprocessing = 0;
		};
/* End PBXResourcesBuildPhase section */

/* Begin PBXShellScriptBuildPhase section */
		0D316FF8221044AE4DD28763 /* [CP] Check Pods Manifest.lock */ = {
			isa = PBXShellScriptBuildPhase;
			buildActionMask = 2147483647;
			files = (
			);
			inputPaths = (
			);
			name = "[CP] Check Pods Manifest.lock";
			outputPaths = (
			);
			runOnlyForDeploymentPostprocessing = 0;
			shellPath = /bin/sh;
			shellScript = "diff \"${PODS_ROOT}/../Podfile.lock\" \"${PODS_ROOT}/Manifest.lock\" > /dev/null\nif [ $? != 0 ] ; then\n    # print error to STDERR\n    echo \"error: The sandbox is not in sync with the Podfile.lock. Run 'pod install' or update your CocoaPods installation.\" >&2\n    exit 1\nfi\n";
			showEnvVarsInLog = 0;
		};
		277F47F927DB0D47D949B72C /* [CP] Embed Pods Frameworks */ = {
			isa = PBXShellScriptBuildPhase;
			buildActionMask = 2147483647;
			files = (
			);
			inputPaths = (
			);
			name = "[CP] Embed Pods Frameworks";
			outputPaths = (
			);
			runOnlyForDeploymentPostprocessing = 0;
			shellPath = /bin/sh;
			shellScript = "\"${SRCROOT}/Pods/Target Support Files/Pods-Flag CeremonyUITests/Pods-Flag CeremonyUITests-frameworks.sh\"\n";
			showEnvVarsInLog = 0;
		};
		4102DAF38E20482E831E192A /* [CP] Copy Pods Resources */ = {
			isa = PBXShellScriptBuildPhase;
			buildActionMask = 2147483647;
			files = (
			);
			inputPaths = (
			);
			name = "[CP] Copy Pods Resources";
			outputPaths = (
			);
			runOnlyForDeploymentPostprocessing = 0;
			shellPath = /bin/sh;
			shellScript = "\"${SRCROOT}/Pods/Target Support Files/Pods-Flag CeremonyUITests/Pods-Flag CeremonyUITests-resources.sh\"\n";
			showEnvVarsInLog = 0;
		};
		5D9B6BD7ECB191C0B9742C46 /* [CP] Embed Pods Frameworks */ = {
			isa = PBXShellScriptBuildPhase;
			buildActionMask = 2147483647;
			files = (
			);
			inputPaths = (
			);
			name = "[CP] Embed Pods Frameworks";
			outputPaths = (
			);
			runOnlyForDeploymentPostprocessing = 0;
			shellPath = /bin/sh;
			shellScript = "\"${SRCROOT}/Pods/Target Support Files/Pods-Flag Ceremony/Pods-Flag Ceremony-frameworks.sh\"\n";
			showEnvVarsInLog = 0;
		};
		6C9322AD422675194AECB4D3 /* [CP] Check Pods Manifest.lock */ = {
			isa = PBXShellScriptBuildPhase;
			buildActionMask = 2147483647;
			files = (
			);
			inputPaths = (
			);
			name = "[CP] Check Pods Manifest.lock";
			outputPaths = (
			);
			runOnlyForDeploymentPostprocessing = 0;
			shellPath = /bin/sh;
			shellScript = "diff \"${PODS_ROOT}/../Podfile.lock\" \"${PODS_ROOT}/Manifest.lock\" > /dev/null\nif [ $? != 0 ] ; then\n    # print error to STDERR\n    echo \"error: The sandbox is not in sync with the Podfile.lock. Run 'pod install' or update your CocoaPods installation.\" >&2\n    exit 1\nfi\n";
			showEnvVarsInLog = 0;
		};
		8A914A6D7FD5B541FD6AC7D5 /* [CP] Embed Pods Frameworks */ = {
			isa = PBXShellScriptBuildPhase;
			buildActionMask = 2147483647;
			files = (
			);
			inputPaths = (
			);
			name = "[CP] Embed Pods Frameworks";
			outputPaths = (
			);
			runOnlyForDeploymentPostprocessing = 0;
			shellPath = /bin/sh;
			shellScript = "\"${SRCROOT}/Pods/Target Support Files/Pods-Flag CeremonyTests/Pods-Flag CeremonyTests-frameworks.sh\"\n";
			showEnvVarsInLog = 0;
		};
		8C9D21311DD9789A007ECD1A /* Crashlytics */ = {
			isa = PBXShellScriptBuildPhase;
			buildActionMask = 2147483647;
			files = (
			);
			inputPaths = (
			);
			name = Crashlytics;
			outputPaths = (
			);
			runOnlyForDeploymentPostprocessing = 0;
			shellPath = /bin/sh;
			shellScript = "\"${PODS_ROOT}/Fabric/run\" 114b3dd82452ec2f4024140ec862698d331b8f3f e633393678a7e8c4f2e8be609515f7ad0ff6dd85c474c001fea74fde0273c2e4";
		};
		A6EB35C66274591E70B4A341 /* [CP] Copy Pods Resources */ = {
			isa = PBXShellScriptBuildPhase;
			buildActionMask = 2147483647;
			files = (
			);
			inputPaths = (
			);
			name = "[CP] Copy Pods Resources";
			outputPaths = (
			);
			runOnlyForDeploymentPostprocessing = 0;
			shellPath = /bin/sh;
			shellScript = "\"${SRCROOT}/Pods/Target Support Files/Pods-Flag CeremonyTests/Pods-Flag CeremonyTests-resources.sh\"\n";
			showEnvVarsInLog = 0;
		};
		D939999DF932E73ECB7D9041 /* [CP] Copy Pods Resources */ = {
			isa = PBXShellScriptBuildPhase;
			buildActionMask = 2147483647;
			files = (
			);
			inputPaths = (
			);
			name = "[CP] Copy Pods Resources";
			outputPaths = (
			);
			runOnlyForDeploymentPostprocessing = 0;
			shellPath = /bin/sh;
			shellScript = "\"${SRCROOT}/Pods/Target Support Files/Pods-Flag Ceremony/Pods-Flag Ceremony-resources.sh\"\n";
			showEnvVarsInLog = 0;
		};
		FCB0B3CCF34651E7510A995F /* [CP] Check Pods Manifest.lock */ = {
			isa = PBXShellScriptBuildPhase;
			buildActionMask = 2147483647;
			files = (
			);
			inputPaths = (
			);
			name = "[CP] Check Pods Manifest.lock";
			outputPaths = (
			);
			runOnlyForDeploymentPostprocessing = 0;
			shellPath = /bin/sh;
			shellScript = "diff \"${PODS_ROOT}/../Podfile.lock\" \"${PODS_ROOT}/Manifest.lock\" > /dev/null\nif [ $? != 0 ] ; then\n    # print error to STDERR\n    echo \"error: The sandbox is not in sync with the Podfile.lock. Run 'pod install' or update your CocoaPods installation.\" >&2\n    exit 1\nfi\n";
			showEnvVarsInLog = 0;
		};
/* End PBXShellScriptBuildPhase section */

/* Begin PBXSourcesBuildPhase section */
		8C4E97211D88ED50005A685B /* Sources */ = {
			isa = PBXSourcesBuildPhase;
			buildActionMask = 2147483647;
			files = (
				8C0296781D8A7B2400BE8C02 /* DismissableViewController.swift in Sources */,
				8CBB26B01DD9883300660EB9 /* Flag Ceremony.xcdatamodeld in Sources */,
				8CD36E8D1DD9A9C600C13E2A /* Country+CoreDataProperties.swift in Sources */,
				8CD36E8A1DD9A9C600C13E2A /* Country+CoreDataClass.swift in Sources */,
				8C02966C1D8A46FD00BE8C02 /* MapViewController.swift in Sources */,
				8CD36E841DD9A9C600C13E2A /* Capital+CoreDataClass.swift in Sources */,
				8C0296701D8A471000BE8C02 /* GlobeViewController.swift in Sources */,
				8C4E97291D88ED50005A685B /* AppDelegate.swift in Sources */,
				8CBB26A71DD983D400660EB9 /* API.swift in Sources */,
				8CD36E871DD9A9C600C13E2A /* Capital+CoreDataProperties.swift in Sources */,
				8CBB26A31DD983BD00660EB9 /* NetworkingManager.swift in Sources */,
				8CBB26AB1DD986BD00660EB9 /* Constants.swift in Sources */,
				8CC265791DDABD0C001CDCF0 /* CountryViewController.swift in Sources */,
			);
			runOnlyForDeploymentPostprocessing = 0;
		};
		8C4E97351D88ED51005A685B /* Sources */ = {
			isa = PBXSourcesBuildPhase;
			buildActionMask = 2147483647;
			files = (
				8C0296711D8A471000BE8C02 /* GlobeViewController.swift in Sources */,
				8C0296791D8A7B2400BE8C02 /* DismissableViewController.swift in Sources */,
				8CD36E8E1DD9A9C600C13E2A /* Country+CoreDataProperties.swift in Sources */,
				8CD36E8B1DD9A9C600C13E2A /* Country+CoreDataClass.swift in Sources */,
				8C4E973E1D88ED51005A685B /* Flag_CeremonyTests.swift in Sources */,
				8CBB26A41DD983BD00660EB9 /* NetworkingManager.swift in Sources */,
				8CD36E851DD9A9C600C13E2A /* Capital+CoreDataClass.swift in Sources */,
				8C02966D1D8A46FD00BE8C02 /* MapViewController.swift in Sources */,
				8CBB26A81DD983D400660EB9 /* API.swift in Sources */,
				8CD36E881DD9A9C600C13E2A /* Capital+CoreDataProperties.swift in Sources */,
				8CBB26AC1DD986BD00660EB9 /* Constants.swift in Sources */,
				8CBB26B11DD9883300660EB9 /* Flag Ceremony.xcdatamodeld in Sources */,
				8CC2657A1DDABD0C001CDCF0 /* CountryViewController.swift in Sources */,
			);
			runOnlyForDeploymentPostprocessing = 0;
		};
		8C4E97401D88ED51005A685B /* Sources */ = {
			isa = PBXSourcesBuildPhase;
			buildActionMask = 2147483647;
			files = (
				8C0296721D8A471000BE8C02 /* GlobeViewController.swift in Sources */,
				8C02967A1D8A7B2400BE8C02 /* DismissableViewController.swift in Sources */,
				8CD36E8F1DD9A9C600C13E2A /* Country+CoreDataProperties.swift in Sources */,
				8CD36E8C1DD9A9C600C13E2A /* Country+CoreDataClass.swift in Sources */,
				8C4E97491D88ED51005A685B /* Flag_CeremonyUITests.swift in Sources */,
				8CBB26A51DD983BD00660EB9 /* NetworkingManager.swift in Sources */,
				8CD36E861DD9A9C600C13E2A /* Capital+CoreDataClass.swift in Sources */,
				8C02966E1D8A46FD00BE8C02 /* MapViewController.swift in Sources */,
				8CBB26A91DD983D400660EB9 /* API.swift in Sources */,
				8CD36E891DD9A9C600C13E2A /* Capital+CoreDataProperties.swift in Sources */,
				8CBB26AD1DD986BD00660EB9 /* Constants.swift in Sources */,
				8CBB26B21DD9883300660EB9 /* Flag Ceremony.xcdatamodeld in Sources */,
				8CC2657B1DDABD0C001CDCF0 /* CountryViewController.swift in Sources */,
			);
			runOnlyForDeploymentPostprocessing = 0;
		};
/* End PBXSourcesBuildPhase section */

/* Begin PBXTargetDependency section */
		8C4E973B1D88ED51005A685B /* PBXTargetDependency */ = {
			isa = PBXTargetDependency;
			target = 8C4E97241D88ED50005A685B /* Flag Ceremony */;
			targetProxy = 8C4E973A1D88ED51005A685B /* PBXContainerItemProxy */;
		};
		8C4E97461D88ED51005A685B /* PBXTargetDependency */ = {
			isa = PBXTargetDependency;
			target = 8C4E97241D88ED50005A685B /* Flag Ceremony */;
			targetProxy = 8C4E97451D88ED51005A685B /* PBXContainerItemProxy */;
		};
/* End PBXTargetDependency section */

/* Begin PBXVariantGroup section */
		8C4E972C1D88ED50005A685B /* Main.storyboard */ = {
			isa = PBXVariantGroup;
			children = (
				8C4E972D1D88ED50005A685B /* Base */,
			);
			name = Main.storyboard;
			sourceTree = "<group>";
		};
		8C4E97311D88ED50005A685B /* LaunchScreen.storyboard */ = {
			isa = PBXVariantGroup;
			children = (
				8C4E97321D88ED50005A685B /* Base */,
			);
			name = LaunchScreen.storyboard;
			sourceTree = "<group>";
		};
/* End PBXVariantGroup section */

/* Begin XCBuildConfiguration section */
		8C4E974B1D88ED51005A685B /* Debug */ = {
			isa = XCBuildConfiguration;
			buildSettings = {
				ALWAYS_SEARCH_USER_PATHS = NO;
				CLANG_ANALYZER_NONNULL = YES;
				CLANG_CXX_LANGUAGE_STANDARD = "gnu++0x";
				CLANG_CXX_LIBRARY = "libc++";
				CLANG_ENABLE_MODULES = YES;
				CLANG_ENABLE_OBJC_ARC = YES;
				CLANG_WARN_BOOL_CONVERSION = YES;
				CLANG_WARN_CONSTANT_CONVERSION = YES;
				CLANG_WARN_DIRECT_OBJC_ISA_USAGE = YES_ERROR;
				CLANG_WARN_EMPTY_BODY = YES;
				CLANG_WARN_ENUM_CONVERSION = YES;
				CLANG_WARN_INT_CONVERSION = YES;
				CLANG_WARN_OBJC_ROOT_CLASS = YES_ERROR;
				CLANG_WARN_UNREACHABLE_CODE = YES;
				CLANG_WARN__DUPLICATE_METHOD_MATCH = YES;
				"CODE_SIGN_IDENTITY[sdk=iphoneos*]" = "iPhone Developer";
				COPY_PHASE_STRIP = NO;
				DEBUG_INFORMATION_FORMAT = dwarf;
				ENABLE_STRICT_OBJC_MSGSEND = YES;
				ENABLE_TESTABILITY = YES;
				GCC_C_LANGUAGE_STANDARD = gnu99;
				GCC_DYNAMIC_NO_PIC = NO;
				GCC_NO_COMMON_BLOCKS = YES;
				GCC_OPTIMIZATION_LEVEL = 0;
				GCC_PREPROCESSOR_DEFINITIONS = (
					"DEBUG=1",
					"$(inherited)",
				);
				GCC_WARN_64_TO_32_BIT_CONVERSION = YES;
				GCC_WARN_ABOUT_RETURN_TYPE = YES_ERROR;
				GCC_WARN_UNDECLARED_SELECTOR = YES;
				GCC_WARN_UNINITIALIZED_AUTOS = YES_AGGRESSIVE;
				GCC_WARN_UNUSED_FUNCTION = YES;
				GCC_WARN_UNUSED_VARIABLE = YES;
				IPHONEOS_DEPLOYMENT_TARGET = 9.3;
				MTL_ENABLE_DEBUG_INFO = YES;
				ONLY_ACTIVE_ARCH = YES;
				SDKROOT = iphoneos;
				SWIFT_OPTIMIZATION_LEVEL = "-Onone";
				TARGETED_DEVICE_FAMILY = "1,2";
			};
			name = Debug;
		};
		8C4E974C1D88ED51005A685B /* Release */ = {
			isa = XCBuildConfiguration;
			buildSettings = {
				ALWAYS_SEARCH_USER_PATHS = NO;
				CLANG_ANALYZER_NONNULL = YES;
				CLANG_CXX_LANGUAGE_STANDARD = "gnu++0x";
				CLANG_CXX_LIBRARY = "libc++";
				CLANG_ENABLE_MODULES = YES;
				CLANG_ENABLE_OBJC_ARC = YES;
				CLANG_WARN_BOOL_CONVERSION = YES;
				CLANG_WARN_CONSTANT_CONVERSION = YES;
				CLANG_WARN_DIRECT_OBJC_ISA_USAGE = YES_ERROR;
				CLANG_WARN_EMPTY_BODY = YES;
				CLANG_WARN_ENUM_CONVERSION = YES;
				CLANG_WARN_INT_CONVERSION = YES;
				CLANG_WARN_OBJC_ROOT_CLASS = YES_ERROR;
				CLANG_WARN_UNREACHABLE_CODE = YES;
				CLANG_WARN__DUPLICATE_METHOD_MATCH = YES;
				"CODE_SIGN_IDENTITY[sdk=iphoneos*]" = "iPhone Developer";
				COPY_PHASE_STRIP = NO;
				DEBUG_INFORMATION_FORMAT = "dwarf-with-dsym";
				ENABLE_NS_ASSERTIONS = NO;
				ENABLE_STRICT_OBJC_MSGSEND = YES;
				GCC_C_LANGUAGE_STANDARD = gnu99;
				GCC_NO_COMMON_BLOCKS = YES;
				GCC_WARN_64_TO_32_BIT_CONVERSION = YES;
				GCC_WARN_ABOUT_RETURN_TYPE = YES_ERROR;
				GCC_WARN_UNDECLARED_SELECTOR = YES;
				GCC_WARN_UNINITIALIZED_AUTOS = YES_AGGRESSIVE;
				GCC_WARN_UNUSED_FUNCTION = YES;
				GCC_WARN_UNUSED_VARIABLE = YES;
				IPHONEOS_DEPLOYMENT_TARGET = 9.3;
				MTL_ENABLE_DEBUG_INFO = NO;
				SDKROOT = iphoneos;
				TARGETED_DEVICE_FAMILY = "1,2";
				VALIDATE_PRODUCT = YES;
			};
			name = Release;
		};
		8C4E974E1D88ED51005A685B /* Debug */ = {
			isa = XCBuildConfiguration;
			baseConfigurationReference = C455875A4C4252BB458AD7FA /* Pods-Flag Ceremony.debug.xcconfig */;
			buildSettings = {
				ASSETCATALOG_COMPILER_APPICON_NAME = AppIcon;
				DEVELOPMENT_TEAM = 43CD66539H;
				INFOPLIST_FILE = "Flag Ceremony/Info.plist";
				LD_RUNPATH_SEARCH_PATHS = "$(inherited) @executable_path/Frameworks";
				PRODUCT_BUNDLE_IDENTIFIER = "com.jovitoroyeca.Flag-Ceremony";
				PRODUCT_NAME = "$(TARGET_NAME)";
				SWIFT_VERSION = 3.0;
			};
			name = Debug;
		};
		8C4E974F1D88ED51005A685B /* Release */ = {
			isa = XCBuildConfiguration;
			baseConfigurationReference = 90657E9BAA631738CD2F2B77 /* Pods-Flag Ceremony.release.xcconfig */;
			buildSettings = {
				ASSETCATALOG_COMPILER_APPICON_NAME = AppIcon;
				DEVELOPMENT_TEAM = 43CD66539H;
				INFOPLIST_FILE = "Flag Ceremony/Info.plist";
				LD_RUNPATH_SEARCH_PATHS = "$(inherited) @executable_path/Frameworks";
				PRODUCT_BUNDLE_IDENTIFIER = "com.jovitoroyeca.Flag-Ceremony";
				PRODUCT_NAME = "$(TARGET_NAME)";
				SWIFT_VERSION = 3.0;
			};
			name = Release;
		};
		8C4E97511D88ED51005A685B /* Debug */ = {
			isa = XCBuildConfiguration;
			baseConfigurationReference = 7CFE490719178C95D5EC68B8 /* Pods-Flag CeremonyTests.debug.xcconfig */;
			buildSettings = {
				BUNDLE_LOADER = "$(TEST_HOST)";
				DEVELOPMENT_TEAM = 43CD66539H;
				INFOPLIST_FILE = "Flag CeremonyTests/Info.plist";
				LD_RUNPATH_SEARCH_PATHS = "$(inherited) @executable_path/Frameworks @loader_path/Frameworks";
				PRODUCT_BUNDLE_IDENTIFIER = "com.jovitoroyeca.Flag-CeremonyTests";
				PRODUCT_NAME = "$(TARGET_NAME)";
				SWIFT_VERSION = 3.0;
				TEST_HOST = "$(BUILT_PRODUCTS_DIR)/Flag Ceremony.app/Flag Ceremony";
			};
			name = Debug;
		};
		8C4E97521D88ED51005A685B /* Release */ = {
			isa = XCBuildConfiguration;
			baseConfigurationReference = D779216E07AF4AA639CBFC53 /* Pods-Flag CeremonyTests.release.xcconfig */;
			buildSettings = {
				BUNDLE_LOADER = "$(TEST_HOST)";
				DEVELOPMENT_TEAM = 43CD66539H;
				INFOPLIST_FILE = "Flag CeremonyTests/Info.plist";
				LD_RUNPATH_SEARCH_PATHS = "$(inherited) @executable_path/Frameworks @loader_path/Frameworks";
				PRODUCT_BUNDLE_IDENTIFIER = "com.jovitoroyeca.Flag-CeremonyTests";
				PRODUCT_NAME = "$(TARGET_NAME)";
				SWIFT_VERSION = 3.0;
				TEST_HOST = "$(BUILT_PRODUCTS_DIR)/Flag Ceremony.app/Flag Ceremony";
			};
			name = Release;
		};
		8C4E97541D88ED51005A685B /* Debug */ = {
			isa = XCBuildConfiguration;
			baseConfigurationReference = B16DD7DD6F86D87482AFA18A /* Pods-Flag CeremonyUITests.debug.xcconfig */;
			buildSettings = {
				DEVELOPMENT_TEAM = 43CD66539H;
				INFOPLIST_FILE = "Flag CeremonyUITests/Info.plist";
				LD_RUNPATH_SEARCH_PATHS = "$(inherited) @executable_path/Frameworks @loader_path/Frameworks";
				PRODUCT_BUNDLE_IDENTIFIER = "com.jovitoroyeca.Flag-CeremonyUITests";
				PRODUCT_NAME = "$(TARGET_NAME)";
				SWIFT_VERSION = 3.0;
				TEST_TARGET_NAME = "Flag Ceremony";
			};
			name = Debug;
		};
		8C4E97551D88ED51005A685B /* Release */ = {
			isa = XCBuildConfiguration;
			baseConfigurationReference = E07FC3105D9115FB8D08231C /* Pods-Flag CeremonyUITests.release.xcconfig */;
			buildSettings = {
				DEVELOPMENT_TEAM = 43CD66539H;
				INFOPLIST_FILE = "Flag CeremonyUITests/Info.plist";
				LD_RUNPATH_SEARCH_PATHS = "$(inherited) @executable_path/Frameworks @loader_path/Frameworks";
				PRODUCT_BUNDLE_IDENTIFIER = "com.jovitoroyeca.Flag-CeremonyUITests";
				PRODUCT_NAME = "$(TARGET_NAME)";
				SWIFT_VERSION = 3.0;
				TEST_TARGET_NAME = "Flag Ceremony";
			};
			name = Release;
		};
/* End XCBuildConfiguration section */

/* Begin XCConfigurationList section */
		8C4E97201D88ED50005A685B /* Build configuration list for PBXProject "Flag Ceremony" */ = {
			isa = XCConfigurationList;
			buildConfigurations = (
				8C4E974B1D88ED51005A685B /* Debug */,
				8C4E974C1D88ED51005A685B /* Release */,
			);
			defaultConfigurationIsVisible = 0;
			defaultConfigurationName = Release;
		};
		8C4E974D1D88ED51005A685B /* Build configuration list for PBXNativeTarget "Flag Ceremony" */ = {
			isa = XCConfigurationList;
			buildConfigurations = (
				8C4E974E1D88ED51005A685B /* Debug */,
				8C4E974F1D88ED51005A685B /* Release */,
			);
			defaultConfigurationIsVisible = 0;
			defaultConfigurationName = Release;
		};
		8C4E97501D88ED51005A685B /* Build configuration list for PBXNativeTarget "Flag CeremonyTests" */ = {
			isa = XCConfigurationList;
			buildConfigurations = (
				8C4E97511D88ED51005A685B /* Debug */,
				8C4E97521D88ED51005A685B /* Release */,
			);
			defaultConfigurationIsVisible = 0;
			defaultConfigurationName = Release;
		};
		8C4E97531D88ED51005A685B /* Build configuration list for PBXNativeTarget "Flag CeremonyUITests" */ = {
			isa = XCConfigurationList;
			buildConfigurations = (
				8C4E97541D88ED51005A685B /* Debug */,
				8C4E97551D88ED51005A685B /* Release */,
			);
			defaultConfigurationIsVisible = 0;
			defaultConfigurationName = Release;
		};
/* End XCConfigurationList section */

/* Begin XCVersionGroup section */
		8CBB26AE1DD9883300660EB9 /* Flag Ceremony.xcdatamodeld */ = {
			isa = XCVersionGroup;
			children = (
				8CBB26AF1DD9883300660EB9 /* Flag Ceremony.xcdatamodel */,
			);
			currentVersion = 8CBB26AF1DD9883300660EB9 /* Flag Ceremony.xcdatamodel */;
			path = "Flag Ceremony.xcdatamodeld";
			sourceTree = "<group>";
			versionGroupType = wrapper.xcdatamodel;
		};
/* End XCVersionGroup section */
	};
	rootObject = 8C4E971D1D88ED50005A685B /* Project object */;
}
